
Microsoft Visual Studio Solution File, Format Version 12.00
# Visual Studio Version 18
VisualStudioVersion = 18.3.11312.210 d18.3
MinimumVisualStudioVersion = 10.0.40219.1
Project("{2150E333-8FDC-42A3-9474-1A3956D46DE8}") = "CQL Packaging CLI", "CQL Packaging CLI", "{1EC1DF53-3CF7-735E-2D8A-85578D39AC51}"
EndProject
Project("{FAE04EC0-301F-11D3-BF4B-00C04F79EFBC}") = "PackagerCLI", "Cql\PackagerCLI\PackagerCLI.csproj", "{663CB001-B87C-015D-635E-3154910B8A56}"
EndProject
Project("{2150E333-8FDC-42A3-9474-1A3956D46DE8}") = "CQL SDK", "CQL SDK", "{B9CCC047-BAFF-7374-80DF-FA2C1F6EFB01}"
	ProjectSection(SolutionItems) = preProject
		.editorconfig = .editorconfig
		cql-sdk.props = cql-sdk.props
	EndProjectSection
EndProject
Project("{FAE04EC0-301F-11D3-BF4B-00C04F79EFBC}") = "Cql", "Cql\Cql\Cql.csproj", "{70CAF0F5-2466-B831-ED1D-FAE859DCDB50}"
EndProject
Project("{2150E333-8FDC-42A3-9474-1A3956D46DE8}") = "00 Runtime", "00 Runtime", "{838C85FF-E09A-F144-5D6E-6C7F70E5FE89}"
EndProject
Project("{FAE04EC0-301F-11D3-BF4B-00C04F79EFBC}") = "Cql.Abstractions", "Cql\Cql.Abstractions\Cql.Abstractions.csproj", "{A516FA04-81EF-38D1-9068-3318F31B6B8F}"
EndProject
Project("{FAE04EC0-301F-11D3-BF4B-00C04F79EFBC}") = "Cql.Runtime", "Cql\Cql.Runtime\Cql.Runtime.csproj", "{66A68A8A-F740-45E0-62F8-C9CF4F1FEFB6}"
EndProject
Project("{FAE04EC0-301F-11D3-BF4B-00C04F79EFBC}") = "Iso8601", "Cql\Iso8601\Iso8601.csproj", "{A72ED614-8C3F-DEAE-33A6-BC91B9B0284B}"
EndProject
Project("{2150E333-8FDC-42A3-9474-1A3956D46DE8}") = "10 Model", "10 Model", "{4BB84A27-D3A1-EABE-4285-177D365A894B}"
EndProject
Project("{FAE04EC0-301F-11D3-BF4B-00C04F79EFBC}") = "Cql.Firely", "Cql\Cql.Firely\Cql.Firely.csproj", "{B2EC84C4-5ACF-25F5-B1BD-550CC36B3A3D}"
EndProject
Project("{FAE04EC0-301F-11D3-BF4B-00C04F79EFBC}") = "Cql.Model", "Cql\Cql.Model\Cql.Model.csproj", "{F961964C-4AD7-DD0E-F7D0-F6C84DCF5FF5}"
EndProject
Project("{2150E333-8FDC-42A3-9474-1A3956D46DE8}") = "20 Cql to Elm", "20 Cql to Elm", "{244B5D7B-F8EE-BA06-5CBD-9E25BC1F9F1D}"
EndProject
Project("{FAE04EC0-301F-11D3-BF4B-00C04F79EFBC}") = "Cql.CqlToElm", "Cql\Cql.CqlToElm\Cql.CqlToElm.csproj", "{F0322B60-8047-142D-86E1-43A2781D855B}"
EndProject
Project("{FAE04EC0-301F-11D3-BF4B-00C04F79EFBC}") = "Cql.Grammar", "Cql\Cql.Grammar\Cql.Grammar.csproj", "{493EA3E4-A616-7207-ACA5-9D6398064F10}"
EndProject
Project("{FAE04EC0-301F-11D3-BF4B-00C04F79EFBC}") = "Elm", "Cql\Elm\Elm.csproj", "{A69D9E34-0F88-5FE5-104D-3B00EA03067B}"
EndProject
Project("{2150E333-8FDC-42A3-9474-1A3956D46DE8}") = "30 Elm to C#", "30 Elm to C#", "{7A250F7E-89BE-4A35-833B-95D8BE59B276}"
EndProject
Project("{FAE04EC0-301F-11D3-BF4B-00C04F79EFBC}") = "CodeGeneration.NET", "Cql\CodeGeneration.NET\CodeGeneration.NET.csproj", "{9A79F88A-4B9D-BB0E-1944-DDA2480124EA}"
EndProject
Project("{FAE04EC0-301F-11D3-BF4B-00C04F79EFBC}") = "Cql.Compiler", "Cql\Cql.Compiler\Cql.Compiler.csproj", "{43944ABE-3D4C-722F-6BE4-AA401A212C63}"
EndProject
Project("{2150E333-8FDC-42A3-9474-1A3956D46DE8}") = "40 FHIR Resource Packaging", "40 FHIR Resource Packaging", "{254509AA-E990-CC46-2B40-46FDFEBFACAF}"
EndProject
Project("{FAE04EC0-301F-11D3-BF4B-00C04F79EFBC}") = "Cql.Packaging", "Cql\Cql.Packaging\Cql.Packaging.csproj", "{47C786B3-5EA9-0387-058A-BE46253ED2BA}"
EndProject
Project("{2150E333-8FDC-42A3-9474-1A3956D46DE8}") = "55 Library Invocation", "55 Library Invocation", "{8CD48577-6853-EC09-C0F5-52DDF95890AB}"
EndProject
Project("{FAE04EC0-301F-11D3-BF4B-00C04F79EFBC}") = "Cql.Invocation", "Cql\Cql.Invocation\Cql.Invocation.csproj", "{AC7F8CA5-5E4A-B342-9A1C-024FEFBA3DB8}"
EndProject
Project("{2150E333-8FDC-42A3-9474-1A3956D46DE8}") = "90 Tests", "90 Tests", "{26FCEFC0-EBDC-0885-5B4A-C0DE58A5F721}"
EndProject
Project("{FAE04EC0-301F-11D3-BF4B-00C04F79EFBC}") = "Benchmarks", "Cql\Benchmarks\Benchmarks.csproj", "{A51D43E5-0A40-1AB0-AC74-36E5F0424F2B}"
EndProject
Project("{FAE04EC0-301F-11D3-BF4B-00C04F79EFBC}") = "CoreTests", "Cql\CoreTests\CoreTests.csproj", "{0491E68F-4A28-D6C4-D1D9-16E09283B8FF}"
	ProjectSection(ProjectDependencies) = postProject
		{663CB001-B87C-015D-635E-3154910B8A56} = {663CB001-B87C-015D-635E-3154910B8A56}
	EndProjectSection
EndProject
Project("{FAE04EC0-301F-11D3-BF4B-00C04F79EFBC}") = "CqlToElmTests", "Cql\CqlToElmTests\CqlToElmTests.csproj", "{44F9AA29-1ED9-8D19-1907-DD696FCEEFE7}"
	ProjectSection(ProjectDependencies) = postProject
		{663CB001-B87C-015D-635E-3154910B8A56} = {663CB001-B87C-015D-635E-3154910B8A56}
	EndProjectSection
EndProject
Project("{2150E333-8FDC-42A3-9474-1A3956D46DE8}") = "Demo", "Demo", "{A39C23D2-F2C0-258D-165A-CF1E7FEE6E7B}"
	ProjectSection(SolutionItems) = preProject
		Demo\cql-demo.props = Demo\cql-demo.props
	EndProjectSection
EndProject
Project("{2150E333-8FDC-42A3-9474-1A3956D46DE8}") = "00 MSBuild Tooling", "00 MSBuild Tooling", "{9E1177B7-F610-6C83-601C-5E0C4FF1DC94}"
EndProject
Project("{FAE04EC0-301F-11D3-BF4B-00C04F79EFBC}") = "Cql", "Demo\Cql\Cql.csproj", "{A50AA2A0-7868-73A7-2E02-E810842576F9}"
EndProject
Project("{2150E333-8FDC-42A3-9474-1A3956D46DE8}") = "10 Demo Projects", "10 Demo Projects", "{3899BCC9-F2BA-DA67-AAC6-036F6EECDC02}"
EndProject
Project("{FAE04EC0-301F-11D3-BF4B-00C04F79EFBC}") = "Measures.Authoring", "Demo\Measures.Authoring\Measures.Authoring.csproj", "{F66CA2A8-C64C-C7BE-BAB5-91867C75EDD6}"
	ProjectSection(ProjectDependencies) = postProject
		{663CB001-B87C-015D-635E-3154910B8A56} = {663CB001-B87C-015D-635E-3154910B8A56}
	EndProjectSection
EndProject
Project("{FAE04EC0-301F-11D3-BF4B-00C04F79EFBC}") = "Measures.Demo", "Demo\Measures.Demo\Measures.Demo.csproj", "{3A0136F5-CF0F-31DD-8A9B-DAD04A922614}"
	ProjectSection(ProjectDependencies) = postProject
		{663CB001-B87C-015D-635E-3154910B8A56} = {663CB001-B87C-015D-635E-3154910B8A56}
	EndProjectSection
EndProject
Project("{FAE04EC0-301F-11D3-BF4B-00C04F79EFBC}") = "Measures.dqm-content-qicore-2025", "Demo\Measures.dqm-content-qicore-2025\Measures.dqm-content-qicore-2025.csproj", "{632001E4-FF3B-41BC-A3BE-15B65DF5EC37}"
EndProject
Project("{2150E333-8FDC-42A3-9474-1A3956D46DE8}") = "20 Demo CLI", "20 Demo CLI", "{543AB4C2-A8F6-FB19-43FB-D566DEA70C00}"
EndProject
Project("{FAE04EC0-301F-11D3-BF4B-00C04F79EFBC}") = "CLI", "Demo\CLI\CLI.csproj", "{FDED6235-FD55-51DA-5227-025166F30828}"
EndProject
Project("{2150E333-8FDC-42A3-9474-1A3956D46DE8}") = "90 Tests", "90 Tests", "{183E6A83-96F5-1D86-C307-BFF8552F24AF}"
EndProject
Project("{FAE04EC0-301F-11D3-BF4B-00C04F79EFBC}") = "Test.Measures.Demo", "Demo\Test.Measures.Demo\Test.Measures.Demo.csproj", "{C5444199-D866-F17A-F4F6-75080C170F30}"
	ProjectSection(ProjectDependencies) = postProject
		{663CB001-B87C-015D-635E-3154910B8A56} = {663CB001-B87C-015D-635E-3154910B8A56}
		{3A0136F5-CF0F-31DD-8A9B-DAD04A922614} = {3A0136F5-CF0F-31DD-8A9B-DAD04A922614}
	EndProjectSection
EndProject
Project("{2150E333-8FDC-42A3-9474-1A3956D46DE8}") = "Examples", "Examples", "{B36A84DF-456D-A817-6EDD-3EC3E7F6E11F}"
	ProjectSection(SolutionItems) = preProject
		Examples\CqlSdkExamplesCodeGeneration.targets = Examples\CqlSdkExamplesCodeGeneration.targets
	EndProjectSection
EndProject
Project("{FAE04EC0-301F-11D3-BF4B-00C04F79EFBC}") = "CqlSdkExamples", "Examples\CqlSdkExamples\CqlSdkExamples.csproj", "{93532653-75AF-025F-00F7-1B34C75DF1C1}"
EndProject
Project("{FAE04EC0-301F-11D3-BF4B-00C04F79EFBC}") = "CqlSdkExamplesPreview", "Examples\CqlSdkExamplesPreview\CqlSdkExamplesPreview.csproj", "{624FC297-FD2B-2204-61CE-30C6DD9B848A}"
EndProject
Project("{2150E333-8FDC-42A3-9474-1A3956D46DE8}") = "submodules", "submodules", "{B3415621-5EBA-1A55-0B57-0078FEC59DC7}"
EndProject
Project("{2150E333-8FDC-42A3-9474-1A3956D46DE8}") = "Firely.Cql.Sdk.Integration.Runner", "Firely.Cql.Sdk.Integration.Runner", "{833991B5-851A-20BB-F74E-C77C2A1D21E6}"
EndProject
Project("{FAE04EC0-301F-11D3-BF4B-00C04F79EFBC}") = "CodeGen", "submodules\Firely.Cql.Sdk.Integration.Runner\CodeGen\CodeGen.csproj", "{A04486DA-33C8-DE9E-ECC7-89456FE7A3B5}"
EndProject
Project("{FAE04EC0-301F-11D3-BF4B-00C04F79EFBC}") = "IntegrationRunner", "submodules\Firely.Cql.Sdk.Integration.Runner\IntegrationRunner\IntegrationRunner.csproj", "{FC83FB06-C625-913D-CAD3-7E0A9E0AEABC}"
EndProject
Project("{2150E333-8FDC-42A3-9474-1A3956D46DE8}") = "Ncqa", "Ncqa", "{64B2C6A7-F0FB-0FE1-920B-B21289E11262}"
EndProject
Project("{2150E333-8FDC-42A3-9474-1A3956D46DE8}") = "_OLD", "_OLD", "{106F8F35-6DE8-E1EC-4B08-D37418198FFE}"
	ProjectSection(SolutionItems) = preProject
		submodules\Ncqa.DQIC\_OLD\.gitignore = submodules\Ncqa.DQIC\_OLD\.gitignore
	EndProjectSection
EndProject
Project("{FAE04EC0-301F-11D3-BF4B-00C04F79EFBC}") = "BuildArtifacts", "submodules\Ncqa.DQIC\_OLD\BuildArtifacts\BuildArtifacts.csproj", "{047442BB-2B95-75F6-5DCF-A0E0EA9513DB}"
EndProject
Project("{FAE04EC0-301F-11D3-BF4B-00C04F79EFBC}") = "Ncqa.HT.DeckTests", "submodules\Ncqa.DQIC\_OLD\Ncqa.HT.DeckTests\Ncqa.HT.DeckTests.csproj", "{06E46A17-015D-3E4D-88C5-854CFA86E56D}"
EndProject
Project("{FAE04EC0-301F-11D3-BF4B-00C04F79EFBC}") = "Ncqa.HT.Infrastructure", "submodules\Ncqa.DQIC\_OLD\Ncqa.HT.Infrastructure\Ncqa.HT.Infrastructure.csproj", "{D7C58076-39FF-8AF9-94CF-C69E1BC0836B}"
EndProject
Project("{FAE04EC0-301F-11D3-BF4B-00C04F79EFBC}") = "Ncqa.HT.MeasuresTests", "submodules\Ncqa.DQIC\_OLD\Ncqa.HT.MeasuresTests\Ncqa.HT.MeasuresTests.csproj", "{AA95AFA8-F9C0-7543-623C-6B4E7D201B29}"
EndProject
Project("{2150E333-8FDC-42A3-9474-1A3956D46DE8}") = "_Solution Items", "_Solution Items", "{1AA1D02F-7116-5B38-8DE8-872F7AF62B98}"
	ProjectSection(SolutionItems) = preProject
		.editorconfig = .editorconfig
		.gitattributes = .gitattributes
		.gitignore = .gitignore
		.gitmodules = .gitmodules
		build-elm.ps1 = build-elm.ps1
		build-local-nuget.ps1 = build-local-nuget.ps1
		build-publicapi.ps1 = build-publicapi.ps1
		.github\copilot-instructions.md = .github\copilot-instructions.md
		cql-base.props = cql-base.props
		LICENSE = LICENSE
		NuGet.config = NuGet.config
		README.md = README.md
	EndProjectSection
EndProject
Global
	GlobalSection(SolutionConfigurationPlatforms) = preSolution
		Debug|Any CPU = Debug|Any CPU
		Release|Any CPU = Release|Any CPU
	EndGlobalSection
	GlobalSection(ProjectConfigurationPlatforms) = postSolution
		{663CB001-B87C-015D-635E-3154910B8A56}.Debug|Any CPU.ActiveCfg = Debug|Any CPU
		{663CB001-B87C-015D-635E-3154910B8A56}.Debug|Any CPU.Build.0 = Debug|Any CPU
		{663CB001-B87C-015D-635E-3154910B8A56}.Release|Any CPU.ActiveCfg = Release|Any CPU
		{663CB001-B87C-015D-635E-3154910B8A56}.Release|Any CPU.Build.0 = Release|Any CPU
		{70CAF0F5-2466-B831-ED1D-FAE859DCDB50}.Debug|Any CPU.ActiveCfg = Debug|Any CPU
		{70CAF0F5-2466-B831-ED1D-FAE859DCDB50}.Debug|Any CPU.Build.0 = Debug|Any CPU
		{70CAF0F5-2466-B831-ED1D-FAE859DCDB50}.Release|Any CPU.ActiveCfg = Release|Any CPU
		{70CAF0F5-2466-B831-ED1D-FAE859DCDB50}.Release|Any CPU.Build.0 = Release|Any CPU
		{A516FA04-81EF-38D1-9068-3318F31B6B8F}.Debug|Any CPU.ActiveCfg = Debug|Any CPU
		{A516FA04-81EF-38D1-9068-3318F31B6B8F}.Debug|Any CPU.Build.0 = Debug|Any CPU
		{A516FA04-81EF-38D1-9068-3318F31B6B8F}.Release|Any CPU.ActiveCfg = Release|Any CPU
		{A516FA04-81EF-38D1-9068-3318F31B6B8F}.Release|Any CPU.Build.0 = Release|Any CPU
		{66A68A8A-F740-45E0-62F8-C9CF4F1FEFB6}.Debug|Any CPU.ActiveCfg = Debug|Any CPU
		{66A68A8A-F740-45E0-62F8-C9CF4F1FEFB6}.Debug|Any CPU.Build.0 = Debug|Any CPU
		{66A68A8A-F740-45E0-62F8-C9CF4F1FEFB6}.Release|Any CPU.ActiveCfg = Release|Any CPU
		{66A68A8A-F740-45E0-62F8-C9CF4F1FEFB6}.Release|Any CPU.Build.0 = Release|Any CPU
		{A72ED614-8C3F-DEAE-33A6-BC91B9B0284B}.Debug|Any CPU.ActiveCfg = Debug|Any CPU
		{A72ED614-8C3F-DEAE-33A6-BC91B9B0284B}.Debug|Any CPU.Build.0 = Debug|Any CPU
		{A72ED614-8C3F-DEAE-33A6-BC91B9B0284B}.Release|Any CPU.ActiveCfg = Release|Any CPU
		{A72ED614-8C3F-DEAE-33A6-BC91B9B0284B}.Release|Any CPU.Build.0 = Release|Any CPU
		{B2EC84C4-5ACF-25F5-B1BD-550CC36B3A3D}.Debug|Any CPU.ActiveCfg = Debug|Any CPU
		{B2EC84C4-5ACF-25F5-B1BD-550CC36B3A3D}.Debug|Any CPU.Build.0 = Debug|Any CPU
		{B2EC84C4-5ACF-25F5-B1BD-550CC36B3A3D}.Release|Any CPU.ActiveCfg = Release|Any CPU
		{B2EC84C4-5ACF-25F5-B1BD-550CC36B3A3D}.Release|Any CPU.Build.0 = Release|Any CPU
		{F961964C-4AD7-DD0E-F7D0-F6C84DCF5FF5}.Debug|Any CPU.ActiveCfg = Debug|Any CPU
		{F961964C-4AD7-DD0E-F7D0-F6C84DCF5FF5}.Debug|Any CPU.Build.0 = Debug|Any CPU
		{F961964C-4AD7-DD0E-F7D0-F6C84DCF5FF5}.Release|Any CPU.ActiveCfg = Release|Any CPU
		{F961964C-4AD7-DD0E-F7D0-F6C84DCF5FF5}.Release|Any CPU.Build.0 = Release|Any CPU
		{F0322B60-8047-142D-86E1-43A2781D855B}.Debug|Any CPU.ActiveCfg = Debug|Any CPU
		{F0322B60-8047-142D-86E1-43A2781D855B}.Debug|Any CPU.Build.0 = Debug|Any CPU
		{F0322B60-8047-142D-86E1-43A2781D855B}.Release|Any CPU.ActiveCfg = Release|Any CPU
		{F0322B60-8047-142D-86E1-43A2781D855B}.Release|Any CPU.Build.0 = Release|Any CPU
		{493EA3E4-A616-7207-ACA5-9D6398064F10}.Debug|Any CPU.ActiveCfg = Debug|Any CPU
		{493EA3E4-A616-7207-ACA5-9D6398064F10}.Debug|Any CPU.Build.0 = Debug|Any CPU
		{493EA3E4-A616-7207-ACA5-9D6398064F10}.Release|Any CPU.ActiveCfg = Release|Any CPU
		{493EA3E4-A616-7207-ACA5-9D6398064F10}.Release|Any CPU.Build.0 = Release|Any CPU
		{A69D9E34-0F88-5FE5-104D-3B00EA03067B}.Debug|Any CPU.ActiveCfg = Debug|Any CPU
		{A69D9E34-0F88-5FE5-104D-3B00EA03067B}.Debug|Any CPU.Build.0 = Debug|Any CPU
		{A69D9E34-0F88-5FE5-104D-3B00EA03067B}.Release|Any CPU.ActiveCfg = Release|Any CPU
		{A69D9E34-0F88-5FE5-104D-3B00EA03067B}.Release|Any CPU.Build.0 = Release|Any CPU
		{9A79F88A-4B9D-BB0E-1944-DDA2480124EA}.Debug|Any CPU.ActiveCfg = Debug|Any CPU
		{9A79F88A-4B9D-BB0E-1944-DDA2480124EA}.Debug|Any CPU.Build.0 = Debug|Any CPU
		{9A79F88A-4B9D-BB0E-1944-DDA2480124EA}.Release|Any CPU.ActiveCfg = Release|Any CPU
		{9A79F88A-4B9D-BB0E-1944-DDA2480124EA}.Release|Any CPU.Build.0 = Release|Any CPU
		{43944ABE-3D4C-722F-6BE4-AA401A212C63}.Debug|Any CPU.ActiveCfg = Debug|Any CPU
		{43944ABE-3D4C-722F-6BE4-AA401A212C63}.Debug|Any CPU.Build.0 = Debug|Any CPU
		{43944ABE-3D4C-722F-6BE4-AA401A212C63}.Release|Any CPU.ActiveCfg = Release|Any CPU
		{43944ABE-3D4C-722F-6BE4-AA401A212C63}.Release|Any CPU.Build.0 = Release|Any CPU
		{47C786B3-5EA9-0387-058A-BE46253ED2BA}.Debug|Any CPU.ActiveCfg = Debug|Any CPU
		{47C786B3-5EA9-0387-058A-BE46253ED2BA}.Debug|Any CPU.Build.0 = Debug|Any CPU
		{47C786B3-5EA9-0387-058A-BE46253ED2BA}.Release|Any CPU.ActiveCfg = Release|Any CPU
		{47C786B3-5EA9-0387-058A-BE46253ED2BA}.Release|Any CPU.Build.0 = Release|Any CPU
		{AC7F8CA5-5E4A-B342-9A1C-024FEFBA3DB8}.Debug|Any CPU.ActiveCfg = Debug|Any CPU
		{AC7F8CA5-5E4A-B342-9A1C-024FEFBA3DB8}.Debug|Any CPU.Build.0 = Debug|Any CPU
		{AC7F8CA5-5E4A-B342-9A1C-024FEFBA3DB8}.Release|Any CPU.ActiveCfg = Release|Any CPU
		{AC7F8CA5-5E4A-B342-9A1C-024FEFBA3DB8}.Release|Any CPU.Build.0 = Release|Any CPU
		{A51D43E5-0A40-1AB0-AC74-36E5F0424F2B}.Debug|Any CPU.ActiveCfg = Debug|Any CPU
		{A51D43E5-0A40-1AB0-AC74-36E5F0424F2B}.Debug|Any CPU.Build.0 = Debug|Any CPU
		{A51D43E5-0A40-1AB0-AC74-36E5F0424F2B}.Release|Any CPU.ActiveCfg = Release|Any CPU
		{A51D43E5-0A40-1AB0-AC74-36E5F0424F2B}.Release|Any CPU.Build.0 = Release|Any CPU
		{0491E68F-4A28-D6C4-D1D9-16E09283B8FF}.Debug|Any CPU.ActiveCfg = Debug|Any CPU
		{0491E68F-4A28-D6C4-D1D9-16E09283B8FF}.Debug|Any CPU.Build.0 = Debug|Any CPU
		{0491E68F-4A28-D6C4-D1D9-16E09283B8FF}.Release|Any CPU.ActiveCfg = Release|Any CPU
		{0491E68F-4A28-D6C4-D1D9-16E09283B8FF}.Release|Any CPU.Build.0 = Release|Any CPU
		{44F9AA29-1ED9-8D19-1907-DD696FCEEFE7}.Debug|Any CPU.ActiveCfg = Debug|Any CPU
		{44F9AA29-1ED9-8D19-1907-DD696FCEEFE7}.Debug|Any CPU.Build.0 = Debug|Any CPU
		{44F9AA29-1ED9-8D19-1907-DD696FCEEFE7}.Release|Any CPU.ActiveCfg = Release|Any CPU
		{44F9AA29-1ED9-8D19-1907-DD696FCEEFE7}.Release|Any CPU.Build.0 = Release|Any CPU
		{A50AA2A0-7868-73A7-2E02-E810842576F9}.Debug|Any CPU.ActiveCfg = Debug|Any CPU
		{A50AA2A0-7868-73A7-2E02-E810842576F9}.Debug|Any CPU.Build.0 = Debug|Any CPU
		{A50AA2A0-7868-73A7-2E02-E810842576F9}.Release|Any CPU.ActiveCfg = Release|Any CPU
		{A50AA2A0-7868-73A7-2E02-E810842576F9}.Release|Any CPU.Build.0 = Release|Any CPU
		{F66CA2A8-C64C-C7BE-BAB5-91867C75EDD6}.Debug|Any CPU.ActiveCfg = Debug|Any CPU
		{F66CA2A8-C64C-C7BE-BAB5-91867C75EDD6}.Debug|Any CPU.Build.0 = Debug|Any CPU
		{F66CA2A8-C64C-C7BE-BAB5-91867C75EDD6}.Release|Any CPU.ActiveCfg = Release|Any CPU
		{F66CA2A8-C64C-C7BE-BAB5-91867C75EDD6}.Release|Any CPU.Build.0 = Release|Any CPU
		{3A0136F5-CF0F-31DD-8A9B-DAD04A922614}.Debug|Any CPU.ActiveCfg = Debug|Any CPU
		{3A0136F5-CF0F-31DD-8A9B-DAD04A922614}.Debug|Any CPU.Build.0 = Debug|Any CPU
		{3A0136F5-CF0F-31DD-8A9B-DAD04A922614}.Release|Any CPU.ActiveCfg = Release|Any CPU
		{3A0136F5-CF0F-31DD-8A9B-DAD04A922614}.Release|Any CPU.Build.0 = Release|Any CPU
		{632001E4-FF3B-41BC-A3BE-15B65DF5EC37}.Debug|Any CPU.ActiveCfg = Debug|Any CPU
		{632001E4-FF3B-41BC-A3BE-15B65DF5EC37}.Debug|Any CPU.Build.0 = Debug|Any CPU
		{632001E4-FF3B-41BC-A3BE-15B65DF5EC37}.Release|Any CPU.ActiveCfg = Release|Any CPU
		{632001E4-FF3B-41BC-A3BE-15B65DF5EC37}.Release|Any CPU.Build.0 = Release|Any CPU
		{FDED6235-FD55-51DA-5227-025166F30828}.Debug|Any CPU.ActiveCfg = Debug|Any CPU
		{FDED6235-FD55-51DA-5227-025166F30828}.Debug|Any CPU.Build.0 = Debug|Any CPU
		{FDED6235-FD55-51DA-5227-025166F30828}.Release|Any CPU.ActiveCfg = Release|Any CPU
		{FDED6235-FD55-51DA-5227-025166F30828}.Release|Any CPU.Build.0 = Release|Any CPU
		{C5444199-D866-F17A-F4F6-75080C170F30}.Debug|Any CPU.ActiveCfg = Debug|Any CPU
		{C5444199-D866-F17A-F4F6-75080C170F30}.Debug|Any CPU.Build.0 = Debug|Any CPU
		{C5444199-D866-F17A-F4F6-75080C170F30}.Release|Any CPU.ActiveCfg = Release|Any CPU
		{C5444199-D866-F17A-F4F6-75080C170F30}.Release|Any CPU.Build.0 = Release|Any CPU
		{93532653-75AF-025F-00F7-1B34C75DF1C1}.Debug|Any CPU.ActiveCfg = Debug|Any CPU
		{93532653-75AF-025F-00F7-1B34C75DF1C1}.Debug|Any CPU.Build.0 = Debug|Any CPU
		{93532653-75AF-025F-00F7-1B34C75DF1C1}.Release|Any CPU.ActiveCfg = Release|Any CPU
		{93532653-75AF-025F-00F7-1B34C75DF1C1}.Release|Any CPU.Build.0 = Release|Any CPU
		{624FC297-FD2B-2204-61CE-30C6DD9B848A}.Debug|Any CPU.ActiveCfg = Debug|Any CPU
		{624FC297-FD2B-2204-61CE-30C6DD9B848A}.Debug|Any CPU.Build.0 = Debug|Any CPU
		{624FC297-FD2B-2204-61CE-30C6DD9B848A}.Release|Any CPU.ActiveCfg = Release|Any CPU
		{624FC297-FD2B-2204-61CE-30C6DD9B848A}.Release|Any CPU.Build.0 = Release|Any CPU
		{A04486DA-33C8-DE9E-ECC7-89456FE7A3B5}.Debug|Any CPU.ActiveCfg = Debug|Any CPU
		{A04486DA-33C8-DE9E-ECC7-89456FE7A3B5}.Debug|Any CPU.Build.0 = Debug|Any CPU
		{A04486DA-33C8-DE9E-ECC7-89456FE7A3B5}.Release|Any CPU.ActiveCfg = Release|Any CPU
		{A04486DA-33C8-DE9E-ECC7-89456FE7A3B5}.Release|Any CPU.Build.0 = Release|Any CPU
		{FC83FB06-C625-913D-CAD3-7E0A9E0AEABC}.Debug|Any CPU.ActiveCfg = Debug|Any CPU
		{FC83FB06-C625-913D-CAD3-7E0A9E0AEABC}.Debug|Any CPU.Build.0 = Debug|Any CPU
		{FC83FB06-C625-913D-CAD3-7E0A9E0AEABC}.Release|Any CPU.ActiveCfg = Release|Any CPU
		{FC83FB06-C625-913D-CAD3-7E0A9E0AEABC}.Release|Any CPU.Build.0 = Release|Any CPU
		{047442BB-2B95-75F6-5DCF-A0E0EA9513DB}.Debug|Any CPU.ActiveCfg = Debug|Any CPU
		{047442BB-2B95-75F6-5DCF-A0E0EA9513DB}.Debug|Any CPU.Build.0 = Debug|Any CPU
		{047442BB-2B95-75F6-5DCF-A0E0EA9513DB}.Release|Any CPU.ActiveCfg = Release|Any CPU
		{047442BB-2B95-75F6-5DCF-A0E0EA9513DB}.Release|Any CPU.Build.0 = Release|Any CPU
		{06E46A17-015D-3E4D-88C5-854CFA86E56D}.Debug|Any CPU.ActiveCfg = Debug|Any CPU
		{06E46A17-015D-3E4D-88C5-854CFA86E56D}.Debug|Any CPU.Build.0 = Debug|Any CPU
		{06E46A17-015D-3E4D-88C5-854CFA86E56D}.Release|Any CPU.ActiveCfg = Release|Any CPU
		{06E46A17-015D-3E4D-88C5-854CFA86E56D}.Release|Any CPU.Build.0 = Release|Any CPU
		{D7C58076-39FF-8AF9-94CF-C69E1BC0836B}.Debug|Any CPU.ActiveCfg = Debug|Any CPU
		{D7C58076-39FF-8AF9-94CF-C69E1BC0836B}.Debug|Any CPU.Build.0 = Debug|Any CPU
		{D7C58076-39FF-8AF9-94CF-C69E1BC0836B}.Release|Any CPU.ActiveCfg = Release|Any CPU
		{D7C58076-39FF-8AF9-94CF-C69E1BC0836B}.Release|Any CPU.Build.0 = Release|Any CPU
		{AA95AFA8-F9C0-7543-623C-6B4E7D201B29}.Debug|Any CPU.ActiveCfg = Debug|Any CPU
		{AA95AFA8-F9C0-7543-623C-6B4E7D201B29}.Debug|Any CPU.Build.0 = Debug|Any CPU
		{AA95AFA8-F9C0-7543-623C-6B4E7D201B29}.Release|Any CPU.ActiveCfg = Release|Any CPU
		{AA95AFA8-F9C0-7543-623C-6B4E7D201B29}.Release|Any CPU.Build.0 = Release|Any CPU
	EndGlobalSection
	GlobalSection(SolutionProperties) = preSolution
		HideSolutionNode = FALSE
	EndGlobalSection
	GlobalSection(NestedProjects) = preSolution
		{663CB001-B87C-015D-635E-3154910B8A56} = {1EC1DF53-3CF7-735E-2D8A-85578D39AC51}
		{70CAF0F5-2466-B831-ED1D-FAE859DCDB50} = {B9CCC047-BAFF-7374-80DF-FA2C1F6EFB01}
		{838C85FF-E09A-F144-5D6E-6C7F70E5FE89} = {B9CCC047-BAFF-7374-80DF-FA2C1F6EFB01}
		{A516FA04-81EF-38D1-9068-3318F31B6B8F} = {838C85FF-E09A-F144-5D6E-6C7F70E5FE89}
		{66A68A8A-F740-45E0-62F8-C9CF4F1FEFB6} = {838C85FF-E09A-F144-5D6E-6C7F70E5FE89}
		{A72ED614-8C3F-DEAE-33A6-BC91B9B0284B} = {838C85FF-E09A-F144-5D6E-6C7F70E5FE89}
		{4BB84A27-D3A1-EABE-4285-177D365A894B} = {B9CCC047-BAFF-7374-80DF-FA2C1F6EFB01}
		{B2EC84C4-5ACF-25F5-B1BD-550CC36B3A3D} = {4BB84A27-D3A1-EABE-4285-177D365A894B}
		{F961964C-4AD7-DD0E-F7D0-F6C84DCF5FF5} = {4BB84A27-D3A1-EABE-4285-177D365A894B}
		{244B5D7B-F8EE-BA06-5CBD-9E25BC1F9F1D} = {B9CCC047-BAFF-7374-80DF-FA2C1F6EFB01}
		{F0322B60-8047-142D-86E1-43A2781D855B} = {244B5D7B-F8EE-BA06-5CBD-9E25BC1F9F1D}
		{493EA3E4-A616-7207-ACA5-9D6398064F10} = {244B5D7B-F8EE-BA06-5CBD-9E25BC1F9F1D}
		{A69D9E34-0F88-5FE5-104D-3B00EA03067B} = {244B5D7B-F8EE-BA06-5CBD-9E25BC1F9F1D}
		{7A250F7E-89BE-4A35-833B-95D8BE59B276} = {B9CCC047-BAFF-7374-80DF-FA2C1F6EFB01}
		{9A79F88A-4B9D-BB0E-1944-DDA2480124EA} = {7A250F7E-89BE-4A35-833B-95D8BE59B276}
		{43944ABE-3D4C-722F-6BE4-AA401A212C63} = {7A250F7E-89BE-4A35-833B-95D8BE59B276}
		{254509AA-E990-CC46-2B40-46FDFEBFACAF} = {B9CCC047-BAFF-7374-80DF-FA2C1F6EFB01}
		{47C786B3-5EA9-0387-058A-BE46253ED2BA} = {254509AA-E990-CC46-2B40-46FDFEBFACAF}
		{8CD48577-6853-EC09-C0F5-52DDF95890AB} = {B9CCC047-BAFF-7374-80DF-FA2C1F6EFB01}
		{AC7F8CA5-5E4A-B342-9A1C-024FEFBA3DB8} = {8CD48577-6853-EC09-C0F5-52DDF95890AB}
		{26FCEFC0-EBDC-0885-5B4A-C0DE58A5F721} = {B9CCC047-BAFF-7374-80DF-FA2C1F6EFB01}
		{A51D43E5-0A40-1AB0-AC74-36E5F0424F2B} = {26FCEFC0-EBDC-0885-5B4A-C0DE58A5F721}
		{0491E68F-4A28-D6C4-D1D9-16E09283B8FF} = {26FCEFC0-EBDC-0885-5B4A-C0DE58A5F721}
		{44F9AA29-1ED9-8D19-1907-DD696FCEEFE7} = {26FCEFC0-EBDC-0885-5B4A-C0DE58A5F721}
		{9E1177B7-F610-6C83-601C-5E0C4FF1DC94} = {A39C23D2-F2C0-258D-165A-CF1E7FEE6E7B}
		{A50AA2A0-7868-73A7-2E02-E810842576F9} = {9E1177B7-F610-6C83-601C-5E0C4FF1DC94}
		{3899BCC9-F2BA-DA67-AAC6-036F6EECDC02} = {A39C23D2-F2C0-258D-165A-CF1E7FEE6E7B}
		{F66CA2A8-C64C-C7BE-BAB5-91867C75EDD6} = {3899BCC9-F2BA-DA67-AAC6-036F6EECDC02}
		{3A0136F5-CF0F-31DD-8A9B-DAD04A922614} = {3899BCC9-F2BA-DA67-AAC6-036F6EECDC02}
		{632001E4-FF3B-41BC-A3BE-15B65DF5EC37} = {3899BCC9-F2BA-DA67-AAC6-036F6EECDC02}
		{543AB4C2-A8F6-FB19-43FB-D566DEA70C00} = {A39C23D2-F2C0-258D-165A-CF1E7FEE6E7B}
		{FDED6235-FD55-51DA-5227-025166F30828} = {543AB4C2-A8F6-FB19-43FB-D566DEA70C00}
		{183E6A83-96F5-1D86-C307-BFF8552F24AF} = {A39C23D2-F2C0-258D-165A-CF1E7FEE6E7B}
		{C5444199-D866-F17A-F4F6-75080C170F30} = {183E6A83-96F5-1D86-C307-BFF8552F24AF}
		{93532653-75AF-025F-00F7-1B34C75DF1C1} = {B36A84DF-456D-A817-6EDD-3EC3E7F6E11F}
		{624FC297-FD2B-2204-61CE-30C6DD9B848A} = {B36A84DF-456D-A817-6EDD-3EC3E7F6E11F}
		{833991B5-851A-20BB-F74E-C77C2A1D21E6} = {B3415621-5EBA-1A55-0B57-0078FEC59DC7}
		{A04486DA-33C8-DE9E-ECC7-89456FE7A3B5} = {833991B5-851A-20BB-F74E-C77C2A1D21E6}
		{FC83FB06-C625-913D-CAD3-7E0A9E0AEABC} = {833991B5-851A-20BB-F74E-C77C2A1D21E6}
		{64B2C6A7-F0FB-0FE1-920B-B21289E11262} = {B3415621-5EBA-1A55-0B57-0078FEC59DC7}
		{106F8F35-6DE8-E1EC-4B08-D37418198FFE} = {64B2C6A7-F0FB-0FE1-920B-B21289E11262}
		{047442BB-2B95-75F6-5DCF-A0E0EA9513DB} = {106F8F35-6DE8-E1EC-4B08-D37418198FFE}
		{06E46A17-015D-3E4D-88C5-854CFA86E56D} = {106F8F35-6DE8-E1EC-4B08-D37418198FFE}
		{D7C58076-39FF-8AF9-94CF-C69E1BC0836B} = {106F8F35-6DE8-E1EC-4B08-D37418198FFE}
		{AA95AFA8-F9C0-7543-623C-6B4E7D201B29} = {106F8F35-6DE8-E1EC-4B08-D37418198FFE}
	EndGlobalSection
	GlobalSection(ExtensibilityGlobals) = postSolution
		FileExplorer = build\|docs\|LibrarySets\|submodules\Firely.Cql.Sdk.Integration.Runner\NodeJsUtils\
	EndGlobalSection
EndGlobal
