Microsoft Visual Studio Solution File, Format Version 12.00
# Visual Studio Version 17
VisualStudioVersion = 17.10.34607.79
MinimumVisualStudioVersion = 10.0.40219.1
Project("{9A19103F-16F7-4668-BE54-9A1E7A4F7556}") = "Elm", "Cql\Elm\Elm.csproj", "{78C3855A-EEE7-4283-BE5F-71F3E3677C11}"
EndProject
Project("{9A19103F-16F7-4668-BE54-9A1E7A4F7556}") = "Iso8601", "Cql\Iso8601\Iso8601.csproj", "{AB8DB957-28A1-4D39-B924-F8E3E39020E4}"
EndProject
Project("{9A19103F-16F7-4668-BE54-9A1E7A4F7556}") = "Cql.Comparers", "Cql\Cql.Comparers\Cql.Comparers.csproj", "{53FC6D68-1234-4395-B2F3-DB9918046053}"
EndProject
Project("{9A19103F-16F7-4668-BE54-9A1E7A4F7556}") = "Cql.Primitives", "Cql\Cql.Primitives\Cql.Primitives.csproj", "{AF505677-1DBE-4268-B6A8-658ABF784F8A}"
EndProject
Project("{9A19103F-16F7-4668-BE54-9A1E7A4F7556}") = "Cql.Conversion", "Cql\Cql.Conversion\Cql.Conversion.csproj", "{225B212A-F4EE-4828-96C0-92A7117BA1C1}"
EndProject
Project("{9A19103F-16F7-4668-BE54-9A1E7A4F7556}") = "Cql.Operators", "Cql\Cql.Operators\Cql.Operators.csproj", "{3C71FE17-2A9B-40D1-AABF-E4C70165C6C4}"
EndProject
Project("{9A19103F-16F7-4668-BE54-9A1E7A4F7556}") = "Cql.ValueSets", "Cql\Cql.ValueSets\Cql.ValueSets.csproj", "{A1F3DE53-D965-4398-AE84-1B066626CDC3}"
EndProject
Project("{9A19103F-16F7-4668-BE54-9A1E7A4F7556}") = "CodeGeneration.NET", "Cql\CodeGeneration.NET\CodeGeneration.NET.csproj", "{4B05E790-92F8-4F2A-9DF2-B77FDF22B28E}"
EndProject
Project("{9A19103F-16F7-4668-BE54-9A1E7A4F7556}") = "Cql.Runtime", "Cql\Cql.Runtime\Cql.Runtime.csproj", "{0BDEB106-877A-40C3-A9DB-6A604F8D873A}"
EndProject
Project("{9A19103F-16F7-4668-BE54-9A1E7A4F7556}") = "Cql.Compiler", "Cql\Cql.Compiler\Cql.Compiler.csproj", "{3FEBF95F-0C04-4600-ACD8-7495C24A7908}"
EndProject
Project("{9A19103F-16F7-4668-BE54-9A1E7A4F7556}") = "Cql.Logging", "Cql\Cql.Logging\Cql.Logging.csproj", "{EFE8FB49-8AC1-4C13-93DF-76F2B79CE034}"
EndProject
Project("{9A19103F-16F7-4668-BE54-9A1E7A4F7556}") = "Cql.Model", "Cql\Cql.Model\Cql.Model.csproj", "{A252DF59-263B-46D9-A1E4-48E16D8D0DEC}"
EndProject
Project("{9A19103F-16F7-4668-BE54-9A1E7A4F7556}") = "Cql.Firely", "Cql\Cql.Firely\Cql.Firely.csproj", "{399B718D-41C6-4DD9-A7E3-B9758CAAEB89}"
EndProject
Project("{9A19103F-16F7-4668-BE54-9A1E7A4F7556}") = "Cql.Abstractions", "Cql\Cql.Abstractions\Cql.Abstractions.csproj", "{02DCA9CB-92A1-47C9-BF40-97DDD56DEFF3}"
EndProject
Project("{9A19103F-16F7-4668-BE54-9A1E7A4F7556}") = "Cql", "Cql\Cql\Cql.csproj", "{8FF55BB5-6004-4461-B8EA-19E9F41B970B}"
EndProject
Project("{9A19103F-16F7-4668-BE54-9A1E7A4F7556}") = "Cql.Packaging", "Cql\Cql.Packaging\Cql.Packaging.csproj", "{50590B39-F376-4E96-92CF-67F84C149E86}"
EndProject
Project("{9A19103F-16F7-4668-BE54-9A1E7A4F7556}") = "PackagerCLI", "Cql\PackagerCLI\PackagerCLI.csproj", "{FEF0C134-505D-4206-8630-569A6762F787}"
EndProject
Project("{9A19103F-16F7-4668-BE54-9A1E7A4F7556}") = "Cql", "Demo\Cql\Cql.csproj", "{1C19BCFA-9965-49EC-952B-DBC753E219A2}"
	ProjectSection(ProjectDependencies) = postProject
		{FEF0C134-505D-4206-8630-569A6762F787} = {FEF0C134-505D-4206-8630-569A6762F787}
	EndProjectSection
EndProject
Project("{9A19103F-16F7-4668-BE54-9A1E7A4F7556}") = "Measures.Demo", "Demo\Measures.Demo\Measures.Demo.csproj", "{A7111722-6C8F-42AA-8CDD-732D34FB678A}"
EndProject
Project("{9A19103F-16F7-4668-BE54-9A1E7A4F7556}") = "CLI", "Demo\CLI\CLI.csproj", "{12BB22FD-E576-44A9-AE74-A5A673715870}"
EndProject
Project("{2150E333-8FDC-42A3-9474-1A3956D46DE8}") = "Samples", "Samples", "{7D787B73-D44A-4B65-B83F-4AF4A752F26C}"
EndProject
Project("{2150E333-8FDC-42A3-9474-1A3956D46DE8}") = "Cql", "Cql", "{4B5D75F5-E2FC-4CCB-90EF-6DC4A0193032}"
	ProjectSection(SolutionItems) = preProject
		.editorconfig = .editorconfig
		cql-sdk.props = cql-sdk.props
	EndProjectSection
EndProject
Project("{2150E333-8FDC-42A3-9474-1A3956D46DE8}") = "Demo", "Demo", "{B00E560D-AE0C-48E1-9013-57115AF05F41}"
	ProjectSection(SolutionItems) = preProject
		Demo\cql-demo.props = Demo\cql-demo.props
	EndProjectSection
EndProject
Project("{9A19103F-16F7-4668-BE54-9A1E7A4F7556}") = "Measures.CMS", "Demo\Measures.CMS\Measures.CMS.csproj", "{B1161915-FFB0-412A-9C65-2F4E046FA9B8}"
EndProject
Project("{9A19103F-16F7-4668-BE54-9A1E7A4F7556}") = "CoreTests", "Cql\CoreTests\CoreTests.csproj", "{ED703B53-BF12-4F55-B35A-F8290F542E16}"
EndProject
Project("{2150E333-8FDC-42A3-9474-1A3956D46DE8}") = "50 Tests", "50 Tests", "{314A4A1E-1671-4F4C-BA1F-DEE73D584677}"
EndProject
Project("{2150E333-8FDC-42A3-9474-1A3956D46DE8}") = "Tests", "Tests", "{DEA0937C-6F6B-4B25-8F9B-0ABE82978321}"
EndProject
Project("{9A19103F-16F7-4668-BE54-9A1E7A4F7556}") = "Test.Measures.Demo", "Demo\Test.Measures.Demo\Test.Measures.Demo.csproj", "{95F35BF6-1FF1-4A5F-8725-A8EA4F1D43CD}"
	ProjectSection(ProjectDependencies) = postProject
		{A7111722-6C8F-42AA-8CDD-732D34FB678A} = {A7111722-6C8F-42AA-8CDD-732D34FB678A}
	EndProjectSection
EndProject
Project("{2150E333-8FDC-42A3-9474-1A3956D46DE8}") = "30 Elm to C#", "30 Elm to C#", "{39731466-DC8C-4FB2-A4D3-C4212A87700A}"
EndProject
Project("{2150E333-8FDC-42A3-9474-1A3956D46DE8}") = "00 Runtime", "00 Runtime", "{D0F1B9D3-DD8C-4F25-B7AF-0C2EB4E17AC3}"
EndProject
Project("{2150E333-8FDC-42A3-9474-1A3956D46DE8}") = "40 Packaging", "40 Packaging", "{97D67019-21A7-4591-A216-1B76BD0E68A4}"
EndProject
Project("{9A19103F-16F7-4668-BE54-9A1E7A4F7556}") = "MultiPackagerCLI", "Cql\MultiPackagerCLI\MultiPackagerCLI.csproj", "{B574B177-48B2-455B-BEF8-B7D6DB5C3015}"
EndProject
Project("{9A19103F-16F7-4668-BE54-9A1E7A4F7556}") = "Measures.Authoring", "Demo\Measures.Authoring\Measures.Authoring.csproj", "{C5C0F7CF-D0A4-41F5-B426-D99F40EC0379}"
EndProject
Project("{2150E333-8FDC-42A3-9474-1A3956D46DE8}") = "20 Cql to Elm", "20 Cql to Elm", "{A2259B13-A115-4EA3-9DFB-5411DB88EA6F}"
EndProject
Project("{9A19103F-16F7-4668-BE54-9A1E7A4F7556}") = "Cql.Grammar", "Cql\Cql.Grammar\Cql.Grammar.csproj", "{AF223BDF-576D-45FD-9A33-483BAFE1BB75}"
EndProject
Project("{9A19103F-16F7-4668-BE54-9A1E7A4F7556}") = "Cql.CqlToElm", "Cql\Cql.CqlToElm\Cql.CqlToElm.csproj", "{BF2C14B3-EF9B-4BE9-A843-EAA05368BD5A}"
EndProject
Project("{2150E333-8FDC-42A3-9474-1A3956D46DE8}") = "10 Model", "10 Model", "{F2ADD1CA-E231-4E88-B0EE-5C6885422629}"
EndProject
Project("{9A19103F-16F7-4668-BE54-9A1E7A4F7556}") = "CqlToElmTests", "Cql\CqlToElmTests\CqlToElmTests.csproj", "{BF5D524C-0582-4471-BC79-B04B2D8DFCDB}"
EndProject
Project("{2150E333-8FDC-42A3-9474-1A3956D46DE8}") = "submodules", "submodules", "{D33B7DF4-8AC5-47D1-A782-AC5078FFDEC7}"
EndProject
Project("{2150E333-8FDC-42A3-9474-1A3956D46DE8}") = "Firely.Cql.Sdk.Integration.Runner", "Firely.Cql.Sdk.Integration.Runner", "{0E5F5704-5289-4C65-AD4E-364CD5F60C44}"
EndProject
Project("{9A19103F-16F7-4668-BE54-9A1E7A4F7556}") = "IntegrationRunner", "submodules\Firely.Cql.Sdk.Integration.Runner\IntegrationRunner\IntegrationRunner.csproj", "{2929117D-FB33-4BD6-8F20-4B623C114438}"
EndProject
Global
	GlobalSection(SolutionConfigurationPlatforms) = preSolution
		Debug IntegrationRunner Use Project References|Any CPU = Debug IntegrationRunner Use Project References|Any CPU
		Debug|Any CPU = Debug|Any CPU
		FullDebug|Any CPU = FullDebug|Any CPU
		Release IntegrationRunner Use Project References|Any CPU = Release IntegrationRunner Use Project References|Any CPU
		Release|Any CPU = Release|Any CPU
	EndGlobalSection
	GlobalSection(ProjectConfigurationPlatforms) = postSolution
		{78C3855A-EEE7-4283-BE5F-71F3E3677C11}.Debug IntegrationRunner Use Project References|Any CPU.ActiveCfg = Debug|Any CPU
		{78C3855A-EEE7-4283-BE5F-71F3E3677C11}.Debug IntegrationRunner Use Project References|Any CPU.Build.0 = Debug|Any CPU
		{78C3855A-EEE7-4283-BE5F-71F3E3677C11}.Debug|Any CPU.ActiveCfg = Debug|Any CPU
		{78C3855A-EEE7-4283-BE5F-71F3E3677C11}.Debug|Any CPU.Build.0 = Debug|Any CPU
		{78C3855A-EEE7-4283-BE5F-71F3E3677C11}.FullDebug|Any CPU.ActiveCfg = FullDebug|Any CPU
		{78C3855A-EEE7-4283-BE5F-71F3E3677C11}.FullDebug|Any CPU.Build.0 = FullDebug|Any CPU
		{78C3855A-EEE7-4283-BE5F-71F3E3677C11}.Release IntegrationRunner Use Project References|Any CPU.ActiveCfg = Release|Any CPU
		{78C3855A-EEE7-4283-BE5F-71F3E3677C11}.Release IntegrationRunner Use Project References|Any CPU.Build.0 = Release|Any CPU
		{78C3855A-EEE7-4283-BE5F-71F3E3677C11}.Release|Any CPU.ActiveCfg = Release|Any CPU
		{78C3855A-EEE7-4283-BE5F-71F3E3677C11}.Release|Any CPU.Build.0 = Release|Any CPU
		{AB8DB957-28A1-4D39-B924-F8E3E39020E4}.Debug IntegrationRunner Use Project References|Any CPU.ActiveCfg = Debug|Any CPU
		{AB8DB957-28A1-4D39-B924-F8E3E39020E4}.Debug IntegrationRunner Use Project References|Any CPU.Build.0 = Debug|Any CPU
		{AB8DB957-28A1-4D39-B924-F8E3E39020E4}.Debug|Any CPU.ActiveCfg = Debug|Any CPU
		{AB8DB957-28A1-4D39-B924-F8E3E39020E4}.Debug|Any CPU.Build.0 = Debug|Any CPU
		{AB8DB957-28A1-4D39-B924-F8E3E39020E4}.FullDebug|Any CPU.ActiveCfg = FullDebug|Any CPU
		{AB8DB957-28A1-4D39-B924-F8E3E39020E4}.FullDebug|Any CPU.Build.0 = FullDebug|Any CPU
		{AB8DB957-28A1-4D39-B924-F8E3E39020E4}.Release IntegrationRunner Use Project References|Any CPU.ActiveCfg = Release|Any CPU
		{AB8DB957-28A1-4D39-B924-F8E3E39020E4}.Release IntegrationRunner Use Project References|Any CPU.Build.0 = Release|Any CPU
		{AB8DB957-28A1-4D39-B924-F8E3E39020E4}.Release|Any CPU.ActiveCfg = Release|Any CPU
		{AB8DB957-28A1-4D39-B924-F8E3E39020E4}.Release|Any CPU.Build.0 = Release|Any CPU
		{53FC6D68-1234-4395-B2F3-DB9918046053}.Debug IntegrationRunner Use Project References|Any CPU.ActiveCfg = Debug|Any CPU
		{53FC6D68-1234-4395-B2F3-DB9918046053}.Debug IntegrationRunner Use Project References|Any CPU.Build.0 = Debug|Any CPU
		{53FC6D68-1234-4395-B2F3-DB9918046053}.Debug|Any CPU.ActiveCfg = Debug|Any CPU
		{53FC6D68-1234-4395-B2F3-DB9918046053}.Debug|Any CPU.Build.0 = Debug|Any CPU
		{53FC6D68-1234-4395-B2F3-DB9918046053}.FullDebug|Any CPU.ActiveCfg = FullDebug|Any CPU
		{53FC6D68-1234-4395-B2F3-DB9918046053}.FullDebug|Any CPU.Build.0 = FullDebug|Any CPU
		{53FC6D68-1234-4395-B2F3-DB9918046053}.Release IntegrationRunner Use Project References|Any CPU.ActiveCfg = Release|Any CPU
		{53FC6D68-1234-4395-B2F3-DB9918046053}.Release IntegrationRunner Use Project References|Any CPU.Build.0 = Release|Any CPU
		{53FC6D68-1234-4395-B2F3-DB9918046053}.Release|Any CPU.ActiveCfg = Release|Any CPU
		{53FC6D68-1234-4395-B2F3-DB9918046053}.Release|Any CPU.Build.0 = Release|Any CPU
		{AF505677-1DBE-4268-B6A8-658ABF784F8A}.Debug IntegrationRunner Use Project References|Any CPU.ActiveCfg = Debug|Any CPU
		{AF505677-1DBE-4268-B6A8-658ABF784F8A}.Debug IntegrationRunner Use Project References|Any CPU.Build.0 = Debug|Any CPU
		{AF505677-1DBE-4268-B6A8-658ABF784F8A}.Debug|Any CPU.ActiveCfg = Debug|Any CPU
		{AF505677-1DBE-4268-B6A8-658ABF784F8A}.Debug|Any CPU.Build.0 = Debug|Any CPU
		{AF505677-1DBE-4268-B6A8-658ABF784F8A}.FullDebug|Any CPU.ActiveCfg = FullDebug|Any CPU
		{AF505677-1DBE-4268-B6A8-658ABF784F8A}.FullDebug|Any CPU.Build.0 = FullDebug|Any CPU
		{AF505677-1DBE-4268-B6A8-658ABF784F8A}.Release IntegrationRunner Use Project References|Any CPU.ActiveCfg = Release|Any CPU
		{AF505677-1DBE-4268-B6A8-658ABF784F8A}.Release IntegrationRunner Use Project References|Any CPU.Build.0 = Release|Any CPU
		{AF505677-1DBE-4268-B6A8-658ABF784F8A}.Release|Any CPU.ActiveCfg = Release|Any CPU
		{AF505677-1DBE-4268-B6A8-658ABF784F8A}.Release|Any CPU.Build.0 = Release|Any CPU
		{225B212A-F4EE-4828-96C0-92A7117BA1C1}.Debug IntegrationRunner Use Project References|Any CPU.ActiveCfg = Debug|Any CPU
		{225B212A-F4EE-4828-96C0-92A7117BA1C1}.Debug IntegrationRunner Use Project References|Any CPU.Build.0 = Debug|Any CPU
		{225B212A-F4EE-4828-96C0-92A7117BA1C1}.Debug|Any CPU.ActiveCfg = Debug|Any CPU
		{225B212A-F4EE-4828-96C0-92A7117BA1C1}.Debug|Any CPU.Build.0 = Debug|Any CPU
		{225B212A-F4EE-4828-96C0-92A7117BA1C1}.FullDebug|Any CPU.ActiveCfg = FullDebug|Any CPU
		{225B212A-F4EE-4828-96C0-92A7117BA1C1}.FullDebug|Any CPU.Build.0 = FullDebug|Any CPU
		{225B212A-F4EE-4828-96C0-92A7117BA1C1}.Release IntegrationRunner Use Project References|Any CPU.ActiveCfg = Release|Any CPU
		{225B212A-F4EE-4828-96C0-92A7117BA1C1}.Release IntegrationRunner Use Project References|Any CPU.Build.0 = Release|Any CPU
		{225B212A-F4EE-4828-96C0-92A7117BA1C1}.Release|Any CPU.ActiveCfg = Release|Any CPU
		{225B212A-F4EE-4828-96C0-92A7117BA1C1}.Release|Any CPU.Build.0 = Release|Any CPU
		{3C71FE17-2A9B-40D1-AABF-E4C70165C6C4}.Debug IntegrationRunner Use Project References|Any CPU.ActiveCfg = Debug|Any CPU
		{3C71FE17-2A9B-40D1-AABF-E4C70165C6C4}.Debug IntegrationRunner Use Project References|Any CPU.Build.0 = Debug|Any CPU
		{3C71FE17-2A9B-40D1-AABF-E4C70165C6C4}.Debug|Any CPU.ActiveCfg = Debug|Any CPU
		{3C71FE17-2A9B-40D1-AABF-E4C70165C6C4}.Debug|Any CPU.Build.0 = Debug|Any CPU
		{3C71FE17-2A9B-40D1-AABF-E4C70165C6C4}.FullDebug|Any CPU.ActiveCfg = FullDebug|Any CPU
		{3C71FE17-2A9B-40D1-AABF-E4C70165C6C4}.FullDebug|Any CPU.Build.0 = FullDebug|Any CPU
		{3C71FE17-2A9B-40D1-AABF-E4C70165C6C4}.Release IntegrationRunner Use Project References|Any CPU.ActiveCfg = Release|Any CPU
		{3C71FE17-2A9B-40D1-AABF-E4C70165C6C4}.Release IntegrationRunner Use Project References|Any CPU.Build.0 = Release|Any CPU
		{3C71FE17-2A9B-40D1-AABF-E4C70165C6C4}.Release|Any CPU.ActiveCfg = Release|Any CPU
		{3C71FE17-2A9B-40D1-AABF-E4C70165C6C4}.Release|Any CPU.Build.0 = Release|Any CPU
		{A1F3DE53-D965-4398-AE84-1B066626CDC3}.Debug IntegrationRunner Use Project References|Any CPU.ActiveCfg = Debug|Any CPU
		{A1F3DE53-D965-4398-AE84-1B066626CDC3}.Debug IntegrationRunner Use Project References|Any CPU.Build.0 = Debug|Any CPU
		{A1F3DE53-D965-4398-AE84-1B066626CDC3}.Debug|Any CPU.ActiveCfg = Debug|Any CPU
		{A1F3DE53-D965-4398-AE84-1B066626CDC3}.Debug|Any CPU.Build.0 = Debug|Any CPU
		{A1F3DE53-D965-4398-AE84-1B066626CDC3}.FullDebug|Any CPU.ActiveCfg = FullDebug|Any CPU
		{A1F3DE53-D965-4398-AE84-1B066626CDC3}.FullDebug|Any CPU.Build.0 = FullDebug|Any CPU
		{A1F3DE53-D965-4398-AE84-1B066626CDC3}.Release IntegrationRunner Use Project References|Any CPU.ActiveCfg = Release|Any CPU
		{A1F3DE53-D965-4398-AE84-1B066626CDC3}.Release IntegrationRunner Use Project References|Any CPU.Build.0 = Release|Any CPU
		{A1F3DE53-D965-4398-AE84-1B066626CDC3}.Release|Any CPU.ActiveCfg = Release|Any CPU
		{A1F3DE53-D965-4398-AE84-1B066626CDC3}.Release|Any CPU.Build.0 = Release|Any CPU
		{4B05E790-92F8-4F2A-9DF2-B77FDF22B28E}.Debug IntegrationRunner Use Project References|Any CPU.ActiveCfg = Debug|Any CPU
		{4B05E790-92F8-4F2A-9DF2-B77FDF22B28E}.Debug IntegrationRunner Use Project References|Any CPU.Build.0 = Debug|Any CPU
		{4B05E790-92F8-4F2A-9DF2-B77FDF22B28E}.Debug|Any CPU.ActiveCfg = Debug|Any CPU
		{4B05E790-92F8-4F2A-9DF2-B77FDF22B28E}.Debug|Any CPU.Build.0 = Debug|Any CPU
		{4B05E790-92F8-4F2A-9DF2-B77FDF22B28E}.FullDebug|Any CPU.ActiveCfg = FullDebug|Any CPU
		{4B05E790-92F8-4F2A-9DF2-B77FDF22B28E}.FullDebug|Any CPU.Build.0 = FullDebug|Any CPU
		{4B05E790-92F8-4F2A-9DF2-B77FDF22B28E}.Release IntegrationRunner Use Project References|Any CPU.ActiveCfg = Release|Any CPU
		{4B05E790-92F8-4F2A-9DF2-B77FDF22B28E}.Release IntegrationRunner Use Project References|Any CPU.Build.0 = Release|Any CPU
		{4B05E790-92F8-4F2A-9DF2-B77FDF22B28E}.Release|Any CPU.ActiveCfg = Release|Any CPU
		{4B05E790-92F8-4F2A-9DF2-B77FDF22B28E}.Release|Any CPU.Build.0 = Release|Any CPU
		{0BDEB106-877A-40C3-A9DB-6A604F8D873A}.Debug IntegrationRunner Use Project References|Any CPU.ActiveCfg = Debug|Any CPU
		{0BDEB106-877A-40C3-A9DB-6A604F8D873A}.Debug IntegrationRunner Use Project References|Any CPU.Build.0 = Debug|Any CPU
		{0BDEB106-877A-40C3-A9DB-6A604F8D873A}.Debug|Any CPU.ActiveCfg = Debug|Any CPU
		{0BDEB106-877A-40C3-A9DB-6A604F8D873A}.Debug|Any CPU.Build.0 = Debug|Any CPU
		{0BDEB106-877A-40C3-A9DB-6A604F8D873A}.FullDebug|Any CPU.ActiveCfg = FullDebug|Any CPU
		{0BDEB106-877A-40C3-A9DB-6A604F8D873A}.FullDebug|Any CPU.Build.0 = FullDebug|Any CPU
		{0BDEB106-877A-40C3-A9DB-6A604F8D873A}.Release IntegrationRunner Use Project References|Any CPU.ActiveCfg = Release|Any CPU
		{0BDEB106-877A-40C3-A9DB-6A604F8D873A}.Release IntegrationRunner Use Project References|Any CPU.Build.0 = Release|Any CPU
		{0BDEB106-877A-40C3-A9DB-6A604F8D873A}.Release|Any CPU.ActiveCfg = Release|Any CPU
		{0BDEB106-877A-40C3-A9DB-6A604F8D873A}.Release|Any CPU.Build.0 = Release|Any CPU
		{3FEBF95F-0C04-4600-ACD8-7495C24A7908}.Debug IntegrationRunner Use Project References|Any CPU.ActiveCfg = Debug|Any CPU
		{3FEBF95F-0C04-4600-ACD8-7495C24A7908}.Debug IntegrationRunner Use Project References|Any CPU.Build.0 = Debug|Any CPU
		{3FEBF95F-0C04-4600-ACD8-7495C24A7908}.Debug|Any CPU.ActiveCfg = Debug|Any CPU
		{3FEBF95F-0C04-4600-ACD8-7495C24A7908}.Debug|Any CPU.Build.0 = Debug|Any CPU
		{3FEBF95F-0C04-4600-ACD8-7495C24A7908}.FullDebug|Any CPU.ActiveCfg = FullDebug|Any CPU
		{3FEBF95F-0C04-4600-ACD8-7495C24A7908}.FullDebug|Any CPU.Build.0 = FullDebug|Any CPU
		{3FEBF95F-0C04-4600-ACD8-7495C24A7908}.Release IntegrationRunner Use Project References|Any CPU.ActiveCfg = Release|Any CPU
		{3FEBF95F-0C04-4600-ACD8-7495C24A7908}.Release IntegrationRunner Use Project References|Any CPU.Build.0 = Release|Any CPU
		{3FEBF95F-0C04-4600-ACD8-7495C24A7908}.Release|Any CPU.ActiveCfg = Release|Any CPU
		{3FEBF95F-0C04-4600-ACD8-7495C24A7908}.Release|Any CPU.Build.0 = Release|Any CPU
		{EFE8FB49-8AC1-4C13-93DF-76F2B79CE034}.Debug IntegrationRunner Use Project References|Any CPU.ActiveCfg = Debug|Any CPU
		{EFE8FB49-8AC1-4C13-93DF-76F2B79CE034}.Debug IntegrationRunner Use Project References|Any CPU.Build.0 = Debug|Any CPU
		{EFE8FB49-8AC1-4C13-93DF-76F2B79CE034}.Debug|Any CPU.ActiveCfg = Debug|Any CPU
		{EFE8FB49-8AC1-4C13-93DF-76F2B79CE034}.Debug|Any CPU.Build.0 = Debug|Any CPU
		{EFE8FB49-8AC1-4C13-93DF-76F2B79CE034}.FullDebug|Any CPU.ActiveCfg = FullDebug|Any CPU
		{EFE8FB49-8AC1-4C13-93DF-76F2B79CE034}.FullDebug|Any CPU.Build.0 = FullDebug|Any CPU
		{EFE8FB49-8AC1-4C13-93DF-76F2B79CE034}.Release IntegrationRunner Use Project References|Any CPU.ActiveCfg = Release|Any CPU
		{EFE8FB49-8AC1-4C13-93DF-76F2B79CE034}.Release IntegrationRunner Use Project References|Any CPU.Build.0 = Release|Any CPU
		{EFE8FB49-8AC1-4C13-93DF-76F2B79CE034}.Release|Any CPU.ActiveCfg = Release|Any CPU
		{EFE8FB49-8AC1-4C13-93DF-76F2B79CE034}.Release|Any CPU.Build.0 = Release|Any CPU
		{A252DF59-263B-46D9-A1E4-48E16D8D0DEC}.Debug IntegrationRunner Use Project References|Any CPU.ActiveCfg = Debug|Any CPU
		{A252DF59-263B-46D9-A1E4-48E16D8D0DEC}.Debug IntegrationRunner Use Project References|Any CPU.Build.0 = Debug|Any CPU
		{A252DF59-263B-46D9-A1E4-48E16D8D0DEC}.Debug|Any CPU.ActiveCfg = Debug|Any CPU
		{A252DF59-263B-46D9-A1E4-48E16D8D0DEC}.Debug|Any CPU.Build.0 = Debug|Any CPU
		{A252DF59-263B-46D9-A1E4-48E16D8D0DEC}.FullDebug|Any CPU.ActiveCfg = FullDebug|Any CPU
		{A252DF59-263B-46D9-A1E4-48E16D8D0DEC}.FullDebug|Any CPU.Build.0 = FullDebug|Any CPU
		{A252DF59-263B-46D9-A1E4-48E16D8D0DEC}.Release IntegrationRunner Use Project References|Any CPU.ActiveCfg = Release|Any CPU
		{A252DF59-263B-46D9-A1E4-48E16D8D0DEC}.Release IntegrationRunner Use Project References|Any CPU.Build.0 = Release|Any CPU
		{A252DF59-263B-46D9-A1E4-48E16D8D0DEC}.Release|Any CPU.ActiveCfg = Release|Any CPU
		{A252DF59-263B-46D9-A1E4-48E16D8D0DEC}.Release|Any CPU.Build.0 = Release|Any CPU
		{399B718D-41C6-4DD9-A7E3-B9758CAAEB89}.Debug IntegrationRunner Use Project References|Any CPU.ActiveCfg = Debug|Any CPU
		{399B718D-41C6-4DD9-A7E3-B9758CAAEB89}.Debug IntegrationRunner Use Project References|Any CPU.Build.0 = Debug|Any CPU
		{399B718D-41C6-4DD9-A7E3-B9758CAAEB89}.Debug|Any CPU.ActiveCfg = Debug|Any CPU
		{399B718D-41C6-4DD9-A7E3-B9758CAAEB89}.Debug|Any CPU.Build.0 = Debug|Any CPU
		{399B718D-41C6-4DD9-A7E3-B9758CAAEB89}.FullDebug|Any CPU.ActiveCfg = FullDebug|Any CPU
		{399B718D-41C6-4DD9-A7E3-B9758CAAEB89}.FullDebug|Any CPU.Build.0 = FullDebug|Any CPU
		{399B718D-41C6-4DD9-A7E3-B9758CAAEB89}.Release IntegrationRunner Use Project References|Any CPU.ActiveCfg = Release|Any CPU
		{399B718D-41C6-4DD9-A7E3-B9758CAAEB89}.Release IntegrationRunner Use Project References|Any CPU.Build.0 = Release|Any CPU
		{399B718D-41C6-4DD9-A7E3-B9758CAAEB89}.Release|Any CPU.ActiveCfg = Release|Any CPU
		{399B718D-41C6-4DD9-A7E3-B9758CAAEB89}.Release|Any CPU.Build.0 = Release|Any CPU
		{02DCA9CB-92A1-47C9-BF40-97DDD56DEFF3}.Debug IntegrationRunner Use Project References|Any CPU.ActiveCfg = Debug|Any CPU
		{02DCA9CB-92A1-47C9-BF40-97DDD56DEFF3}.Debug IntegrationRunner Use Project References|Any CPU.Build.0 = Debug|Any CPU
		{02DCA9CB-92A1-47C9-BF40-97DDD56DEFF3}.Debug|Any CPU.ActiveCfg = Debug|Any CPU
		{02DCA9CB-92A1-47C9-BF40-97DDD56DEFF3}.Debug|Any CPU.Build.0 = Debug|Any CPU
		{02DCA9CB-92A1-47C9-BF40-97DDD56DEFF3}.FullDebug|Any CPU.ActiveCfg = FullDebug|Any CPU
		{02DCA9CB-92A1-47C9-BF40-97DDD56DEFF3}.FullDebug|Any CPU.Build.0 = FullDebug|Any CPU
		{02DCA9CB-92A1-47C9-BF40-97DDD56DEFF3}.Release IntegrationRunner Use Project References|Any CPU.ActiveCfg = Release|Any CPU
		{02DCA9CB-92A1-47C9-BF40-97DDD56DEFF3}.Release IntegrationRunner Use Project References|Any CPU.Build.0 = Release|Any CPU
		{02DCA9CB-92A1-47C9-BF40-97DDD56DEFF3}.Release|Any CPU.ActiveCfg = Release|Any CPU
		{02DCA9CB-92A1-47C9-BF40-97DDD56DEFF3}.Release|Any CPU.Build.0 = Release|Any CPU
		{8FF55BB5-6004-4461-B8EA-19E9F41B970B}.Debug IntegrationRunner Use Project References|Any CPU.ActiveCfg = Debug|Any CPU
		{8FF55BB5-6004-4461-B8EA-19E9F41B970B}.Debug IntegrationRunner Use Project References|Any CPU.Build.0 = Debug|Any CPU
		{8FF55BB5-6004-4461-B8EA-19E9F41B970B}.Debug|Any CPU.ActiveCfg = Debug|Any CPU
		{8FF55BB5-6004-4461-B8EA-19E9F41B970B}.Debug|Any CPU.Build.0 = Debug|Any CPU
		{8FF55BB5-6004-4461-B8EA-19E9F41B970B}.FullDebug|Any CPU.ActiveCfg = FullDebug|Any CPU
		{8FF55BB5-6004-4461-B8EA-19E9F41B970B}.FullDebug|Any CPU.Build.0 = FullDebug|Any CPU
		{8FF55BB5-6004-4461-B8EA-19E9F41B970B}.Release IntegrationRunner Use Project References|Any CPU.ActiveCfg = Release|Any CPU
		{8FF55BB5-6004-4461-B8EA-19E9F41B970B}.Release IntegrationRunner Use Project References|Any CPU.Build.0 = Release|Any CPU
		{8FF55BB5-6004-4461-B8EA-19E9F41B970B}.Release|Any CPU.ActiveCfg = Release|Any CPU
		{8FF55BB5-6004-4461-B8EA-19E9F41B970B}.Release|Any CPU.Build.0 = Release|Any CPU
		{50590B39-F376-4E96-92CF-67F84C149E86}.Debug IntegrationRunner Use Project References|Any CPU.ActiveCfg = Debug|Any CPU
		{50590B39-F376-4E96-92CF-67F84C149E86}.Debug IntegrationRunner Use Project References|Any CPU.Build.0 = Debug|Any CPU
		{50590B39-F376-4E96-92CF-67F84C149E86}.Debug|Any CPU.ActiveCfg = Debug|Any CPU
		{50590B39-F376-4E96-92CF-67F84C149E86}.Debug|Any CPU.Build.0 = Debug|Any CPU
		{50590B39-F376-4E96-92CF-67F84C149E86}.FullDebug|Any CPU.ActiveCfg = FullDebug|Any CPU
		{50590B39-F376-4E96-92CF-67F84C149E86}.FullDebug|Any CPU.Build.0 = FullDebug|Any CPU
		{50590B39-F376-4E96-92CF-67F84C149E86}.Release IntegrationRunner Use Project References|Any CPU.ActiveCfg = Release|Any CPU
		{50590B39-F376-4E96-92CF-67F84C149E86}.Release IntegrationRunner Use Project References|Any CPU.Build.0 = Release|Any CPU
		{50590B39-F376-4E96-92CF-67F84C149E86}.Release|Any CPU.ActiveCfg = Release|Any CPU
		{50590B39-F376-4E96-92CF-67F84C149E86}.Release|Any CPU.Build.0 = Release|Any CPU
		{FEF0C134-505D-4206-8630-569A6762F787}.Debug IntegrationRunner Use Project References|Any CPU.ActiveCfg = Debug|Any CPU
		{FEF0C134-505D-4206-8630-569A6762F787}.Debug IntegrationRunner Use Project References|Any CPU.Build.0 = Debug|Any CPU
		{FEF0C134-505D-4206-8630-569A6762F787}.Debug|Any CPU.ActiveCfg = Debug|Any CPU
		{FEF0C134-505D-4206-8630-569A6762F787}.Debug|Any CPU.Build.0 = Debug|Any CPU
		{FEF0C134-505D-4206-8630-569A6762F787}.FullDebug|Any CPU.ActiveCfg = FullDebug|Any CPU
		{FEF0C134-505D-4206-8630-569A6762F787}.FullDebug|Any CPU.Build.0 = FullDebug|Any CPU
		{FEF0C134-505D-4206-8630-569A6762F787}.Release IntegrationRunner Use Project References|Any CPU.ActiveCfg = Release|Any CPU
		{FEF0C134-505D-4206-8630-569A6762F787}.Release IntegrationRunner Use Project References|Any CPU.Build.0 = Release|Any CPU
		{FEF0C134-505D-4206-8630-569A6762F787}.Release|Any CPU.ActiveCfg = Release|Any CPU
		{FEF0C134-505D-4206-8630-569A6762F787}.Release|Any CPU.Build.0 = Release|Any CPU
		{1C19BCFA-9965-49EC-952B-DBC753E219A2}.Debug IntegrationRunner Use Project References|Any CPU.ActiveCfg = Debug|Any CPU
		{1C19BCFA-9965-49EC-952B-DBC753E219A2}.Debug IntegrationRunner Use Project References|Any CPU.Build.0 = Debug|Any CPU
		{1C19BCFA-9965-49EC-952B-DBC753E219A2}.Debug|Any CPU.ActiveCfg = Debug|Any CPU
		{1C19BCFA-9965-49EC-952B-DBC753E219A2}.Debug|Any CPU.Build.0 = Debug|Any CPU
		{1C19BCFA-9965-49EC-952B-DBC753E219A2}.FullDebug|Any CPU.ActiveCfg = Debug|Any CPU
		{1C19BCFA-9965-49EC-952B-DBC753E219A2}.FullDebug|Any CPU.Build.0 = Debug|Any CPU
		{1C19BCFA-9965-49EC-952B-DBC753E219A2}.Release IntegrationRunner Use Project References|Any CPU.ActiveCfg = Release|Any CPU
		{1C19BCFA-9965-49EC-952B-DBC753E219A2}.Release IntegrationRunner Use Project References|Any CPU.Build.0 = Release|Any CPU
		{1C19BCFA-9965-49EC-952B-DBC753E219A2}.Release|Any CPU.ActiveCfg = Release|Any CPU
		{1C19BCFA-9965-49EC-952B-DBC753E219A2}.Release|Any CPU.Build.0 = Release|Any CPU
		{A7111722-6C8F-42AA-8CDD-732D34FB678A}.Debug IntegrationRunner Use Project References|Any CPU.ActiveCfg = Debug|Any CPU
		{A7111722-6C8F-42AA-8CDD-732D34FB678A}.Debug IntegrationRunner Use Project References|Any CPU.Build.0 = Debug|Any CPU
		{A7111722-6C8F-42AA-8CDD-732D34FB678A}.Debug|Any CPU.ActiveCfg = Debug|Any CPU
		{A7111722-6C8F-42AA-8CDD-732D34FB678A}.Debug|Any CPU.Build.0 = Debug|Any CPU
		{A7111722-6C8F-42AA-8CDD-732D34FB678A}.FullDebug|Any CPU.ActiveCfg = Debug|Any CPU
		{A7111722-6C8F-42AA-8CDD-732D34FB678A}.FullDebug|Any CPU.Build.0 = Debug|Any CPU
		{A7111722-6C8F-42AA-8CDD-732D34FB678A}.Release IntegrationRunner Use Project References|Any CPU.ActiveCfg = Release|Any CPU
		{A7111722-6C8F-42AA-8CDD-732D34FB678A}.Release IntegrationRunner Use Project References|Any CPU.Build.0 = Release|Any CPU
		{A7111722-6C8F-42AA-8CDD-732D34FB678A}.Release|Any CPU.ActiveCfg = Release|Any CPU
		{A7111722-6C8F-42AA-8CDD-732D34FB678A}.Release|Any CPU.Build.0 = Release|Any CPU
		{12BB22FD-E576-44A9-AE74-A5A673715870}.Debug IntegrationRunner Use Project References|Any CPU.ActiveCfg = Debug|Any CPU
		{12BB22FD-E576-44A9-AE74-A5A673715870}.Debug IntegrationRunner Use Project References|Any CPU.Build.0 = Debug|Any CPU
		{12BB22FD-E576-44A9-AE74-A5A673715870}.Debug|Any CPU.ActiveCfg = Debug|Any CPU
		{12BB22FD-E576-44A9-AE74-A5A673715870}.Debug|Any CPU.Build.0 = Debug|Any CPU
		{12BB22FD-E576-44A9-AE74-A5A673715870}.FullDebug|Any CPU.ActiveCfg = Debug|Any CPU
		{12BB22FD-E576-44A9-AE74-A5A673715870}.FullDebug|Any CPU.Build.0 = Debug|Any CPU
		{12BB22FD-E576-44A9-AE74-A5A673715870}.Release IntegrationRunner Use Project References|Any CPU.ActiveCfg = Release|Any CPU
		{12BB22FD-E576-44A9-AE74-A5A673715870}.Release IntegrationRunner Use Project References|Any CPU.Build.0 = Release|Any CPU
		{12BB22FD-E576-44A9-AE74-A5A673715870}.Release|Any CPU.ActiveCfg = Release|Any CPU
		{12BB22FD-E576-44A9-AE74-A5A673715870}.Release|Any CPU.Build.0 = Release|Any CPU
		{B1161915-FFB0-412A-9C65-2F4E046FA9B8}.Debug IntegrationRunner Use Project References|Any CPU.ActiveCfg = Debug|Any CPU
		{B1161915-FFB0-412A-9C65-2F4E046FA9B8}.Debug IntegrationRunner Use Project References|Any CPU.Build.0 = Debug|Any CPU
		{B1161915-FFB0-412A-9C65-2F4E046FA9B8}.Debug|Any CPU.ActiveCfg = Debug|Any CPU
		{B1161915-FFB0-412A-9C65-2F4E046FA9B8}.Debug|Any CPU.Build.0 = Debug|Any CPU
		{B1161915-FFB0-412A-9C65-2F4E046FA9B8}.FullDebug|Any CPU.ActiveCfg = Debug|Any CPU
		{B1161915-FFB0-412A-9C65-2F4E046FA9B8}.FullDebug|Any CPU.Build.0 = Debug|Any CPU
		{B1161915-FFB0-412A-9C65-2F4E046FA9B8}.Release IntegrationRunner Use Project References|Any CPU.ActiveCfg = Release|Any CPU
		{B1161915-FFB0-412A-9C65-2F4E046FA9B8}.Release IntegrationRunner Use Project References|Any CPU.Build.0 = Release|Any CPU
		{B1161915-FFB0-412A-9C65-2F4E046FA9B8}.Release|Any CPU.ActiveCfg = Release|Any CPU
		{B1161915-FFB0-412A-9C65-2F4E046FA9B8}.Release|Any CPU.Build.0 = Release|Any CPU
		{ED703B53-BF12-4F55-B35A-F8290F542E16}.Debug IntegrationRunner Use Project References|Any CPU.ActiveCfg = Debug|Any CPU
		{ED703B53-BF12-4F55-B35A-F8290F542E16}.Debug IntegrationRunner Use Project References|Any CPU.Build.0 = Debug|Any CPU
		{ED703B53-BF12-4F55-B35A-F8290F542E16}.Debug|Any CPU.ActiveCfg = Debug|Any CPU
		{ED703B53-BF12-4F55-B35A-F8290F542E16}.Debug|Any CPU.Build.0 = Debug|Any CPU
		{ED703B53-BF12-4F55-B35A-F8290F542E16}.FullDebug|Any CPU.ActiveCfg = Debug|Any CPU
		{ED703B53-BF12-4F55-B35A-F8290F542E16}.FullDebug|Any CPU.Build.0 = Debug|Any CPU
		{ED703B53-BF12-4F55-B35A-F8290F542E16}.Release IntegrationRunner Use Project References|Any CPU.ActiveCfg = Release|Any CPU
		{ED703B53-BF12-4F55-B35A-F8290F542E16}.Release IntegrationRunner Use Project References|Any CPU.Build.0 = Release|Any CPU
		{ED703B53-BF12-4F55-B35A-F8290F542E16}.Release|Any CPU.ActiveCfg = Release|Any CPU
		{ED703B53-BF12-4F55-B35A-F8290F542E16}.Release|Any CPU.Build.0 = Release|Any CPU
		{95F35BF6-1FF1-4A5F-8725-A8EA4F1D43CD}.Debug IntegrationRunner Use Project References|Any CPU.ActiveCfg = Debug|Any CPU
		{95F35BF6-1FF1-4A5F-8725-A8EA4F1D43CD}.Debug IntegrationRunner Use Project References|Any CPU.Build.0 = Debug|Any CPU
		{95F35BF6-1FF1-4A5F-8725-A8EA4F1D43CD}.Debug|Any CPU.ActiveCfg = Debug|Any CPU
		{95F35BF6-1FF1-4A5F-8725-A8EA4F1D43CD}.Debug|Any CPU.Build.0 = Debug|Any CPU
		{95F35BF6-1FF1-4A5F-8725-A8EA4F1D43CD}.FullDebug|Any CPU.ActiveCfg = Debug|Any CPU
		{95F35BF6-1FF1-4A5F-8725-A8EA4F1D43CD}.FullDebug|Any CPU.Build.0 = Debug|Any CPU
		{95F35BF6-1FF1-4A5F-8725-A8EA4F1D43CD}.Release IntegrationRunner Use Project References|Any CPU.ActiveCfg = Release|Any CPU
		{95F35BF6-1FF1-4A5F-8725-A8EA4F1D43CD}.Release IntegrationRunner Use Project References|Any CPU.Build.0 = Release|Any CPU
		{95F35BF6-1FF1-4A5F-8725-A8EA4F1D43CD}.Release|Any CPU.ActiveCfg = Release|Any CPU
		{95F35BF6-1FF1-4A5F-8725-A8EA4F1D43CD}.Release|Any CPU.Build.0 = Release|Any CPU
		{B574B177-48B2-455B-BEF8-B7D6DB5C3015}.Debug IntegrationRunner Use Project References|Any CPU.ActiveCfg = Debug|Any CPU
		{B574B177-48B2-455B-BEF8-B7D6DB5C3015}.Debug IntegrationRunner Use Project References|Any CPU.Build.0 = Debug|Any CPU
		{B574B177-48B2-455B-BEF8-B7D6DB5C3015}.Debug|Any CPU.ActiveCfg = Debug|Any CPU
		{B574B177-48B2-455B-BEF8-B7D6DB5C3015}.Debug|Any CPU.Build.0 = Debug|Any CPU
		{B574B177-48B2-455B-BEF8-B7D6DB5C3015}.FullDebug|Any CPU.ActiveCfg = FullDebug|Any CPU
		{B574B177-48B2-455B-BEF8-B7D6DB5C3015}.FullDebug|Any CPU.Build.0 = FullDebug|Any CPU
		{B574B177-48B2-455B-BEF8-B7D6DB5C3015}.Release IntegrationRunner Use Project References|Any CPU.ActiveCfg = Release|Any CPU
		{B574B177-48B2-455B-BEF8-B7D6DB5C3015}.Release IntegrationRunner Use Project References|Any CPU.Build.0 = Release|Any CPU
		{B574B177-48B2-455B-BEF8-B7D6DB5C3015}.Release|Any CPU.ActiveCfg = Release|Any CPU
		{B574B177-48B2-455B-BEF8-B7D6DB5C3015}.Release|Any CPU.Build.0 = Release|Any CPU
		{C5C0F7CF-D0A4-41F5-B426-D99F40EC0379}.Debug IntegrationRunner Use Project References|Any CPU.ActiveCfg = Debug|Any CPU
		{C5C0F7CF-D0A4-41F5-B426-D99F40EC0379}.Debug IntegrationRunner Use Project References|Any CPU.Build.0 = Debug|Any CPU
		{C5C0F7CF-D0A4-41F5-B426-D99F40EC0379}.Debug|Any CPU.ActiveCfg = Debug|Any CPU
		{C5C0F7CF-D0A4-41F5-B426-D99F40EC0379}.Debug|Any CPU.Build.0 = Debug|Any CPU
		{C5C0F7CF-D0A4-41F5-B426-D99F40EC0379}.FullDebug|Any CPU.ActiveCfg = Debug|Any CPU
		{C5C0F7CF-D0A4-41F5-B426-D99F40EC0379}.FullDebug|Any CPU.Build.0 = Debug|Any CPU
		{C5C0F7CF-D0A4-41F5-B426-D99F40EC0379}.Release IntegrationRunner Use Project References|Any CPU.ActiveCfg = Release|Any CPU
		{C5C0F7CF-D0A4-41F5-B426-D99F40EC0379}.Release IntegrationRunner Use Project References|Any CPU.Build.0 = Release|Any CPU
		{C5C0F7CF-D0A4-41F5-B426-D99F40EC0379}.Release|Any CPU.ActiveCfg = Release|Any CPU
		{C5C0F7CF-D0A4-41F5-B426-D99F40EC0379}.Release|Any CPU.Build.0 = Release|Any CPU
		{AF223BDF-576D-45FD-9A33-483BAFE1BB75}.Debug IntegrationRunner Use Project References|Any CPU.ActiveCfg = Debug|Any CPU
		{AF223BDF-576D-45FD-9A33-483BAFE1BB75}.Debug IntegrationRunner Use Project References|Any CPU.Build.0 = Debug|Any CPU
		{AF223BDF-576D-45FD-9A33-483BAFE1BB75}.Debug|Any CPU.ActiveCfg = Debug|Any CPU
		{AF223BDF-576D-45FD-9A33-483BAFE1BB75}.Debug|Any CPU.Build.0 = Debug|Any CPU
		{AF223BDF-576D-45FD-9A33-483BAFE1BB75}.FullDebug|Any CPU.ActiveCfg = FullDebug|Any CPU
		{AF223BDF-576D-45FD-9A33-483BAFE1BB75}.FullDebug|Any CPU.Build.0 = FullDebug|Any CPU
		{AF223BDF-576D-45FD-9A33-483BAFE1BB75}.Release IntegrationRunner Use Project References|Any CPU.ActiveCfg = Release|Any CPU
		{AF223BDF-576D-45FD-9A33-483BAFE1BB75}.Release IntegrationRunner Use Project References|Any CPU.Build.0 = Release|Any CPU
		{AF223BDF-576D-45FD-9A33-483BAFE1BB75}.Release|Any CPU.ActiveCfg = Release|Any CPU
		{AF223BDF-576D-45FD-9A33-483BAFE1BB75}.Release|Any CPU.Build.0 = Release|Any CPU
		{BF2C14B3-EF9B-4BE9-A843-EAA05368BD5A}.Debug IntegrationRunner Use Project References|Any CPU.ActiveCfg = Debug|Any CPU
		{BF2C14B3-EF9B-4BE9-A843-EAA05368BD5A}.Debug IntegrationRunner Use Project References|Any CPU.Build.0 = Debug|Any CPU
		{BF2C14B3-EF9B-4BE9-A843-EAA05368BD5A}.Debug|Any CPU.ActiveCfg = Debug|Any CPU
		{BF2C14B3-EF9B-4BE9-A843-EAA05368BD5A}.Debug|Any CPU.Build.0 = Debug|Any CPU
		{BF2C14B3-EF9B-4BE9-A843-EAA05368BD5A}.FullDebug|Any CPU.ActiveCfg = FullDebug|Any CPU
		{BF2C14B3-EF9B-4BE9-A843-EAA05368BD5A}.FullDebug|Any CPU.Build.0 = FullDebug|Any CPU
		{BF2C14B3-EF9B-4BE9-A843-EAA05368BD5A}.Release IntegrationRunner Use Project References|Any CPU.ActiveCfg = Release|Any CPU
		{BF2C14B3-EF9B-4BE9-A843-EAA05368BD5A}.Release IntegrationRunner Use Project References|Any CPU.Build.0 = Release|Any CPU
		{BF2C14B3-EF9B-4BE9-A843-EAA05368BD5A}.Release|Any CPU.ActiveCfg = Release|Any CPU
		{BF2C14B3-EF9B-4BE9-A843-EAA05368BD5A}.Release|Any CPU.Build.0 = Release|Any CPU
		{BF5D524C-0582-4471-BC79-B04B2D8DFCDB}.Debug IntegrationRunner Use Project References|Any CPU.ActiveCfg = Debug|Any CPU
		{BF5D524C-0582-4471-BC79-B04B2D8DFCDB}.Debug IntegrationRunner Use Project References|Any CPU.Build.0 = Debug|Any CPU
		{BF5D524C-0582-4471-BC79-B04B2D8DFCDB}.Debug|Any CPU.ActiveCfg = Debug|Any CPU
		{BF5D524C-0582-4471-BC79-B04B2D8DFCDB}.Debug|Any CPU.Build.0 = Debug|Any CPU
		{BF5D524C-0582-4471-BC79-B04B2D8DFCDB}.FullDebug|Any CPU.ActiveCfg = FullDebug|Any CPU
		{BF5D524C-0582-4471-BC79-B04B2D8DFCDB}.FullDebug|Any CPU.Build.0 = FullDebug|Any CPU
		{BF5D524C-0582-4471-BC79-B04B2D8DFCDB}.Release IntegrationRunner Use Project References|Any CPU.ActiveCfg = Release|Any CPU
		{BF5D524C-0582-4471-BC79-B04B2D8DFCDB}.Release IntegrationRunner Use Project References|Any CPU.Build.0 = Release|Any CPU
		{BF5D524C-0582-4471-BC79-B04B2D8DFCDB}.Release|Any CPU.ActiveCfg = Release|Any CPU
		{BF5D524C-0582-4471-BC79-B04B2D8DFCDB}.Release|Any CPU.Build.0 = Release|Any CPU
		{2929117D-FB33-4BD6-8F20-4B623C114438}.Debug IntegrationRunner Use Project References|Any CPU.ActiveCfg = Debug Use Project References|Any CPU
		{2929117D-FB33-4BD6-8F20-4B623C114438}.Debug IntegrationRunner Use Project References|Any CPU.Build.0 = Debug Use Project References|Any CPU
		{2929117D-FB33-4BD6-8F20-4B623C114438}.Debug|Any CPU.ActiveCfg = Debug|Any CPU
		{2929117D-FB33-4BD6-8F20-4B623C114438}.Debug|Any CPU.Build.0 = Debug|Any CPU
		{2929117D-FB33-4BD6-8F20-4B623C114438}.FullDebug|Any CPU.ActiveCfg = Debug|Any CPU
		{2929117D-FB33-4BD6-8F20-4B623C114438}.FullDebug|Any CPU.Build.0 = Debug|Any CPU
		{2929117D-FB33-4BD6-8F20-4B623C114438}.Release IntegrationRunner Use Project References|Any CPU.ActiveCfg = Release Use Project References|Any CPU
		{2929117D-FB33-4BD6-8F20-4B623C114438}.Release IntegrationRunner Use Project References|Any CPU.Build.0 = Release Use Project References|Any CPU
		{2929117D-FB33-4BD6-8F20-4B623C114438}.Release|Any CPU.ActiveCfg = Release|Any CPU
		{2929117D-FB33-4BD6-8F20-4B623C114438}.Release|Any CPU.Build.0 = Release|Any CPU
	EndGlobalSection
	GlobalSection(SolutionProperties) = preSolution
		HideSolutionNode = FALSE
	EndGlobalSection
	GlobalSection(NestedProjects) = preSolution
		{78C3855A-EEE7-4283-BE5F-71F3E3677C11} = {F2ADD1CA-E231-4E88-B0EE-5C6885422629}
		{AB8DB957-28A1-4D39-B924-F8E3E39020E4} = {D0F1B9D3-DD8C-4F25-B7AF-0C2EB4E17AC3}
		{53FC6D68-1234-4395-B2F3-DB9918046053} = {D0F1B9D3-DD8C-4F25-B7AF-0C2EB4E17AC3}
		{AF505677-1DBE-4268-B6A8-658ABF784F8A} = {D0F1B9D3-DD8C-4F25-B7AF-0C2EB4E17AC3}
		{225B212A-F4EE-4828-96C0-92A7117BA1C1} = {D0F1B9D3-DD8C-4F25-B7AF-0C2EB4E17AC3}
		{3C71FE17-2A9B-40D1-AABF-E4C70165C6C4} = {D0F1B9D3-DD8C-4F25-B7AF-0C2EB4E17AC3}
		{A1F3DE53-D965-4398-AE84-1B066626CDC3} = {D0F1B9D3-DD8C-4F25-B7AF-0C2EB4E17AC3}
		{4B05E790-92F8-4F2A-9DF2-B77FDF22B28E} = {39731466-DC8C-4FB2-A4D3-C4212A87700A}
		{0BDEB106-877A-40C3-A9DB-6A604F8D873A} = {D0F1B9D3-DD8C-4F25-B7AF-0C2EB4E17AC3}
		{3FEBF95F-0C04-4600-ACD8-7495C24A7908} = {39731466-DC8C-4FB2-A4D3-C4212A87700A}
		{EFE8FB49-8AC1-4C13-93DF-76F2B79CE034} = {D0F1B9D3-DD8C-4F25-B7AF-0C2EB4E17AC3}
		{A252DF59-263B-46D9-A1E4-48E16D8D0DEC} = {F2ADD1CA-E231-4E88-B0EE-5C6885422629}
		{399B718D-41C6-4DD9-A7E3-B9758CAAEB89} = {F2ADD1CA-E231-4E88-B0EE-5C6885422629}
		{02DCA9CB-92A1-47C9-BF40-97DDD56DEFF3} = {D0F1B9D3-DD8C-4F25-B7AF-0C2EB4E17AC3}
		{8FF55BB5-6004-4461-B8EA-19E9F41B970B} = {39731466-DC8C-4FB2-A4D3-C4212A87700A}
		{50590B39-F376-4E96-92CF-67F84C149E86} = {97D67019-21A7-4591-A216-1B76BD0E68A4}
		{FEF0C134-505D-4206-8630-569A6762F787} = {97D67019-21A7-4591-A216-1B76BD0E68A4}
		{1C19BCFA-9965-49EC-952B-DBC753E219A2} = {B00E560D-AE0C-48E1-9013-57115AF05F41}
		{A7111722-6C8F-42AA-8CDD-732D34FB678A} = {B00E560D-AE0C-48E1-9013-57115AF05F41}
		{12BB22FD-E576-44A9-AE74-A5A673715870} = {7D787B73-D44A-4B65-B83F-4AF4A752F26C}
		{7D787B73-D44A-4B65-B83F-4AF4A752F26C} = {B00E560D-AE0C-48E1-9013-57115AF05F41}
		{B1161915-FFB0-412A-9C65-2F4E046FA9B8} = {B00E560D-AE0C-48E1-9013-57115AF05F41}
		{ED703B53-BF12-4F55-B35A-F8290F542E16} = {314A4A1E-1671-4F4C-BA1F-DEE73D584677}
		{314A4A1E-1671-4F4C-BA1F-DEE73D584677} = {4B5D75F5-E2FC-4CCB-90EF-6DC4A0193032}
		{DEA0937C-6F6B-4B25-8F9B-0ABE82978321} = {B00E560D-AE0C-48E1-9013-57115AF05F41}
		{95F35BF6-1FF1-4A5F-8725-A8EA4F1D43CD} = {DEA0937C-6F6B-4B25-8F9B-0ABE82978321}
		{39731466-DC8C-4FB2-A4D3-C4212A87700A} = {4B5D75F5-E2FC-4CCB-90EF-6DC4A0193032}
		{D0F1B9D3-DD8C-4F25-B7AF-0C2EB4E17AC3} = {4B5D75F5-E2FC-4CCB-90EF-6DC4A0193032}
		{97D67019-21A7-4591-A216-1B76BD0E68A4} = {4B5D75F5-E2FC-4CCB-90EF-6DC4A0193032}
		{B574B177-48B2-455B-BEF8-B7D6DB5C3015} = {97D67019-21A7-4591-A216-1B76BD0E68A4}
		{C5C0F7CF-D0A4-41F5-B426-D99F40EC0379} = {B00E560D-AE0C-48E1-9013-57115AF05F41}
		{A2259B13-A115-4EA3-9DFB-5411DB88EA6F} = {4B5D75F5-E2FC-4CCB-90EF-6DC4A0193032}
		{AF223BDF-576D-45FD-9A33-483BAFE1BB75} = {A2259B13-A115-4EA3-9DFB-5411DB88EA6F}
		{BF2C14B3-EF9B-4BE9-A843-EAA05368BD5A} = {A2259B13-A115-4EA3-9DFB-5411DB88EA6F}
		{F2ADD1CA-E231-4E88-B0EE-5C6885422629} = {4B5D75F5-E2FC-4CCB-90EF-6DC4A0193032}
		{BF5D524C-0582-4471-BC79-B04B2D8DFCDB} = {314A4A1E-1671-4F4C-BA1F-DEE73D584677}
		{0E5F5704-5289-4C65-AD4E-364CD5F60C44} = {D33B7DF4-8AC5-47D1-A782-AC5078FFDEC7}
		{2929117D-FB33-4BD6-8F20-4B623C114438} = {0E5F5704-5289-4C65-AD4E-364CD5F60C44}
	EndGlobalSection
	GlobalSection(ExtensibilityGlobals) = postSolution
		FileExplorer = |build\|docs\|LibrarySets\|submodules\Firely.Cql.Sdk.Integration.Runner\NodeJsUtils\
		SolutionGuid = {366252DE-C2FB-4EAC-96EE-22210BD43DE2}
	EndGlobalSection
EndGlobal
