Microsoft Visual Studio Solution File, Format Version 12.00
# Visual Studio Version 17
VisualStudioVersion = 17.10.34607.79
MinimumVisualStudioVersion = 10.0.40219.1
Project("{9A19103F-16F7-4668-BE54-9A1E7A4F7556}") = "Elm", "Cql\Elm\Elm.csproj", "{78C3855A-EEE7-4283-BE5F-71F3E3677C11}"
EndProject
Project("{9A19103F-16F7-4668-BE54-9A1E7A4F7556}") = "Iso8601", "Cql\Iso8601\Iso8601.csproj", "{AB8DB957-28A1-4D39-B924-F8E3E39020E4}"
EndProject
Project("{9A19103F-16F7-4668-BE54-9A1E7A4F7556}") = "CodeGeneration.NET", "Cql\CodeGeneration.NET\CodeGeneration.NET.csproj", "{4B05E790-92F8-4F2A-9DF2-B77FDF22B28E}"
EndProject
Project("{9A19103F-16F7-4668-BE54-9A1E7A4F7556}") = "Cql.Runtime", "Cql\Cql.Runtime\Cql.Runtime.csproj", "{0BDEB106-877A-40C3-A9DB-6A604F8D873A}"
EndProject
Project("{9A19103F-16F7-4668-BE54-9A1E7A4F7556}") = "Cql.Compiler", "Cql\Cql.Compiler\Cql.Compiler.csproj", "{3FEBF95F-0C04-4600-ACD8-7495C24A7908}"
EndProject
Project("{9A19103F-16F7-4668-BE54-9A1E7A4F7556}") = "Cql.Model", "Cql\Cql.Model\Cql.Model.csproj", "{A252DF59-263B-46D9-A1E4-48E16D8D0DEC}"
EndProject
Project("{9A19103F-16F7-4668-BE54-9A1E7A4F7556}") = "Cql.Firely", "Cql\Cql.Firely\Cql.Firely.csproj", "{399B718D-41C6-4DD9-A7E3-B9758CAAEB89}"
EndProject
Project("{9A19103F-16F7-4668-BE54-9A1E7A4F7556}") = "Cql.Abstractions", "Cql\Cql.Abstractions\Cql.Abstractions.csproj", "{02DCA9CB-92A1-47C9-BF40-97DDD56DEFF3}"
EndProject
Project("{9A19103F-16F7-4668-BE54-9A1E7A4F7556}") = "Cql", "Cql\Cql\Cql.csproj", "{8FF55BB5-6004-4461-B8EA-19E9F41B970B}"
EndProject
Project("{9A19103F-16F7-4668-BE54-9A1E7A4F7556}") = "Cql.Packaging", "Cql\Cql.Packaging\Cql.Packaging.csproj", "{50590B39-F376-4E96-92CF-67F84C149E86}"
EndProject
Project("{9A19103F-16F7-4668-BE54-9A1E7A4F7556}") = "PackagerCLI", "Cql\PackagerCLI\PackagerCLI.csproj", "{FEF0C134-505D-4206-8630-569A6762F787}"
EndProject
Project("{9A19103F-16F7-4668-BE54-9A1E7A4F7556}") = "Measures.Demo", "Demo\Measures.Demo\Measures.Demo.csproj", "{A7111722-6C8F-42AA-8CDD-732D34FB678A}"
	ProjectSection(ProjectDependencies) = postProject
		{FEF0C134-505D-4206-8630-569A6762F787} = {FEF0C134-505D-4206-8630-569A6762F787}
	EndProjectSection
EndProject
Project("{9A19103F-16F7-4668-BE54-9A1E7A4F7556}") = "CLI", "Demo\CLI\CLI.csproj", "{12BB22FD-E576-44A9-AE74-A5A673715870}"
EndProject
Project("{2150E333-8FDC-42A3-9474-1A3956D46DE8}") = "20 Demo CLI", "20 Demo CLI", "{7D787B73-D44A-4B65-B83F-4AF4A752F26C}"
EndProject
Project("{2150E333-8FDC-42A3-9474-1A3956D46DE8}") = "CQL SDK", "CQL SDK", "{4B5D75F5-E2FC-4CCB-90EF-6DC4A0193032}"
	ProjectSection(SolutionItems) = preProject
		.editorconfig = .editorconfig
		cql-base.props = cql-base.props
		cql-sdk.props = cql-sdk.props
	EndProjectSection
EndProject
Project("{2150E333-8FDC-42A3-9474-1A3956D46DE8}") = "Demo", "Demo", "{B00E560D-AE0C-48E1-9013-57115AF05F41}"
	ProjectSection(SolutionItems) = preProject
		Demo\cql-demo.props = Demo\cql-demo.props
	EndProjectSection
EndProject
Project("{9A19103F-16F7-4668-BE54-9A1E7A4F7556}") = "Measures.ecqm-content-qicore-2024", "Demo\Measures.ecqm-content-qicore-2024\Measures.ecqm-content-qicore-2024.csproj", "{B1161915-FFB0-412A-9C65-2F4E046FA9B8}"
	ProjectSection(ProjectDependencies) = postProject
		{FEF0C134-505D-4206-8630-569A6762F787} = {FEF0C134-505D-4206-8630-569A6762F787}
	EndProjectSection
EndProject
Project("{9A19103F-16F7-4668-BE54-9A1E7A4F7556}") = "CoreTests", "Cql\CoreTests\CoreTests.csproj", "{ED703B53-BF12-4F55-B35A-F8290F542E16}"
	ProjectSection(ProjectDependencies) = postProject
		{FEF0C134-505D-4206-8630-569A6762F787} = {FEF0C134-505D-4206-8630-569A6762F787}
	EndProjectSection
EndProject
Project("{9A19103F-16F7-4668-BE54-9A1E7A4F7556}") = "Test.Measures.Demo", "Demo\Test.Measures.Demo\Test.Measures.Demo.csproj", "{95F35BF6-1FF1-4A5F-8725-A8EA4F1D43CD}"
	ProjectSection(ProjectDependencies) = postProject
		{A7111722-6C8F-42AA-8CDD-732D34FB678A} = {A7111722-6C8F-42AA-8CDD-732D34FB678A}
		{FEF0C134-505D-4206-8630-569A6762F787} = {FEF0C134-505D-4206-8630-569A6762F787}
	EndProjectSection
EndProject
Project("{2150E333-8FDC-42A3-9474-1A3956D46DE8}") = "30 Elm to C#", "30 Elm to C#", "{39731466-DC8C-4FB2-A4D3-C4212A87700A}"
EndProject
Project("{2150E333-8FDC-42A3-9474-1A3956D46DE8}") = "00 Runtime", "00 Runtime", "{D0F1B9D3-DD8C-4F25-B7AF-0C2EB4E17AC3}"
EndProject
Project("{2150E333-8FDC-42A3-9474-1A3956D46DE8}") = "40 FHIR Resource Packaging", "40 FHIR Resource Packaging", "{97D67019-21A7-4591-A216-1B76BD0E68A4}"
EndProject
Project("{9A19103F-16F7-4668-BE54-9A1E7A4F7556}") = "Measures.Authoring", "Demo\Measures.Authoring\Measures.Authoring.csproj", "{C5C0F7CF-D0A4-41F5-B426-D99F40EC0379}"
	ProjectSection(ProjectDependencies) = postProject
		{FEF0C134-505D-4206-8630-569A6762F787} = {FEF0C134-505D-4206-8630-569A6762F787}
	EndProjectSection
EndProject
Project("{2150E333-8FDC-42A3-9474-1A3956D46DE8}") = "20 Cql to Elm", "20 Cql to Elm", "{A2259B13-A115-4EA3-9DFB-5411DB88EA6F}"
EndProject
Project("{9A19103F-16F7-4668-BE54-9A1E7A4F7556}") = "Cql.Grammar", "Cql\Cql.Grammar\Cql.Grammar.csproj", "{AF223BDF-576D-45FD-9A33-483BAFE1BB75}"
EndProject
Project("{9A19103F-16F7-4668-BE54-9A1E7A4F7556}") = "Cql.CqlToElm", "Cql\Cql.CqlToElm\Cql.CqlToElm.csproj", "{BF2C14B3-EF9B-4BE9-A843-EAA05368BD5A}"
EndProject
Project("{2150E333-8FDC-42A3-9474-1A3956D46DE8}") = "10 Model", "10 Model", "{F2ADD1CA-E231-4E88-B0EE-5C6885422629}"
EndProject
Project("{9A19103F-16F7-4668-BE54-9A1E7A4F7556}") = "CqlToElmTests", "Cql\CqlToElmTests\CqlToElmTests.csproj", "{BF5D524C-0582-4471-BC79-B04B2D8DFCDB}"
	ProjectSection(ProjectDependencies) = postProject
		{FEF0C134-505D-4206-8630-569A6762F787} = {FEF0C134-505D-4206-8630-569A6762F787}
	EndProjectSection
EndProject
Project("{2150E333-8FDC-42A3-9474-1A3956D46DE8}") = "submodules", "submodules", "{D33B7DF4-8AC5-47D1-A782-AC5078FFDEC7}"
EndProject
Project("{2150E333-8FDC-42A3-9474-1A3956D46DE8}") = "Firely.Cql.Sdk.Integration.Runner", "Firely.Cql.Sdk.Integration.Runner", "{0E5F5704-5289-4C65-AD4E-364CD5F60C44}"
EndProject
Project("{9A19103F-16F7-4668-BE54-9A1E7A4F7556}") = "IntegrationRunner", "submodules\Firely.Cql.Sdk.Integration.Runner\IntegrationRunner\IntegrationRunner.csproj", "{2929117D-FB33-4BD6-8F20-4B623C114438}"
EndProject
Project("{2150E333-8FDC-42A3-9474-1A3956D46DE8}") = "Ncqa", "Ncqa", "{1AF2E4B2-99C5-4678-B926-D224CC83A8F7}"
	ProjectSection(SolutionItems) = preProject
		submodules\Ncqa.DQIC\.gitignore = submodules\Ncqa.DQIC\.gitignore
	EndProjectSection
EndProject
Project("{9A19103F-16F7-4668-BE54-9A1E7A4F7556}") = "BuildArtifacts", "submodules\Ncqa.DQIC\BuildArtifacts\BuildArtifacts.csproj", "{B5BF0EDC-D95F-4368-A74B-B5794FB34F9E}"
EndProject
Project("{9A19103F-16F7-4668-BE54-9A1E7A4F7556}") = "Ncqa.HT.DeckTests", "submodules\Ncqa.DQIC\Ncqa.HT.DeckTests\Ncqa.HT.DeckTests.csproj", "{C573B0CB-733A-4E22-9693-4581E683109C}"
EndProject
Project("{9A19103F-16F7-4668-BE54-9A1E7A4F7556}") = "Ncqa.HT.MeasuresTests", "submodules\Ncqa.DQIC\Ncqa.HT.MeasuresTests\Ncqa.HT.MeasuresTests.csproj", "{584116D7-4E88-401E-8089-BAA6A35DB591}"
EndProject
Project("{FAE04EC0-301F-11D3-BF4B-00C04F79EFBC}") = "Benchmarks", "Cql\Benchmarks\Benchmarks.csproj", "{B4C6C534-15E6-4364-A68C-286EB0EFAD50}"
EndProject
Project("{2150E333-8FDC-42A3-9474-1A3956D46DE8}") = "00 MSBuild Tooling", "00 MSBuild Tooling", "{02EA681E-C7D8-13C7-8484-4AC65E1B71E8}"
EndProject
Project("{2150E333-8FDC-42A3-9474-1A3956D46DE8}") = "10 Demo Projects", "10 Demo Projects", "{85401759-2C64-414D-9882-4DB1EA41C2ED}"
EndProject
Project("{2150E333-8FDC-42A3-9474-1A3956D46DE8}") = "CQL Packaging CLI", "CQL Packaging CLI", "{295F5788-3893-4794-A574-4B0A75A3A4BC}"
EndProject
Project("{2150E333-8FDC-42A3-9474-1A3956D46DE8}") = "Tests", "Tests", "{360E03FF-3AA0-4619-ACCA-93E78265F6DD}"
EndProject
Project("{FAE04EC0-301F-11D3-BF4B-00C04F79EFBC}") = "Cql", "Demo\Cql\Cql.csproj", "{A50AA2A0-7868-73A7-2E02-E810842576F9}"
EndProject
Project("{2150E333-8FDC-42A3-9474-1A3956D46DE8}") = "55 Library Invocation", "55 Library Invocation", "{ACE1D5DB-B8BB-4DC0-B04C-203982E59EC2}"
EndProject
Project("{FAE04EC0-301F-11D3-BF4B-00C04F79EFBC}") = "Cql.Invocation", "Cql\Cql.Invocation\Cql.Invocation.csproj", "{50C55FF2-5362-454A-85B9-201E96A3C779}"
EndProject
Project("{FAE04EC0-301F-11D3-BF4B-00C04F79EFBC}") = "Ncqa.HT.Infrastructure", "submodules\Ncqa.DQIC\Ncqa.HT.Infrastructure\Ncqa.HT.Infrastructure.csproj", "{BAEF695A-5581-B3EE-B352-CBF447240E55}"
EndProject
Project("{2150E333-8FDC-42A3-9474-1A3956D46DE8}") = "Examples", "Examples", "{14ED22C5-F918-42DB-A301-04B3AED51EBC}"
	ProjectSection(SolutionItems) = preProject
		Examples\CqlSdkExamplesCodeGeneration.targets = Examples\CqlSdkExamplesCodeGeneration.targets
	EndProjectSection
EndProject
Project("{2150E333-8FDC-42A3-9474-1A3956D46DE8}") = "Solution Items", "Solution Items", "{8EC462FD-D22E-90A8-E5CE-7E832BA40C5D}"
	ProjectSection(SolutionItems) = preProject
		.editorconfig = .editorconfig
		.gitattributes = .gitattributes
		.gitignore = .gitignore
		.gitmodules = .gitmodules
		build-elm.ps1 = build-elm.ps1
		build-local-nuget.ps1 = build-local-nuget.ps1
		build-publicapi.ps1 = build-publicapi.ps1
		.github\copilot-instructions.md = .github\copilot-instructions.md
		LICENSE = LICENSE
		NuGet.config = NuGet.config
		README.md = README.md
	EndProjectSection
EndProject
Project("{FAE04EC0-301F-11D3-BF4B-00C04F79EFBC}") = "CqlSdkExamples", "Examples\CqlSdkExamples\CqlSdkExamples.csproj", "{93532653-75AF-025F-00F7-1B34C75DF1C1}"
EndProject
Project("{FAE04EC0-301F-11D3-BF4B-00C04F79EFBC}") = "CqlSdkExamplesPreview", "Examples\CqlSdkExamplesPreview\CqlSdkExamplesPreview.csproj", "{A1234567-89AB-CDEF-1234-567890ABCDEF}"
EndProject
Project("{FAE04EC0-301F-11D3-BF4B-00C04F79EFBC}") = "Measures.ecqm-content-cms-2025", "Demo\Measures.ecqm-content-cms-2025\Measures.ecqm-content-cms-2025.csproj", "{4125CA3B-A8E7-23C9-4E7B-DAA8D5226E9E}"
EndProject
Project("{FAE04EC0-301F-11D3-BF4B-00C04F79EFBC}") = "Measures.ecqm-content-qicore-2025", "Demo\Measures.ecqm-content-qicore-2025\Measures.ecqm-content-qicore-2025.csproj", "{32AF150E-FA7A-DACF-B262-49754A42D628}"
EndProject
Global
	GlobalSection(SolutionConfigurationPlatforms) = preSolution
		Debug|Any CPU = Debug|Any CPU
		Release|Any CPU = Release|Any CPU
	EndGlobalSection
	GlobalSection(ProjectConfigurationPlatforms) = postSolution
		{78C3855A-EEE7-4283-BE5F-71F3E3677C11}.Debug|Any CPU.ActiveCfg = Debug|Any CPU
		{78C3855A-EEE7-4283-BE5F-71F3E3677C11}.Debug|Any CPU.Build.0 = Debug|Any CPU
		{78C3855A-EEE7-4283-BE5F-71F3E3677C11}.Release|Any CPU.ActiveCfg = Release|Any CPU
		{78C3855A-EEE7-4283-BE5F-71F3E3677C11}.Release|Any CPU.Build.0 = Release|Any CPU
		{AB8DB957-28A1-4D39-B924-F8E3E39020E4}.Debug|Any CPU.ActiveCfg = Debug|Any CPU
		{AB8DB957-28A1-4D39-B924-F8E3E39020E4}.Debug|Any CPU.Build.0 = Debug|Any CPU
		{AB8DB957-28A1-4D39-B924-F8E3E39020E4}.Release|Any CPU.ActiveCfg = Release|Any CPU
		{AB8DB957-28A1-4D39-B924-F8E3E39020E4}.Release|Any CPU.Build.0 = Release|Any CPU
		{4B05E790-92F8-4F2A-9DF2-B77FDF22B28E}.Debug|Any CPU.ActiveCfg = Debug|Any CPU
		{4B05E790-92F8-4F2A-9DF2-B77FDF22B28E}.Debug|Any CPU.Build.0 = Debug|Any CPU
		{4B05E790-92F8-4F2A-9DF2-B77FDF22B28E}.Release|Any CPU.ActiveCfg = Release|Any CPU
		{4B05E790-92F8-4F2A-9DF2-B77FDF22B28E}.Release|Any CPU.Build.0 = Release|Any CPU
		{0BDEB106-877A-40C3-A9DB-6A604F8D873A}.Debug|Any CPU.ActiveCfg = Debug|Any CPU
		{0BDEB106-877A-40C3-A9DB-6A604F8D873A}.Debug|Any CPU.Build.0 = Debug|Any CPU
		{0BDEB106-877A-40C3-A9DB-6A604F8D873A}.Release|Any CPU.ActiveCfg = Release|Any CPU
		{0BDEB106-877A-40C3-A9DB-6A604F8D873A}.Release|Any CPU.Build.0 = Release|Any CPU
		{3FEBF95F-0C04-4600-ACD8-7495C24A7908}.Debug|Any CPU.ActiveCfg = Debug|Any CPU
		{3FEBF95F-0C04-4600-ACD8-7495C24A7908}.Debug|Any CPU.Build.0 = Debug|Any CPU
		{3FEBF95F-0C04-4600-ACD8-7495C24A7908}.Release|Any CPU.ActiveCfg = Release|Any CPU
		{3FEBF95F-0C04-4600-ACD8-7495C24A7908}.Release|Any CPU.Build.0 = Release|Any CPU
		{A252DF59-263B-46D9-A1E4-48E16D8D0DEC}.Debug|Any CPU.ActiveCfg = Debug|Any CPU
		{A252DF59-263B-46D9-A1E4-48E16D8D0DEC}.Debug|Any CPU.Build.0 = Debug|Any CPU
		{A252DF59-263B-46D9-A1E4-48E16D8D0DEC}.Release|Any CPU.ActiveCfg = Release|Any CPU
		{A252DF59-263B-46D9-A1E4-48E16D8D0DEC}.Release|Any CPU.Build.0 = Release|Any CPU
		{399B718D-41C6-4DD9-A7E3-B9758CAAEB89}.Debug|Any CPU.ActiveCfg = Debug|Any CPU
		{399B718D-41C6-4DD9-A7E3-B9758CAAEB89}.Debug|Any CPU.Build.0 = Debug|Any CPU
		{399B718D-41C6-4DD9-A7E3-B9758CAAEB89}.Release|Any CPU.ActiveCfg = Release|Any CPU
		{399B718D-41C6-4DD9-A7E3-B9758CAAEB89}.Release|Any CPU.Build.0 = Release|Any CPU
		{02DCA9CB-92A1-47C9-BF40-97DDD56DEFF3}.Debug|Any CPU.ActiveCfg = Debug|Any CPU
		{02DCA9CB-92A1-47C9-BF40-97DDD56DEFF3}.Debug|Any CPU.Build.0 = Debug|Any CPU
		{02DCA9CB-92A1-47C9-BF40-97DDD56DEFF3}.Release|Any CPU.ActiveCfg = Release|Any CPU
		{02DCA9CB-92A1-47C9-BF40-97DDD56DEFF3}.Release|Any CPU.Build.0 = Release|Any CPU
		{8FF55BB5-6004-4461-B8EA-19E9F41B970B}.Debug|Any CPU.ActiveCfg = Debug|Any CPU
		{8FF55BB5-6004-4461-B8EA-19E9F41B970B}.Debug|Any CPU.Build.0 = Debug|Any CPU
		{8FF55BB5-6004-4461-B8EA-19E9F41B970B}.Release|Any CPU.ActiveCfg = Release|Any CPU
		{8FF55BB5-6004-4461-B8EA-19E9F41B970B}.Release|Any CPU.Build.0 = Release|Any CPU
		{50590B39-F376-4E96-92CF-67F84C149E86}.Debug|Any CPU.ActiveCfg = Debug|Any CPU
		{50590B39-F376-4E96-92CF-67F84C149E86}.Debug|Any CPU.Build.0 = Debug|Any CPU
		{50590B39-F376-4E96-92CF-67F84C149E86}.Release|Any CPU.ActiveCfg = Release|Any CPU
		{50590B39-F376-4E96-92CF-67F84C149E86}.Release|Any CPU.Build.0 = Release|Any CPU
		{FEF0C134-505D-4206-8630-569A6762F787}.Debug|Any CPU.ActiveCfg = Debug|Any CPU
		{FEF0C134-505D-4206-8630-569A6762F787}.Debug|Any CPU.Build.0 = Debug|Any CPU
		{FEF0C134-505D-4206-8630-569A6762F787}.Release|Any CPU.ActiveCfg = Release|Any CPU
		{FEF0C134-505D-4206-8630-569A6762F787}.Release|Any CPU.Build.0 = Release|Any CPU
		{A7111722-6C8F-42AA-8CDD-732D34FB678A}.Debug|Any CPU.ActiveCfg = Debug|Any CPU
		{A7111722-6C8F-42AA-8CDD-732D34FB678A}.Debug|Any CPU.Build.0 = Debug|Any CPU
		{A7111722-6C8F-42AA-8CDD-732D34FB678A}.Release|Any CPU.ActiveCfg = Release|Any CPU
		{A7111722-6C8F-42AA-8CDD-732D34FB678A}.Release|Any CPU.Build.0 = Release|Any CPU
		{12BB22FD-E576-44A9-AE74-A5A673715870}.Debug|Any CPU.ActiveCfg = Debug|Any CPU
		{12BB22FD-E576-44A9-AE74-A5A673715870}.Debug|Any CPU.Build.0 = Debug|Any CPU
		{12BB22FD-E576-44A9-AE74-A5A673715870}.Release|Any CPU.ActiveCfg = Release|Any CPU
		{12BB22FD-E576-44A9-AE74-A5A673715870}.Release|Any CPU.Build.0 = Release|Any CPU
		{B1161915-FFB0-412A-9C65-2F4E046FA9B8}.Debug|Any CPU.ActiveCfg = Debug|Any CPU
		{B1161915-FFB0-412A-9C65-2F4E046FA9B8}.Debug|Any CPU.Build.0 = Debug|Any CPU
		{B1161915-FFB0-412A-9C65-2F4E046FA9B8}.Release|Any CPU.ActiveCfg = Release|Any CPU
		{B1161915-FFB0-412A-9C65-2F4E046FA9B8}.Release|Any CPU.Build.0 = Release|Any CPU
		{ED703B53-BF12-4F55-B35A-F8290F542E16}.Debug|Any CPU.ActiveCfg = Debug|Any CPU
		{ED703B53-BF12-4F55-B35A-F8290F542E16}.Debug|Any CPU.Build.0 = Debug|Any CPU
		{ED703B53-BF12-4F55-B35A-F8290F542E16}.Release|Any CPU.ActiveCfg = Release|Any CPU
		{ED703B53-BF12-4F55-B35A-F8290F542E16}.Release|Any CPU.Build.0 = Release|Any CPU
		{95F35BF6-1FF1-4A5F-8725-A8EA4F1D43CD}.Debug|Any CPU.ActiveCfg = Debug|Any CPU
		{95F35BF6-1FF1-4A5F-8725-A8EA4F1D43CD}.Debug|Any CPU.Build.0 = Debug|Any CPU
		{95F35BF6-1FF1-4A5F-8725-A8EA4F1D43CD}.Release|Any CPU.ActiveCfg = Release|Any CPU
		{95F35BF6-1FF1-4A5F-8725-A8EA4F1D43CD}.Release|Any CPU.Build.0 = Release|Any CPU
		{C5C0F7CF-D0A4-41F5-B426-D99F40EC0379}.Debug|Any CPU.ActiveCfg = Debug|Any CPU
		{C5C0F7CF-D0A4-41F5-B426-D99F40EC0379}.Debug|Any CPU.Build.0 = Debug|Any CPU
		{C5C0F7CF-D0A4-41F5-B426-D99F40EC0379}.Release|Any CPU.ActiveCfg = Release|Any CPU
		{C5C0F7CF-D0A4-41F5-B426-D99F40EC0379}.Release|Any CPU.Build.0 = Release|Any CPU
		{AF223BDF-576D-45FD-9A33-483BAFE1BB75}.Debug|Any CPU.ActiveCfg = Debug|Any CPU
		{AF223BDF-576D-45FD-9A33-483BAFE1BB75}.Debug|Any CPU.Build.0 = Debug|Any CPU
		{AF223BDF-576D-45FD-9A33-483BAFE1BB75}.Release|Any CPU.ActiveCfg = Release|Any CPU
		{AF223BDF-576D-45FD-9A33-483BAFE1BB75}.Release|Any CPU.Build.0 = Release|Any CPU
		{BF2C14B3-EF9B-4BE9-A843-EAA05368BD5A}.Debug|Any CPU.ActiveCfg = Debug|Any CPU
		{BF2C14B3-EF9B-4BE9-A843-EAA05368BD5A}.Debug|Any CPU.Build.0 = Debug|Any CPU
		{BF2C14B3-EF9B-4BE9-A843-EAA05368BD5A}.Release|Any CPU.ActiveCfg = Release|Any CPU
		{BF2C14B3-EF9B-4BE9-A843-EAA05368BD5A}.Release|Any CPU.Build.0 = Release|Any CPU
		{BF5D524C-0582-4471-BC79-B04B2D8DFCDB}.Debug|Any CPU.ActiveCfg = Debug|Any CPU
		{BF5D524C-0582-4471-BC79-B04B2D8DFCDB}.Debug|Any CPU.Build.0 = Debug|Any CPU
		{BF5D524C-0582-4471-BC79-B04B2D8DFCDB}.Release|Any CPU.ActiveCfg = Release|Any CPU
		{BF5D524C-0582-4471-BC79-B04B2D8DFCDB}.Release|Any CPU.Build.0 = Release|Any CPU
		{2929117D-FB33-4BD6-8F20-4B623C114438}.Debug|Any CPU.ActiveCfg = Debug|Any CPU
		{2929117D-FB33-4BD6-8F20-4B623C114438}.Debug|Any CPU.Build.0 = Debug|Any CPU
		{2929117D-FB33-4BD6-8F20-4B623C114438}.Release|Any CPU.ActiveCfg = Release|Any CPU
		{2929117D-FB33-4BD6-8F20-4B623C114438}.Release|Any CPU.Build.0 = Release|Any CPU
		{B5BF0EDC-D95F-4368-A74B-B5794FB34F9E}.Debug|Any CPU.ActiveCfg = Debug|Any CPU
		{B5BF0EDC-D95F-4368-A74B-B5794FB34F9E}.Debug|Any CPU.Build.0 = Debug|Any CPU
		{B5BF0EDC-D95F-4368-A74B-B5794FB34F9E}.Release|Any CPU.ActiveCfg = Release|Any CPU
		{B5BF0EDC-D95F-4368-A74B-B5794FB34F9E}.Release|Any CPU.Build.0 = Release|Any CPU
		{C573B0CB-733A-4E22-9693-4581E683109C}.Debug|Any CPU.ActiveCfg = Debug|Any CPU
		{C573B0CB-733A-4E22-9693-4581E683109C}.Debug|Any CPU.Build.0 = Debug|Any CPU
		{C573B0CB-733A-4E22-9693-4581E683109C}.Release|Any CPU.ActiveCfg = Release|Any CPU
		{C573B0CB-733A-4E22-9693-4581E683109C}.Release|Any CPU.Build.0 = Release|Any CPU
		{584116D7-4E88-401E-8089-BAA6A35DB591}.Debug|Any CPU.ActiveCfg = Debug|Any CPU
		{584116D7-4E88-401E-8089-BAA6A35DB591}.Debug|Any CPU.Build.0 = Debug|Any CPU
		{584116D7-4E88-401E-8089-BAA6A35DB591}.Release|Any CPU.ActiveCfg = Release|Any CPU
		{584116D7-4E88-401E-8089-BAA6A35DB591}.Release|Any CPU.Build.0 = Release|Any CPU
		{B4C6C534-15E6-4364-A68C-286EB0EFAD50}.Debug|Any CPU.ActiveCfg = Debug|Any CPU
		{B4C6C534-15E6-4364-A68C-286EB0EFAD50}.Debug|Any CPU.Build.0 = Debug|Any CPU
		{B4C6C534-15E6-4364-A68C-286EB0EFAD50}.Release|Any CPU.ActiveCfg = Release|Any CPU
		{B4C6C534-15E6-4364-A68C-286EB0EFAD50}.Release|Any CPU.Build.0 = Release|Any CPU
		{A50AA2A0-7868-73A7-2E02-E810842576F9}.Debug|Any CPU.ActiveCfg = Debug|Any CPU
		{A50AA2A0-7868-73A7-2E02-E810842576F9}.Debug|Any CPU.Build.0 = Debug|Any CPU
		{A50AA2A0-7868-73A7-2E02-E810842576F9}.Release|Any CPU.ActiveCfg = Release|Any CPU
		{A50AA2A0-7868-73A7-2E02-E810842576F9}.Release|Any CPU.Build.0 = Release|Any CPU
		{50C55FF2-5362-454A-85B9-201E96A3C779}.Debug|Any CPU.ActiveCfg = Debug|Any CPU
		{50C55FF2-5362-454A-85B9-201E96A3C779}.Debug|Any CPU.Build.0 = Debug|Any CPU
		{50C55FF2-5362-454A-85B9-201E96A3C779}.Release|Any CPU.ActiveCfg = Release|Any CPU
		{50C55FF2-5362-454A-85B9-201E96A3C779}.Release|Any CPU.Build.0 = Release|Any CPU
		{BAEF695A-5581-B3EE-B352-CBF447240E55}.Debug|Any CPU.ActiveCfg = Debug|Any CPU
		{BAEF695A-5581-B3EE-B352-CBF447240E55}.Debug|Any CPU.Build.0 = Debug|Any CPU
		{BAEF695A-5581-B3EE-B352-CBF447240E55}.Release|Any CPU.ActiveCfg = Release|Any CPU
		{BAEF695A-5581-B3EE-B352-CBF447240E55}.Release|Any CPU.Build.0 = Release|Any CPU
		{93532653-75AF-025F-00F7-1B34C75DF1C1}.Debug|Any CPU.ActiveCfg = Debug|Any CPU
		{93532653-75AF-025F-00F7-1B34C75DF1C1}.Debug|Any CPU.Build.0 = Debug|Any CPU
		{93532653-75AF-025F-00F7-1B34C75DF1C1}.Release|Any CPU.ActiveCfg = Release|Any CPU
		{93532653-75AF-025F-00F7-1B34C75DF1C1}.Release|Any CPU.Build.0 = Release|Any CPU
		{A1234567-89AB-CDEF-1234-567890ABCDEF}.Debug|Any CPU.ActiveCfg = Debug|Any CPU
		{A1234567-89AB-CDEF-1234-567890ABCDEF}.Debug|Any CPU.Build.0 = Debug|Any CPU
		{A1234567-89AB-CDEF-1234-567890ABCDEF}.Release|Any CPU.ActiveCfg = Release|Any CPU
		{A1234567-89AB-CDEF-1234-567890ABCDEF}.Release|Any CPU.Build.0 = Release|Any CPU
		{4125CA3B-A8E7-23C9-4E7B-DAA8D5226E9E}.Debug|Any CPU.ActiveCfg = Debug|Any CPU
		{4125CA3B-A8E7-23C9-4E7B-DAA8D5226E9E}.Debug|Any CPU.Build.0 = Debug|Any CPU
		{4125CA3B-A8E7-23C9-4E7B-DAA8D5226E9E}.Release|Any CPU.ActiveCfg = Release|Any CPU
		{4125CA3B-A8E7-23C9-4E7B-DAA8D5226E9E}.Release|Any CPU.Build.0 = Release|Any CPU
		{32AF150E-FA7A-DACF-B262-49754A42D628}.Debug|Any CPU.ActiveCfg = Debug|Any CPU
		{32AF150E-FA7A-DACF-B262-49754A42D628}.Debug|Any CPU.Build.0 = Debug|Any CPU
		{32AF150E-FA7A-DACF-B262-49754A42D628}.Release|Any CPU.ActiveCfg = Release|Any CPU
		{32AF150E-FA7A-DACF-B262-49754A42D628}.Release|Any CPU.Build.0 = Release|Any CPU
	EndGlobalSection
	GlobalSection(SolutionProperties) = preSolution
		HideSolutionNode = FALSE
	EndGlobalSection
	GlobalSection(NestedProjects) = preSolution
		{78C3855A-EEE7-4283-BE5F-71F3E3677C11} = {A2259B13-A115-4EA3-9DFB-5411DB88EA6F}
		{AB8DB957-28A1-4D39-B924-F8E3E39020E4} = {D0F1B9D3-DD8C-4F25-B7AF-0C2EB4E17AC3}
		{4B05E790-92F8-4F2A-9DF2-B77FDF22B28E} = {39731466-DC8C-4FB2-A4D3-C4212A87700A}
		{0BDEB106-877A-40C3-A9DB-6A604F8D873A} = {D0F1B9D3-DD8C-4F25-B7AF-0C2EB4E17AC3}
		{3FEBF95F-0C04-4600-ACD8-7495C24A7908} = {39731466-DC8C-4FB2-A4D3-C4212A87700A}
		{A252DF59-263B-46D9-A1E4-48E16D8D0DEC} = {F2ADD1CA-E231-4E88-B0EE-5C6885422629}
		{399B718D-41C6-4DD9-A7E3-B9758CAAEB89} = {F2ADD1CA-E231-4E88-B0EE-5C6885422629}
		{02DCA9CB-92A1-47C9-BF40-97DDD56DEFF3} = {D0F1B9D3-DD8C-4F25-B7AF-0C2EB4E17AC3}
		{8FF55BB5-6004-4461-B8EA-19E9F41B970B} = {4B5D75F5-E2FC-4CCB-90EF-6DC4A0193032}
		{50590B39-F376-4E96-92CF-67F84C149E86} = {97D67019-21A7-4591-A216-1B76BD0E68A4}
		{FEF0C134-505D-4206-8630-569A6762F787} = {295F5788-3893-4794-A574-4B0A75A3A4BC}
		{A7111722-6C8F-42AA-8CDD-732D34FB678A} = {85401759-2C64-414D-9882-4DB1EA41C2ED}
		{12BB22FD-E576-44A9-AE74-A5A673715870} = {7D787B73-D44A-4B65-B83F-4AF4A752F26C}
		{7D787B73-D44A-4B65-B83F-4AF4A752F26C} = {B00E560D-AE0C-48E1-9013-57115AF05F41}
		{B1161915-FFB0-412A-9C65-2F4E046FA9B8} = {85401759-2C64-414D-9882-4DB1EA41C2ED}
		{ED703B53-BF12-4F55-B35A-F8290F542E16} = {360E03FF-3AA0-4619-ACCA-93E78265F6DD}
		{95F35BF6-1FF1-4A5F-8725-A8EA4F1D43CD} = {360E03FF-3AA0-4619-ACCA-93E78265F6DD}
		{39731466-DC8C-4FB2-A4D3-C4212A87700A} = {4B5D75F5-E2FC-4CCB-90EF-6DC4A0193032}
		{D0F1B9D3-DD8C-4F25-B7AF-0C2EB4E17AC3} = {4B5D75F5-E2FC-4CCB-90EF-6DC4A0193032}
		{97D67019-21A7-4591-A216-1B76BD0E68A4} = {4B5D75F5-E2FC-4CCB-90EF-6DC4A0193032}
		{C5C0F7CF-D0A4-41F5-B426-D99F40EC0379} = {85401759-2C64-414D-9882-4DB1EA41C2ED}
		{A2259B13-A115-4EA3-9DFB-5411DB88EA6F} = {4B5D75F5-E2FC-4CCB-90EF-6DC4A0193032}
		{AF223BDF-576D-45FD-9A33-483BAFE1BB75} = {A2259B13-A115-4EA3-9DFB-5411DB88EA6F}
		{BF2C14B3-EF9B-4BE9-A843-EAA05368BD5A} = {A2259B13-A115-4EA3-9DFB-5411DB88EA6F}
		{F2ADD1CA-E231-4E88-B0EE-5C6885422629} = {4B5D75F5-E2FC-4CCB-90EF-6DC4A0193032}
		{BF5D524C-0582-4471-BC79-B04B2D8DFCDB} = {360E03FF-3AA0-4619-ACCA-93E78265F6DD}
		{0E5F5704-5289-4C65-AD4E-364CD5F60C44} = {D33B7DF4-8AC5-47D1-A782-AC5078FFDEC7}
		{2929117D-FB33-4BD6-8F20-4B623C114438} = {0E5F5704-5289-4C65-AD4E-364CD5F60C44}
		{1AF2E4B2-99C5-4678-B926-D224CC83A8F7} = {D33B7DF4-8AC5-47D1-A782-AC5078FFDEC7}
		{B5BF0EDC-D95F-4368-A74B-B5794FB34F9E} = {1AF2E4B2-99C5-4678-B926-D224CC83A8F7}
		{C573B0CB-733A-4E22-9693-4581E683109C} = {1AF2E4B2-99C5-4678-B926-D224CC83A8F7}
		{584116D7-4E88-401E-8089-BAA6A35DB591} = {1AF2E4B2-99C5-4678-B926-D224CC83A8F7}
		{B4C6C534-15E6-4364-A68C-286EB0EFAD50} = {360E03FF-3AA0-4619-ACCA-93E78265F6DD}
		{02EA681E-C7D8-13C7-8484-4AC65E1B71E8} = {B00E560D-AE0C-48E1-9013-57115AF05F41}
		{85401759-2C64-414D-9882-4DB1EA41C2ED} = {B00E560D-AE0C-48E1-9013-57115AF05F41}
		{A50AA2A0-7868-73A7-2E02-E810842576F9} = {02EA681E-C7D8-13C7-8484-4AC65E1B71E8}
		{ACE1D5DB-B8BB-4DC0-B04C-203982E59EC2} = {4B5D75F5-E2FC-4CCB-90EF-6DC4A0193032}
		{50C55FF2-5362-454A-85B9-201E96A3C779} = {ACE1D5DB-B8BB-4DC0-B04C-203982E59EC2}
		{BAEF695A-5581-B3EE-B352-CBF447240E55} = {1AF2E4B2-99C5-4678-B926-D224CC83A8F7}
		{93532653-75AF-025F-00F7-1B34C75DF1C1} = {14ED22C5-F918-42DB-A301-04B3AED51EBC}
		{A1234567-89AB-CDEF-1234-567890ABCDEF} = {14ED22C5-F918-42DB-A301-04B3AED51EBC}
		{4125CA3B-A8E7-23C9-4E7B-DAA8D5226E9E} = {85401759-2C64-414D-9882-4DB1EA41C2ED}
		{32AF150E-FA7A-DACF-B262-49754A42D628} = {85401759-2C64-414D-9882-4DB1EA41C2ED}
	EndGlobalSection
	GlobalSection(ExtensibilityGlobals) = postSolution
		SolutionGuid = {366252DE-C2FB-4EAC-96EE-22210BD43DE2}
		FileExplorer = |build\|docs\|LibrarySets\|submodules\Firely.Cql.Sdk.Integration.Runner\NodeJsUtils\
	EndGlobalSection
EndGlobal
