
Microsoft Visual Studio Solution File, Format Version 12.00
# Visual Studio Version 17
VisualStudioVersion = 17.4.33122.133
MinimumVisualStudioVersion = 10.0.40219.1
Project("{9A19103F-16F7-4668-BE54-9A1E7A4F7556}") = "Elm", "Cql\Elm\Elm.csproj", "{78C3855A-EEE7-4283-BE5F-71F3E3677C11}"
EndProject
Project("{9A19103F-16F7-4668-BE54-9A1E7A4F7556}") = "Iso8601", "Cql\Iso8601\Iso8601.csproj", "{AB8DB957-28A1-4D39-B924-F8E3E39020E4}"
EndProject
Project("{9A19103F-16F7-4668-BE54-9A1E7A4F7556}") = "Graph", "Cql\Graph\Graph.csproj", "{69DAE71F-39E3-43EB-964A-CBE1B432D5FA}"
EndProject
Project("{9A19103F-16F7-4668-BE54-9A1E7A4F7556}") = "Cql.Comparers", "Cql\Cql.Comparers\Cql.Comparers.csproj", "{53FC6D68-1234-4395-B2F3-DB9918046053}"
EndProject
Project("{9A19103F-16F7-4668-BE54-9A1E7A4F7556}") = "Cql.Primitives", "Cql\Cql.Primitives\Cql.Primitives.csproj", "{AF505677-1DBE-4268-B6A8-658ABF784F8A}"
EndProject
Project("{9A19103F-16F7-4668-BE54-9A1E7A4F7556}") = "Cql.Conversion", "Cql\Cql.Conversion\Cql.Conversion.csproj", "{225B212A-F4EE-4828-96C0-92A7117BA1C1}"
EndProject
Project("{9A19103F-16F7-4668-BE54-9A1E7A4F7556}") = "Cql.Operators", "Cql\Cql.Operators\Cql.Operators.csproj", "{3C71FE17-2A9B-40D1-AABF-E4C70165C6C4}"
EndProject
Project("{9A19103F-16F7-4668-BE54-9A1E7A4F7556}") = "Cql.ValueSets", "Cql\Cql.ValueSets\Cql.ValueSets.csproj", "{A1F3DE53-D965-4398-AE84-1B066626CDC3}"
EndProject
Project("{9A19103F-16F7-4668-BE54-9A1E7A4F7556}") = "CodeGeneration.NET", "Cql\CodeGeneration.NET\CodeGeneration.NET.csproj", "{4B05E790-92F8-4F2A-9DF2-B77FDF22B28E}"
EndProject
Project("{9A19103F-16F7-4668-BE54-9A1E7A4F7556}") = "Cql.Runtime", "Cql\Cql.Runtime\Cql.Runtime.csproj", "{0BDEB106-877A-40C3-A9DB-6A604F8D873A}"
EndProject
Project("{9A19103F-16F7-4668-BE54-9A1E7A4F7556}") = "Cql.Compiler", "Cql\Cql.Compiler\Cql.Compiler.csproj", "{3FEBF95F-0C04-4600-ACD8-7495C24A7908}"
EndProject
Project("{9A19103F-16F7-4668-BE54-9A1E7A4F7556}") = "Cql.Logging", "Cql\Cql.Logging\Cql.Logging.csproj", "{EFE8FB49-8AC1-4C13-93DF-76F2B79CE034}"
EndProject
Project("{9A19103F-16F7-4668-BE54-9A1E7A4F7556}") = "Cql.Model", "Cql\Cql.Model\Cql.Model.csproj", "{A252DF59-263B-46D9-A1E4-48E16D8D0DEC}"
EndProject
Project("{9A19103F-16F7-4668-BE54-9A1E7A4F7556}") = "Cql.Runtime.FhirR4", "Cql\Cql.Runtime.FhirR4\Cql.Runtime.FhirR4.csproj", "{08756AD5-8321-43DC-BE51-1879085D70D9}"
EndProject
Project("{9A19103F-16F7-4668-BE54-9A1E7A4F7556}") = "Fhir", "Cql\Fhir\Fhir.csproj", "{4E54600E-2AB8-461E-B8EC-7FE9A9B76C21}"
EndProject
Project("{9A19103F-16F7-4668-BE54-9A1E7A4F7556}") = "Fhir.R4", "Cql\Fhir.R4\Fhir.R4.csproj", "{8482EBA8-E3B0-442B-9A83-15E64CAA1D86}"
EndProject
Project("{2150E333-8FDC-42A3-9474-1A3956D46DE8}") = "Reference Implementation", "Reference Implementation", "{7BF67ED8-9383-4374-A89D-53B9AC324792}"
EndProject
Project("{9A19103F-16F7-4668-BE54-9A1E7A4F7556}") = "CoreTests", "Cql\CoreTests\CoreTests.csproj", "{50122051-F0BF-4683-BCA1-6965F5AF7BE1}"
EndProject
Project("{9A19103F-16F7-4668-BE54-9A1E7A4F7556}") = "ValueSetLoaders", "Cql\ValueSetLoaders\ValueSetLoaders.csproj", "{8F268FEE-D91D-4C05-90AA-8FBB60D235E2}"
EndProject
Project("{9A19103F-16F7-4668-BE54-9A1E7A4F7556}") = "TerminologyClient", "Cql\TerminologyClient\TerminologyClient.csproj", "{B85E4446-85CD-41D3-AE7D-5F0C5A21EF13}"
EndProject
Project("{9A19103F-16F7-4668-BE54-9A1E7A4F7556}") = "Cql.Firely", "Cql\Cql.Firely\Cql.Firely.csproj", "{399B718D-41C6-4DD9-A7E3-B9758CAAEB89}"
EndProject
Project("{9A19103F-16F7-4668-BE54-9A1E7A4F7556}") = "Cql.Abstractions", "Cql\Cql.Abstractions\Cql.Abstractions.csproj", "{02DCA9CB-92A1-47C9-BF40-97DDD56DEFF3}"
EndProject
Project("{9A19103F-16F7-4668-BE54-9A1E7A4F7556}") = "MeasurePackager", "Cql\MeasurePackager\MeasurePackager.csproj", "{DB461D68-6746-4A79-8CD8-F0E09D04D954}"
EndProject
Project("{FAE04EC0-301F-11D3-BF4B-00C04F79EFBC}") = "Cql", "Cql\Cql\Cql.csproj", "{8FF55BB5-6004-4461-B8EA-19E9F41B970B}"
EndProject
Global
	GlobalSection(SolutionConfigurationPlatforms) = preSolution
		Debug|Any CPU = Debug|Any CPU
		Release|Any CPU = Release|Any CPU
	EndGlobalSection
	GlobalSection(ProjectConfigurationPlatforms) = postSolution
		{78C3855A-EEE7-4283-BE5F-71F3E3677C11}.Debug|Any CPU.ActiveCfg = Debug|Any CPU
		{78C3855A-EEE7-4283-BE5F-71F3E3677C11}.Debug|Any CPU.Build.0 = Debug|Any CPU
		{78C3855A-EEE7-4283-BE5F-71F3E3677C11}.Release|Any CPU.ActiveCfg = Release|Any CPU
		{78C3855A-EEE7-4283-BE5F-71F3E3677C11}.Release|Any CPU.Build.0 = Release|Any CPU
		{AB8DB957-28A1-4D39-B924-F8E3E39020E4}.Debug|Any CPU.ActiveCfg = Debug|Any CPU
		{AB8DB957-28A1-4D39-B924-F8E3E39020E4}.Debug|Any CPU.Build.0 = Debug|Any CPU
		{AB8DB957-28A1-4D39-B924-F8E3E39020E4}.Release|Any CPU.ActiveCfg = Release|Any CPU
		{AB8DB957-28A1-4D39-B924-F8E3E39020E4}.Release|Any CPU.Build.0 = Release|Any CPU
		{69DAE71F-39E3-43EB-964A-CBE1B432D5FA}.Debug|Any CPU.ActiveCfg = Debug|Any CPU
		{69DAE71F-39E3-43EB-964A-CBE1B432D5FA}.Debug|Any CPU.Build.0 = Debug|Any CPU
		{69DAE71F-39E3-43EB-964A-CBE1B432D5FA}.Release|Any CPU.ActiveCfg = Release|Any CPU
		{69DAE71F-39E3-43EB-964A-CBE1B432D5FA}.Release|Any CPU.Build.0 = Release|Any CPU
		{53FC6D68-1234-4395-B2F3-DB9918046053}.Debug|Any CPU.ActiveCfg = Debug|Any CPU
		{53FC6D68-1234-4395-B2F3-DB9918046053}.Debug|Any CPU.Build.0 = Debug|Any CPU
		{53FC6D68-1234-4395-B2F3-DB9918046053}.Release|Any CPU.ActiveCfg = Release|Any CPU
		{53FC6D68-1234-4395-B2F3-DB9918046053}.Release|Any CPU.Build.0 = Release|Any CPU
		{AF505677-1DBE-4268-B6A8-658ABF784F8A}.Debug|Any CPU.ActiveCfg = Debug|Any CPU
		{AF505677-1DBE-4268-B6A8-658ABF784F8A}.Debug|Any CPU.Build.0 = Debug|Any CPU
		{AF505677-1DBE-4268-B6A8-658ABF784F8A}.Release|Any CPU.ActiveCfg = Release|Any CPU
		{AF505677-1DBE-4268-B6A8-658ABF784F8A}.Release|Any CPU.Build.0 = Release|Any CPU
		{225B212A-F4EE-4828-96C0-92A7117BA1C1}.Debug|Any CPU.ActiveCfg = Debug|Any CPU
		{225B212A-F4EE-4828-96C0-92A7117BA1C1}.Debug|Any CPU.Build.0 = Debug|Any CPU
		{225B212A-F4EE-4828-96C0-92A7117BA1C1}.Release|Any CPU.ActiveCfg = Release|Any CPU
		{225B212A-F4EE-4828-96C0-92A7117BA1C1}.Release|Any CPU.Build.0 = Release|Any CPU
		{3C71FE17-2A9B-40D1-AABF-E4C70165C6C4}.Debug|Any CPU.ActiveCfg = Debug|Any CPU
		{3C71FE17-2A9B-40D1-AABF-E4C70165C6C4}.Debug|Any CPU.Build.0 = Debug|Any CPU
		{3C71FE17-2A9B-40D1-AABF-E4C70165C6C4}.Release|Any CPU.ActiveCfg = Release|Any CPU
		{3C71FE17-2A9B-40D1-AABF-E4C70165C6C4}.Release|Any CPU.Build.0 = Release|Any CPU
		{A1F3DE53-D965-4398-AE84-1B066626CDC3}.Debug|Any CPU.ActiveCfg = Debug|Any CPU
		{A1F3DE53-D965-4398-AE84-1B066626CDC3}.Debug|Any CPU.Build.0 = Debug|Any CPU
		{A1F3DE53-D965-4398-AE84-1B066626CDC3}.Release|Any CPU.ActiveCfg = Release|Any CPU
		{A1F3DE53-D965-4398-AE84-1B066626CDC3}.Release|Any CPU.Build.0 = Release|Any CPU
		{4B05E790-92F8-4F2A-9DF2-B77FDF22B28E}.Debug|Any CPU.ActiveCfg = Debug|Any CPU
		{4B05E790-92F8-4F2A-9DF2-B77FDF22B28E}.Debug|Any CPU.Build.0 = Debug|Any CPU
		{4B05E790-92F8-4F2A-9DF2-B77FDF22B28E}.Release|Any CPU.ActiveCfg = Release|Any CPU
		{4B05E790-92F8-4F2A-9DF2-B77FDF22B28E}.Release|Any CPU.Build.0 = Release|Any CPU
		{0BDEB106-877A-40C3-A9DB-6A604F8D873A}.Debug|Any CPU.ActiveCfg = Debug|Any CPU
		{0BDEB106-877A-40C3-A9DB-6A604F8D873A}.Debug|Any CPU.Build.0 = Debug|Any CPU
		{0BDEB106-877A-40C3-A9DB-6A604F8D873A}.Release|Any CPU.ActiveCfg = Release|Any CPU
		{0BDEB106-877A-40C3-A9DB-6A604F8D873A}.Release|Any CPU.Build.0 = Release|Any CPU
		{3FEBF95F-0C04-4600-ACD8-7495C24A7908}.Debug|Any CPU.ActiveCfg = Debug|Any CPU
		{3FEBF95F-0C04-4600-ACD8-7495C24A7908}.Debug|Any CPU.Build.0 = Debug|Any CPU
		{3FEBF95F-0C04-4600-ACD8-7495C24A7908}.Release|Any CPU.ActiveCfg = Release|Any CPU
		{3FEBF95F-0C04-4600-ACD8-7495C24A7908}.Release|Any CPU.Build.0 = Release|Any CPU
		{EFE8FB49-8AC1-4C13-93DF-76F2B79CE034}.Debug|Any CPU.ActiveCfg = Debug|Any CPU
		{EFE8FB49-8AC1-4C13-93DF-76F2B79CE034}.Debug|Any CPU.Build.0 = Debug|Any CPU
		{EFE8FB49-8AC1-4C13-93DF-76F2B79CE034}.Release|Any CPU.ActiveCfg = Release|Any CPU
		{EFE8FB49-8AC1-4C13-93DF-76F2B79CE034}.Release|Any CPU.Build.0 = Release|Any CPU
		{A252DF59-263B-46D9-A1E4-48E16D8D0DEC}.Debug|Any CPU.ActiveCfg = Debug|Any CPU
		{A252DF59-263B-46D9-A1E4-48E16D8D0DEC}.Debug|Any CPU.Build.0 = Debug|Any CPU
		{A252DF59-263B-46D9-A1E4-48E16D8D0DEC}.Release|Any CPU.ActiveCfg = Release|Any CPU
		{A252DF59-263B-46D9-A1E4-48E16D8D0DEC}.Release|Any CPU.Build.0 = Release|Any CPU
		{08756AD5-8321-43DC-BE51-1879085D70D9}.Debug|Any CPU.ActiveCfg = Debug|Any CPU
		{08756AD5-8321-43DC-BE51-1879085D70D9}.Debug|Any CPU.Build.0 = Debug|Any CPU
		{08756AD5-8321-43DC-BE51-1879085D70D9}.Release|Any CPU.ActiveCfg = Release|Any CPU
		{08756AD5-8321-43DC-BE51-1879085D70D9}.Release|Any CPU.Build.0 = Release|Any CPU
		{4E54600E-2AB8-461E-B8EC-7FE9A9B76C21}.Debug|Any CPU.ActiveCfg = Debug|Any CPU
		{4E54600E-2AB8-461E-B8EC-7FE9A9B76C21}.Debug|Any CPU.Build.0 = Debug|Any CPU
		{4E54600E-2AB8-461E-B8EC-7FE9A9B76C21}.Release|Any CPU.ActiveCfg = Release|Any CPU
		{4E54600E-2AB8-461E-B8EC-7FE9A9B76C21}.Release|Any CPU.Build.0 = Release|Any CPU
		{8482EBA8-E3B0-442B-9A83-15E64CAA1D86}.Debug|Any CPU.ActiveCfg = Debug|Any CPU
		{8482EBA8-E3B0-442B-9A83-15E64CAA1D86}.Debug|Any CPU.Build.0 = Debug|Any CPU
		{8482EBA8-E3B0-442B-9A83-15E64CAA1D86}.Release|Any CPU.ActiveCfg = Release|Any CPU
		{8482EBA8-E3B0-442B-9A83-15E64CAA1D86}.Release|Any CPU.Build.0 = Release|Any CPU
		{50122051-F0BF-4683-BCA1-6965F5AF7BE1}.Debug|Any CPU.ActiveCfg = Debug|Any CPU
		{50122051-F0BF-4683-BCA1-6965F5AF7BE1}.Debug|Any CPU.Build.0 = Debug|Any CPU
		{50122051-F0BF-4683-BCA1-6965F5AF7BE1}.Release|Any CPU.ActiveCfg = Release|Any CPU
		{50122051-F0BF-4683-BCA1-6965F5AF7BE1}.Release|Any CPU.Build.0 = Release|Any CPU
		{8F268FEE-D91D-4C05-90AA-8FBB60D235E2}.Debug|Any CPU.ActiveCfg = Debug|Any CPU
		{8F268FEE-D91D-4C05-90AA-8FBB60D235E2}.Debug|Any CPU.Build.0 = Debug|Any CPU
		{8F268FEE-D91D-4C05-90AA-8FBB60D235E2}.Release|Any CPU.ActiveCfg = Release|Any CPU
		{8F268FEE-D91D-4C05-90AA-8FBB60D235E2}.Release|Any CPU.Build.0 = Release|Any CPU
		{B85E4446-85CD-41D3-AE7D-5F0C5A21EF13}.Debug|Any CPU.ActiveCfg = Debug|Any CPU
		{B85E4446-85CD-41D3-AE7D-5F0C5A21EF13}.Debug|Any CPU.Build.0 = Debug|Any CPU
		{B85E4446-85CD-41D3-AE7D-5F0C5A21EF13}.Release|Any CPU.ActiveCfg = Release|Any CPU
		{B85E4446-85CD-41D3-AE7D-5F0C5A21EF13}.Release|Any CPU.Build.0 = Release|Any CPU
		{399B718D-41C6-4DD9-A7E3-B9758CAAEB89}.Debug|Any CPU.ActiveCfg = Debug|Any CPU
		{399B718D-41C6-4DD9-A7E3-B9758CAAEB89}.Debug|Any CPU.Build.0 = Debug|Any CPU
		{399B718D-41C6-4DD9-A7E3-B9758CAAEB89}.Release|Any CPU.ActiveCfg = Release|Any CPU
		{399B718D-41C6-4DD9-A7E3-B9758CAAEB89}.Release|Any CPU.Build.0 = Release|Any CPU
		{02DCA9CB-92A1-47C9-BF40-97DDD56DEFF3}.Debug|Any CPU.ActiveCfg = Debug|Any CPU
		{02DCA9CB-92A1-47C9-BF40-97DDD56DEFF3}.Debug|Any CPU.Build.0 = Debug|Any CPU
		{02DCA9CB-92A1-47C9-BF40-97DDD56DEFF3}.Release|Any CPU.ActiveCfg = Release|Any CPU
		{02DCA9CB-92A1-47C9-BF40-97DDD56DEFF3}.Release|Any CPU.Build.0 = Release|Any CPU
		{DB461D68-6746-4A79-8CD8-F0E09D04D954}.Debug|Any CPU.ActiveCfg = Debug|Any CPU
		{DB461D68-6746-4A79-8CD8-F0E09D04D954}.Debug|Any CPU.Build.0 = Debug|Any CPU
		{DB461D68-6746-4A79-8CD8-F0E09D04D954}.Release|Any CPU.ActiveCfg = Release|Any CPU
		{DB461D68-6746-4A79-8CD8-F0E09D04D954}.Release|Any CPU.Build.0 = Release|Any CPU
		{8FF55BB5-6004-4461-B8EA-19E9F41B970B}.Debug|Any CPU.ActiveCfg = Debug|Any CPU
		{8FF55BB5-6004-4461-B8EA-19E9F41B970B}.Debug|Any CPU.Build.0 = Debug|Any CPU
		{8FF55BB5-6004-4461-B8EA-19E9F41B970B}.Release|Any CPU.ActiveCfg = Release|Any CPU
		{8FF55BB5-6004-4461-B8EA-19E9F41B970B}.Release|Any CPU.Build.0 = Release|Any CPU
	EndGlobalSection
	GlobalSection(SolutionProperties) = preSolution
		HideSolutionNode = FALSE
	EndGlobalSection
	GlobalSection(NestedProjects) = preSolution
		{08756AD5-8321-43DC-BE51-1879085D70D9} = {7BF67ED8-9383-4374-A89D-53B9AC324792}
		{4E54600E-2AB8-461E-B8EC-7FE9A9B76C21} = {7BF67ED8-9383-4374-A89D-53B9AC324792}
		{8482EBA8-E3B0-442B-9A83-15E64CAA1D86} = {7BF67ED8-9383-4374-A89D-53B9AC324792}
		{8F268FEE-D91D-4C05-90AA-8FBB60D235E2} = {7BF67ED8-9383-4374-A89D-53B9AC324792}
		{B85E4446-85CD-41D3-AE7D-5F0C5A21EF13} = {7BF67ED8-9383-4374-A89D-53B9AC324792}
	EndGlobalSection
	GlobalSection(ExtensibilityGlobals) = postSolution
		SolutionGuid = {A0BE2CF9-BA74-4860-A54C-6AB1B33DB549}
	EndGlobalSection
EndGlobal
