Microsoft Visual Studio Solution File, Format Version 12.00
# Visual Studio Version 17
VisualStudioVersion = 17.10.34607.79
MinimumVisualStudioVersion = 10.0.40219.1
Project("{9A19103F-16F7-4668-BE54-9A1E7A4F7556}") = "Elm", "Cql\Elm\Elm.csproj", "{78C3855A-EEE7-4283-BE5F-71F3E3677C11}"
EndProject
Project("{9A19103F-16F7-4668-BE54-9A1E7A4F7556}") = "Iso8601", "Cql\Iso8601\Iso8601.csproj", "{AB8DB957-28A1-4D39-B924-F8E3E39020E4}"
EndProject
Project("{9A19103F-16F7-4668-BE54-9A1E7A4F7556}") = "Graph", "Cql\Graph\Graph.csproj", "{69DAE71F-39E3-43EB-964A-CBE1B432D5FA}"
EndProject
Project("{9A19103F-16F7-4668-BE54-9A1E7A4F7556}") = "Cql.Comparers", "Cql\Cql.Comparers\Cql.Comparers.csproj", "{53FC6D68-1234-4395-B2F3-DB9918046053}"
EndProject
Project("{9A19103F-16F7-4668-BE54-9A1E7A4F7556}") = "Cql.Primitives", "Cql\Cql.Primitives\Cql.Primitives.csproj", "{AF505677-1DBE-4268-B6A8-658ABF784F8A}"
EndProject
Project("{9A19103F-16F7-4668-BE54-9A1E7A4F7556}") = "Cql.Conversion", "Cql\Cql.Conversion\Cql.Conversion.csproj", "{225B212A-F4EE-4828-96C0-92A7117BA1C1}"
EndProject
Project("{9A19103F-16F7-4668-BE54-9A1E7A4F7556}") = "Cql.Operators", "Cql\Cql.Operators\Cql.Operators.csproj", "{3C71FE17-2A9B-40D1-AABF-E4C70165C6C4}"
EndProject
Project("{9A19103F-16F7-4668-BE54-9A1E7A4F7556}") = "Cql.ValueSets", "Cql\Cql.ValueSets\Cql.ValueSets.csproj", "{A1F3DE53-D965-4398-AE84-1B066626CDC3}"
EndProject
Project("{9A19103F-16F7-4668-BE54-9A1E7A4F7556}") = "CodeGeneration.NET", "Cql\CodeGeneration.NET\CodeGeneration.NET.csproj", "{4B05E790-92F8-4F2A-9DF2-B77FDF22B28E}"
EndProject
Project("{9A19103F-16F7-4668-BE54-9A1E7A4F7556}") = "Cql.Runtime", "Cql\Cql.Runtime\Cql.Runtime.csproj", "{0BDEB106-877A-40C3-A9DB-6A604F8D873A}"
EndProject
Project("{9A19103F-16F7-4668-BE54-9A1E7A4F7556}") = "Cql.Compiler", "Cql\Cql.Compiler\Cql.Compiler.csproj", "{3FEBF95F-0C04-4600-ACD8-7495C24A7908}"
EndProject
Project("{9A19103F-16F7-4668-BE54-9A1E7A4F7556}") = "Cql.Logging", "Cql\Cql.Logging\Cql.Logging.csproj", "{EFE8FB49-8AC1-4C13-93DF-76F2B79CE034}"
EndProject
Project("{9A19103F-16F7-4668-BE54-9A1E7A4F7556}") = "Cql.Model", "Cql\Cql.Model\Cql.Model.csproj", "{A252DF59-263B-46D9-A1E4-48E16D8D0DEC}"
EndProject
Project("{9A19103F-16F7-4668-BE54-9A1E7A4F7556}") = "Cql.Firely", "Cql\Cql.Firely\Cql.Firely.csproj", "{399B718D-41C6-4DD9-A7E3-B9758CAAEB89}"
EndProject
Project("{9A19103F-16F7-4668-BE54-9A1E7A4F7556}") = "Cql.Abstractions", "Cql\Cql.Abstractions\Cql.Abstractions.csproj", "{02DCA9CB-92A1-47C9-BF40-97DDD56DEFF3}"
EndProject
Project("{9A19103F-16F7-4668-BE54-9A1E7A4F7556}") = "Cql", "Cql\Cql\Cql.csproj", "{8FF55BB5-6004-4461-B8EA-19E9F41B970B}"
EndProject
Project("{9A19103F-16F7-4668-BE54-9A1E7A4F7556}") = "Cql.Packaging", "Cql\Cql.Packaging\Cql.Packaging.csproj", "{50590B39-F376-4E96-92CF-67F84C149E86}"
EndProject
Project("{9A19103F-16F7-4668-BE54-9A1E7A4F7556}") = "PackagerCLI", "Cql\PackagerCLI\PackagerCLI.csproj", "{FEF0C134-505D-4206-8630-569A6762F787}"
EndProject
Project("{9A19103F-16F7-4668-BE54-9A1E7A4F7556}") = "Cql", "Demo\Cql\Cql.csproj", "{1C19BCFA-9965-49EC-952B-DBC753E219A2}"
	ProjectSection(ProjectDependencies) = postProject
		{FEF0C134-505D-4206-8630-569A6762F787} = {FEF0C134-505D-4206-8630-569A6762F787}
	EndProjectSection
EndProject
Project("{9A19103F-16F7-4668-BE54-9A1E7A4F7556}") = "Measures", "Demo\Measures\Measures.csproj", "{A7111722-6C8F-42AA-8CDD-732D34FB678A}"
EndProject
Project("{9A19103F-16F7-4668-BE54-9A1E7A4F7556}") = "CLI", "Demo\CLI\CLI.csproj", "{12BB22FD-E576-44A9-AE74-A5A673715870}"
	ProjectSection(ProjectDependencies) = postProject
		{A7111722-6C8F-42AA-8CDD-732D34FB678A} = {A7111722-6C8F-42AA-8CDD-732D34FB678A}
	EndProjectSection
EndProject
Project("{2150E333-8FDC-42A3-9474-1A3956D46DE8}") = "Samples", "Samples", "{7D787B73-D44A-4B65-B83F-4AF4A752F26C}"
EndProject
Project("{2150E333-8FDC-42A3-9474-1A3956D46DE8}") = "Cql", "Cql", "{4B5D75F5-E2FC-4CCB-90EF-6DC4A0193032}"
	ProjectSection(SolutionItems) = preProject
		.editorconfig = .editorconfig
		cql-sdk.props = cql-sdk.props
	EndProjectSection
EndProject
Project("{2150E333-8FDC-42A3-9474-1A3956D46DE8}") = "Demo", "Demo", "{B00E560D-AE0C-48E1-9013-57115AF05F41}"
	ProjectSection(SolutionItems) = preProject
		Demo\cql-demo.props = Demo\cql-demo.props
	EndProjectSection
EndProject
Project("{9A19103F-16F7-4668-BE54-9A1E7A4F7556}") = "Measures-cms", "Demo\Measures-cms\Measures-cms.csproj", "{B1161915-FFB0-412A-9C65-2F4E046FA9B8}"
EndProject
Project("{9A19103F-16F7-4668-BE54-9A1E7A4F7556}") = "CoreTests", "Cql\CoreTests\CoreTests.csproj", "{ED703B53-BF12-4F55-B35A-F8290F542E16}"
EndProject
Project("{2150E333-8FDC-42A3-9474-1A3956D46DE8}") = "Tests", "Tests", "{314A4A1E-1671-4F4C-BA1F-DEE73D584677}"
EndProject
Project("{2150E333-8FDC-42A3-9474-1A3956D46DE8}") = "Tests", "Tests", "{DEA0937C-6F6B-4B25-8F9B-0ABE82978321}"
EndProject
Project("{9A19103F-16F7-4668-BE54-9A1E7A4F7556}") = "Test", "Demo\Test\Test.csproj", "{95F35BF6-1FF1-4A5F-8725-A8EA4F1D43CD}"
	ProjectSection(ProjectDependencies) = postProject
		{A7111722-6C8F-42AA-8CDD-732D34FB678A} = {A7111722-6C8F-42AA-8CDD-732D34FB678A}
	EndProjectSection
EndProject
Project("{2150E333-8FDC-42A3-9474-1A3956D46DE8}") = "Expression Building", "Expression Building", "{39731466-DC8C-4FB2-A4D3-C4212A87700A}"
EndProject
Project("{2150E333-8FDC-42A3-9474-1A3956D46DE8}") = "Runtime", "Runtime", "{D0F1B9D3-DD8C-4F25-B7AF-0C2EB4E17AC3}"
EndProject
Project("{2150E333-8FDC-42A3-9474-1A3956D46DE8}") = "Packaging", "Packaging", "{97D67019-21A7-4591-A216-1B76BD0E68A4}"
EndProject
Project("{9A19103F-16F7-4668-BE54-9A1E7A4F7556}") = "CLI-cms", "Demo\CLI-cms\CLI-cms.csproj", "{7EE380BE-EAF5-4D58-A1CF-C93D2283B2BF}"
	ProjectSection(ProjectDependencies) = postProject
		{B1161915-FFB0-412A-9C65-2F4E046FA9B8} = {B1161915-FFB0-412A-9C65-2F4E046FA9B8}
	EndProjectSection
EndProject
Global
	GlobalSection(SolutionConfigurationPlatforms) = preSolution
		Debug|Any CPU = Debug|Any CPU
		FullDebug|Any CPU = FullDebug|Any CPU
		Release|Any CPU = Release|Any CPU
	EndGlobalSection
	GlobalSection(ProjectConfigurationPlatforms) = postSolution
		{78C3855A-EEE7-4283-BE5F-71F3E3677C11}.Debug|Any CPU.ActiveCfg = Debug|Any CPU
		{78C3855A-EEE7-4283-BE5F-71F3E3677C11}.Debug|Any CPU.Build.0 = Debug|Any CPU
		{78C3855A-EEE7-4283-BE5F-71F3E3677C11}.FullDebug|Any CPU.ActiveCfg = FullDebug|Any CPU
		{78C3855A-EEE7-4283-BE5F-71F3E3677C11}.FullDebug|Any CPU.Build.0 = FullDebug|Any CPU
		{78C3855A-EEE7-4283-BE5F-71F3E3677C11}.Release|Any CPU.ActiveCfg = Release|Any CPU
		{78C3855A-EEE7-4283-BE5F-71F3E3677C11}.Release|Any CPU.Build.0 = Release|Any CPU
		{AB8DB957-28A1-4D39-B924-F8E3E39020E4}.Debug|Any CPU.ActiveCfg = Debug|Any CPU
		{AB8DB957-28A1-4D39-B924-F8E3E39020E4}.Debug|Any CPU.Build.0 = Debug|Any CPU
		{AB8DB957-28A1-4D39-B924-F8E3E39020E4}.FullDebug|Any CPU.ActiveCfg = FullDebug|Any CPU
		{AB8DB957-28A1-4D39-B924-F8E3E39020E4}.FullDebug|Any CPU.Build.0 = FullDebug|Any CPU
		{AB8DB957-28A1-4D39-B924-F8E3E39020E4}.Release|Any CPU.ActiveCfg = Release|Any CPU
		{AB8DB957-28A1-4D39-B924-F8E3E39020E4}.Release|Any CPU.Build.0 = Release|Any CPU
		{69DAE71F-39E3-43EB-964A-CBE1B432D5FA}.Debug|Any CPU.ActiveCfg = Debug|Any CPU
		{69DAE71F-39E3-43EB-964A-CBE1B432D5FA}.Debug|Any CPU.Build.0 = Debug|Any CPU
		{69DAE71F-39E3-43EB-964A-CBE1B432D5FA}.FullDebug|Any CPU.ActiveCfg = FullDebug|Any CPU
		{69DAE71F-39E3-43EB-964A-CBE1B432D5FA}.FullDebug|Any CPU.Build.0 = FullDebug|Any CPU
		{69DAE71F-39E3-43EB-964A-CBE1B432D5FA}.Release|Any CPU.ActiveCfg = Release|Any CPU
		{69DAE71F-39E3-43EB-964A-CBE1B432D5FA}.Release|Any CPU.Build.0 = Release|Any CPU
		{53FC6D68-1234-4395-B2F3-DB9918046053}.Debug|Any CPU.ActiveCfg = Debug|Any CPU
		{53FC6D68-1234-4395-B2F3-DB9918046053}.Debug|Any CPU.Build.0 = Debug|Any CPU
		{53FC6D68-1234-4395-B2F3-DB9918046053}.FullDebug|Any CPU.ActiveCfg = FullDebug|Any CPU
		{53FC6D68-1234-4395-B2F3-DB9918046053}.FullDebug|Any CPU.Build.0 = FullDebug|Any CPU
		{53FC6D68-1234-4395-B2F3-DB9918046053}.Release|Any CPU.ActiveCfg = Release|Any CPU
		{53FC6D68-1234-4395-B2F3-DB9918046053}.Release|Any CPU.Build.0 = Release|Any CPU
		{AF505677-1DBE-4268-B6A8-658ABF784F8A}.Debug|Any CPU.ActiveCfg = Debug|Any CPU
		{AF505677-1DBE-4268-B6A8-658ABF784F8A}.Debug|Any CPU.Build.0 = Debug|Any CPU
		{AF505677-1DBE-4268-B6A8-658ABF784F8A}.FullDebug|Any CPU.ActiveCfg = FullDebug|Any CPU
		{AF505677-1DBE-4268-B6A8-658ABF784F8A}.FullDebug|Any CPU.Build.0 = FullDebug|Any CPU
		{AF505677-1DBE-4268-B6A8-658ABF784F8A}.Release|Any CPU.ActiveCfg = Release|Any CPU
		{AF505677-1DBE-4268-B6A8-658ABF784F8A}.Release|Any CPU.Build.0 = Release|Any CPU
		{225B212A-F4EE-4828-96C0-92A7117BA1C1}.Debug|Any CPU.ActiveCfg = Debug|Any CPU
		{225B212A-F4EE-4828-96C0-92A7117BA1C1}.Debug|Any CPU.Build.0 = Debug|Any CPU
		{225B212A-F4EE-4828-96C0-92A7117BA1C1}.FullDebug|Any CPU.ActiveCfg = FullDebug|Any CPU
		{225B212A-F4EE-4828-96C0-92A7117BA1C1}.FullDebug|Any CPU.Build.0 = FullDebug|Any CPU
		{225B212A-F4EE-4828-96C0-92A7117BA1C1}.Release|Any CPU.ActiveCfg = Release|Any CPU
		{225B212A-F4EE-4828-96C0-92A7117BA1C1}.Release|Any CPU.Build.0 = Release|Any CPU
		{3C71FE17-2A9B-40D1-AABF-E4C70165C6C4}.Debug|Any CPU.ActiveCfg = Debug|Any CPU
		{3C71FE17-2A9B-40D1-AABF-E4C70165C6C4}.Debug|Any CPU.Build.0 = Debug|Any CPU
		{3C71FE17-2A9B-40D1-AABF-E4C70165C6C4}.FullDebug|Any CPU.ActiveCfg = FullDebug|Any CPU
		{3C71FE17-2A9B-40D1-AABF-E4C70165C6C4}.FullDebug|Any CPU.Build.0 = FullDebug|Any CPU
		{3C71FE17-2A9B-40D1-AABF-E4C70165C6C4}.Release|Any CPU.ActiveCfg = Release|Any CPU
		{3C71FE17-2A9B-40D1-AABF-E4C70165C6C4}.Release|Any CPU.Build.0 = Release|Any CPU
		{A1F3DE53-D965-4398-AE84-1B066626CDC3}.Debug|Any CPU.ActiveCfg = Debug|Any CPU
		{A1F3DE53-D965-4398-AE84-1B066626CDC3}.Debug|Any CPU.Build.0 = Debug|Any CPU
		{A1F3DE53-D965-4398-AE84-1B066626CDC3}.FullDebug|Any CPU.ActiveCfg = FullDebug|Any CPU
		{A1F3DE53-D965-4398-AE84-1B066626CDC3}.FullDebug|Any CPU.Build.0 = FullDebug|Any CPU
		{A1F3DE53-D965-4398-AE84-1B066626CDC3}.Release|Any CPU.ActiveCfg = Release|Any CPU
		{A1F3DE53-D965-4398-AE84-1B066626CDC3}.Release|Any CPU.Build.0 = Release|Any CPU
		{4B05E790-92F8-4F2A-9DF2-B77FDF22B28E}.Debug|Any CPU.ActiveCfg = Debug|Any CPU
		{4B05E790-92F8-4F2A-9DF2-B77FDF22B28E}.Debug|Any CPU.Build.0 = Debug|Any CPU
		{4B05E790-92F8-4F2A-9DF2-B77FDF22B28E}.FullDebug|Any CPU.ActiveCfg = FullDebug|Any CPU
		{4B05E790-92F8-4F2A-9DF2-B77FDF22B28E}.FullDebug|Any CPU.Build.0 = FullDebug|Any CPU
		{4B05E790-92F8-4F2A-9DF2-B77FDF22B28E}.Release|Any CPU.ActiveCfg = Release|Any CPU
		{4B05E790-92F8-4F2A-9DF2-B77FDF22B28E}.Release|Any CPU.Build.0 = Release|Any CPU
		{0BDEB106-877A-40C3-A9DB-6A604F8D873A}.Debug|Any CPU.ActiveCfg = Debug|Any CPU
		{0BDEB106-877A-40C3-A9DB-6A604F8D873A}.Debug|Any CPU.Build.0 = Debug|Any CPU
		{0BDEB106-877A-40C3-A9DB-6A604F8D873A}.FullDebug|Any CPU.ActiveCfg = FullDebug|Any CPU
		{0BDEB106-877A-40C3-A9DB-6A604F8D873A}.FullDebug|Any CPU.Build.0 = FullDebug|Any CPU
		{0BDEB106-877A-40C3-A9DB-6A604F8D873A}.Release|Any CPU.ActiveCfg = Release|Any CPU
		{0BDEB106-877A-40C3-A9DB-6A604F8D873A}.Release|Any CPU.Build.0 = Release|Any CPU
		{3FEBF95F-0C04-4600-ACD8-7495C24A7908}.Debug|Any CPU.ActiveCfg = Debug|Any CPU
		{3FEBF95F-0C04-4600-ACD8-7495C24A7908}.Debug|Any CPU.Build.0 = Debug|Any CPU
		{3FEBF95F-0C04-4600-ACD8-7495C24A7908}.FullDebug|Any CPU.ActiveCfg = FullDebug|Any CPU
		{3FEBF95F-0C04-4600-ACD8-7495C24A7908}.FullDebug|Any CPU.Build.0 = FullDebug|Any CPU
		{3FEBF95F-0C04-4600-ACD8-7495C24A7908}.Release|Any CPU.ActiveCfg = Release|Any CPU
		{3FEBF95F-0C04-4600-ACD8-7495C24A7908}.Release|Any CPU.Build.0 = Release|Any CPU
		{EFE8FB49-8AC1-4C13-93DF-76F2B79CE034}.Debug|Any CPU.ActiveCfg = Debug|Any CPU
		{EFE8FB49-8AC1-4C13-93DF-76F2B79CE034}.Debug|Any CPU.Build.0 = Debug|Any CPU
		{EFE8FB49-8AC1-4C13-93DF-76F2B79CE034}.FullDebug|Any CPU.ActiveCfg = FullDebug|Any CPU
		{EFE8FB49-8AC1-4C13-93DF-76F2B79CE034}.FullDebug|Any CPU.Build.0 = FullDebug|Any CPU
		{EFE8FB49-8AC1-4C13-93DF-76F2B79CE034}.Release|Any CPU.ActiveCfg = Release|Any CPU
		{EFE8FB49-8AC1-4C13-93DF-76F2B79CE034}.Release|Any CPU.Build.0 = Release|Any CPU
		{A252DF59-263B-46D9-A1E4-48E16D8D0DEC}.Debug|Any CPU.ActiveCfg = Debug|Any CPU
		{A252DF59-263B-46D9-A1E4-48E16D8D0DEC}.Debug|Any CPU.Build.0 = Debug|Any CPU
		{A252DF59-263B-46D9-A1E4-48E16D8D0DEC}.FullDebug|Any CPU.ActiveCfg = FullDebug|Any CPU
		{A252DF59-263B-46D9-A1E4-48E16D8D0DEC}.FullDebug|Any CPU.Build.0 = FullDebug|Any CPU
		{A252DF59-263B-46D9-A1E4-48E16D8D0DEC}.Release|Any CPU.ActiveCfg = Release|Any CPU
		{A252DF59-263B-46D9-A1E4-48E16D8D0DEC}.Release|Any CPU.Build.0 = Release|Any CPU
		{399B718D-41C6-4DD9-A7E3-B9758CAAEB89}.Debug|Any CPU.ActiveCfg = Debug|Any CPU
		{399B718D-41C6-4DD9-A7E3-B9758CAAEB89}.Debug|Any CPU.Build.0 = Debug|Any CPU
		{399B718D-41C6-4DD9-A7E3-B9758CAAEB89}.FullDebug|Any CPU.ActiveCfg = FullDebug|Any CPU
		{399B718D-41C6-4DD9-A7E3-B9758CAAEB89}.FullDebug|Any CPU.Build.0 = FullDebug|Any CPU
		{399B718D-41C6-4DD9-A7E3-B9758CAAEB89}.Release|Any CPU.ActiveCfg = Release|Any CPU
		{399B718D-41C6-4DD9-A7E3-B9758CAAEB89}.Release|Any CPU.Build.0 = Release|Any CPU
		{02DCA9CB-92A1-47C9-BF40-97DDD56DEFF3}.Debug|Any CPU.ActiveCfg = Debug|Any CPU
		{02DCA9CB-92A1-47C9-BF40-97DDD56DEFF3}.Debug|Any CPU.Build.0 = Debug|Any CPU
		{02DCA9CB-92A1-47C9-BF40-97DDD56DEFF3}.FullDebug|Any CPU.ActiveCfg = FullDebug|Any CPU
		{02DCA9CB-92A1-47C9-BF40-97DDD56DEFF3}.FullDebug|Any CPU.Build.0 = FullDebug|Any CPU
		{02DCA9CB-92A1-47C9-BF40-97DDD56DEFF3}.Release|Any CPU.ActiveCfg = Release|Any CPU
		{02DCA9CB-92A1-47C9-BF40-97DDD56DEFF3}.Release|Any CPU.Build.0 = Release|Any CPU
		{8FF55BB5-6004-4461-B8EA-19E9F41B970B}.Debug|Any CPU.ActiveCfg = Debug|Any CPU
		{8FF55BB5-6004-4461-B8EA-19E9F41B970B}.Debug|Any CPU.Build.0 = Debug|Any CPU
		{8FF55BB5-6004-4461-B8EA-19E9F41B970B}.FullDebug|Any CPU.ActiveCfg = FullDebug|Any CPU
		{8FF55BB5-6004-4461-B8EA-19E9F41B970B}.FullDebug|Any CPU.Build.0 = FullDebug|Any CPU
		{8FF55BB5-6004-4461-B8EA-19E9F41B970B}.Release|Any CPU.ActiveCfg = Release|Any CPU
		{8FF55BB5-6004-4461-B8EA-19E9F41B970B}.Release|Any CPU.Build.0 = Release|Any CPU
		{50590B39-F376-4E96-92CF-67F84C149E86}.Debug|Any CPU.ActiveCfg = Debug|Any CPU
		{50590B39-F376-4E96-92CF-67F84C149E86}.Debug|Any CPU.Build.0 = Debug|Any CPU
		{50590B39-F376-4E96-92CF-67F84C149E86}.FullDebug|Any CPU.ActiveCfg = FullDebug|Any CPU
		{50590B39-F376-4E96-92CF-67F84C149E86}.FullDebug|Any CPU.Build.0 = FullDebug|Any CPU
		{50590B39-F376-4E96-92CF-67F84C149E86}.Release|Any CPU.ActiveCfg = Release|Any CPU
		{50590B39-F376-4E96-92CF-67F84C149E86}.Release|Any CPU.Build.0 = Release|Any CPU
		{FEF0C134-505D-4206-8630-569A6762F787}.Debug|Any CPU.ActiveCfg = Debug|Any CPU
		{FEF0C134-505D-4206-8630-569A6762F787}.Debug|Any CPU.Build.0 = Debug|Any CPU
		{FEF0C134-505D-4206-8630-569A6762F787}.FullDebug|Any CPU.ActiveCfg = FullDebug|Any CPU
		{FEF0C134-505D-4206-8630-569A6762F787}.FullDebug|Any CPU.Build.0 = FullDebug|Any CPU
		{FEF0C134-505D-4206-8630-569A6762F787}.Release|Any CPU.ActiveCfg = Release|Any CPU
		{FEF0C134-505D-4206-8630-569A6762F787}.Release|Any CPU.Build.0 = Release|Any CPU
		{1C19BCFA-9965-49EC-952B-DBC753E219A2}.Debug|Any CPU.ActiveCfg = Debug|Any CPU
		{1C19BCFA-9965-49EC-952B-DBC753E219A2}.Debug|Any CPU.Build.0 = Debug|Any CPU
		{1C19BCFA-9965-49EC-952B-DBC753E219A2}.FullDebug|Any CPU.ActiveCfg = Debug|Any CPU
		{1C19BCFA-9965-49EC-952B-DBC753E219A2}.FullDebug|Any CPU.Build.0 = Debug|Any CPU
		{1C19BCFA-9965-49EC-952B-DBC753E219A2}.Release|Any CPU.ActiveCfg = Release|Any CPU
		{1C19BCFA-9965-49EC-952B-DBC753E219A2}.Release|Any CPU.Build.0 = Release|Any CPU
		{A7111722-6C8F-42AA-8CDD-732D34FB678A}.Debug|Any CPU.ActiveCfg = Debug|Any CPU
		{A7111722-6C8F-42AA-8CDD-732D34FB678A}.Debug|Any CPU.Build.0 = Debug|Any CPU
		{A7111722-6C8F-42AA-8CDD-732D34FB678A}.FullDebug|Any CPU.ActiveCfg = Debug|Any CPU
		{A7111722-6C8F-42AA-8CDD-732D34FB678A}.FullDebug|Any CPU.Build.0 = Debug|Any CPU
		{A7111722-6C8F-42AA-8CDD-732D34FB678A}.Release|Any CPU.ActiveCfg = Release|Any CPU
		{A7111722-6C8F-42AA-8CDD-732D34FB678A}.Release|Any CPU.Build.0 = Release|Any CPU
		{12BB22FD-E576-44A9-AE74-A5A673715870}.Debug|Any CPU.ActiveCfg = Debug|Any CPU
		{12BB22FD-E576-44A9-AE74-A5A673715870}.Debug|Any CPU.Build.0 = Debug|Any CPU
		{12BB22FD-E576-44A9-AE74-A5A673715870}.FullDebug|Any CPU.ActiveCfg = Debug|Any CPU
		{12BB22FD-E576-44A9-AE74-A5A673715870}.FullDebug|Any CPU.Build.0 = Debug|Any CPU
		{12BB22FD-E576-44A9-AE74-A5A673715870}.Release|Any CPU.ActiveCfg = Release|Any CPU
		{12BB22FD-E576-44A9-AE74-A5A673715870}.Release|Any CPU.Build.0 = Release|Any CPU
		{B1161915-FFB0-412A-9C65-2F4E046FA9B8}.Debug|Any CPU.ActiveCfg = Debug|Any CPU
		{B1161915-FFB0-412A-9C65-2F4E046FA9B8}.Debug|Any CPU.Build.0 = Debug|Any CPU
		{B1161915-FFB0-412A-9C65-2F4E046FA9B8}.FullDebug|Any CPU.ActiveCfg = Debug|Any CPU
		{B1161915-FFB0-412A-9C65-2F4E046FA9B8}.FullDebug|Any CPU.Build.0 = Debug|Any CPU
		{B1161915-FFB0-412A-9C65-2F4E046FA9B8}.Release|Any CPU.ActiveCfg = Release|Any CPU
		{B1161915-FFB0-412A-9C65-2F4E046FA9B8}.Release|Any CPU.Build.0 = Release|Any CPU
		{ED703B53-BF12-4F55-B35A-F8290F542E16}.Debug|Any CPU.ActiveCfg = Debug|Any CPU
		{ED703B53-BF12-4F55-B35A-F8290F542E16}.Debug|Any CPU.Build.0 = Debug|Any CPU
		{ED703B53-BF12-4F55-B35A-F8290F542E16}.FullDebug|Any CPU.ActiveCfg = Debug|Any CPU
		{ED703B53-BF12-4F55-B35A-F8290F542E16}.FullDebug|Any CPU.Build.0 = Debug|Any CPU
		{ED703B53-BF12-4F55-B35A-F8290F542E16}.Release|Any CPU.ActiveCfg = Release|Any CPU
		{ED703B53-BF12-4F55-B35A-F8290F542E16}.Release|Any CPU.Build.0 = Release|Any CPU
		{95F35BF6-1FF1-4A5F-8725-A8EA4F1D43CD}.Debug|Any CPU.ActiveCfg = Debug|Any CPU
		{95F35BF6-1FF1-4A5F-8725-A8EA4F1D43CD}.Debug|Any CPU.Build.0 = Debug|Any CPU
		{95F35BF6-1FF1-4A5F-8725-A8EA4F1D43CD}.FullDebug|Any CPU.ActiveCfg = Debug|Any CPU
		{95F35BF6-1FF1-4A5F-8725-A8EA4F1D43CD}.FullDebug|Any CPU.Build.0 = Debug|Any CPU
		{95F35BF6-1FF1-4A5F-8725-A8EA4F1D43CD}.Release|Any CPU.ActiveCfg = Release|Any CPU
		{95F35BF6-1FF1-4A5F-8725-A8EA4F1D43CD}.Release|Any CPU.Build.0 = Release|Any CPU
		{7EE380BE-EAF5-4D58-A1CF-C93D2283B2BF}.Debug|Any CPU.ActiveCfg = Debug|Any CPU
		{7EE380BE-EAF5-4D58-A1CF-C93D2283B2BF}.Debug|Any CPU.Build.0 = Debug|Any CPU
		{7EE380BE-EAF5-4D58-A1CF-C93D2283B2BF}.FullDebug|Any CPU.ActiveCfg = Debug|Any CPU
		{7EE380BE-EAF5-4D58-A1CF-C93D2283B2BF}.FullDebug|Any CPU.Build.0 = Debug|Any CPU
		{7EE380BE-EAF5-4D58-A1CF-C93D2283B2BF}.Release|Any CPU.ActiveCfg = Release|Any CPU
		{7EE380BE-EAF5-4D58-A1CF-C93D2283B2BF}.Release|Any CPU.Build.0 = Release|Any CPU
	EndGlobalSection
	GlobalSection(SolutionProperties) = preSolution
		HideSolutionNode = FALSE
	EndGlobalSection
	GlobalSection(NestedProjects) = preSolution
		{39731466-DC8C-4FB2-A4D3-C4212A87700A} = {4B5D75F5-E2FC-4CCB-90EF-6DC4A0193032}
		{78C3855A-EEE7-4283-BE5F-71F3E3677C11} = {39731466-DC8C-4FB2-A4D3-C4212A87700A}
		{97D67019-21A7-4591-A216-1B76BD0E68A4} = {4B5D75F5-E2FC-4CCB-90EF-6DC4A0193032}
		{AB8DB957-28A1-4D39-B924-F8E3E39020E4} = {D0F1B9D3-DD8C-4F25-B7AF-0C2EB4E17AC3}
		{69DAE71F-39E3-43EB-964A-CBE1B432D5FA} = {39731466-DC8C-4FB2-A4D3-C4212A87700A}
		{53FC6D68-1234-4395-B2F3-DB9918046053} = {D0F1B9D3-DD8C-4F25-B7AF-0C2EB4E17AC3}
		{AF505677-1DBE-4268-B6A8-658ABF784F8A} = {D0F1B9D3-DD8C-4F25-B7AF-0C2EB4E17AC3}
		{225B212A-F4EE-4828-96C0-92A7117BA1C1} = {D0F1B9D3-DD8C-4F25-B7AF-0C2EB4E17AC3}
		{3C71FE17-2A9B-40D1-AABF-E4C70165C6C4} = {D0F1B9D3-DD8C-4F25-B7AF-0C2EB4E17AC3}
		{A1F3DE53-D965-4398-AE84-1B066626CDC3} = {D0F1B9D3-DD8C-4F25-B7AF-0C2EB4E17AC3}
		{4B05E790-92F8-4F2A-9DF2-B77FDF22B28E} = {39731466-DC8C-4FB2-A4D3-C4212A87700A}
		{0BDEB106-877A-40C3-A9DB-6A604F8D873A} = {D0F1B9D3-DD8C-4F25-B7AF-0C2EB4E17AC3}
		{3FEBF95F-0C04-4600-ACD8-7495C24A7908} = {39731466-DC8C-4FB2-A4D3-C4212A87700A}
		{D0F1B9D3-DD8C-4F25-B7AF-0C2EB4E17AC3} = {4B5D75F5-E2FC-4CCB-90EF-6DC4A0193032}
		{EFE8FB49-8AC1-4C13-93DF-76F2B79CE034} = {39731466-DC8C-4FB2-A4D3-C4212A87700A}
		{A252DF59-263B-46D9-A1E4-48E16D8D0DEC} = {39731466-DC8C-4FB2-A4D3-C4212A87700A}
		{399B718D-41C6-4DD9-A7E3-B9758CAAEB89} = {39731466-DC8C-4FB2-A4D3-C4212A87700A}
		{02DCA9CB-92A1-47C9-BF40-97DDD56DEFF3} = {D0F1B9D3-DD8C-4F25-B7AF-0C2EB4E17AC3}
		{8FF55BB5-6004-4461-B8EA-19E9F41B970B} = {39731466-DC8C-4FB2-A4D3-C4212A87700A}
		{50590B39-F376-4E96-92CF-67F84C149E86} = {97D67019-21A7-4591-A216-1B76BD0E68A4}
		{FEF0C134-505D-4206-8630-569A6762F787} = {97D67019-21A7-4591-A216-1B76BD0E68A4}
		{1C19BCFA-9965-49EC-952B-DBC753E219A2} = {B00E560D-AE0C-48E1-9013-57115AF05F41}
		{A7111722-6C8F-42AA-8CDD-732D34FB678A} = {B00E560D-AE0C-48E1-9013-57115AF05F41}
		{12BB22FD-E576-44A9-AE74-A5A673715870} = {7D787B73-D44A-4B65-B83F-4AF4A752F26C}
		{7D787B73-D44A-4B65-B83F-4AF4A752F26C} = {B00E560D-AE0C-48E1-9013-57115AF05F41}
		{B1161915-FFB0-412A-9C65-2F4E046FA9B8} = {B00E560D-AE0C-48E1-9013-57115AF05F41}
		{ED703B53-BF12-4F55-B35A-F8290F542E16} = {314A4A1E-1671-4F4C-BA1F-DEE73D584677}
		{314A4A1E-1671-4F4C-BA1F-DEE73D584677} = {4B5D75F5-E2FC-4CCB-90EF-6DC4A0193032}
		{DEA0937C-6F6B-4B25-8F9B-0ABE82978321} = {B00E560D-AE0C-48E1-9013-57115AF05F41}
		{95F35BF6-1FF1-4A5F-8725-A8EA4F1D43CD} = {DEA0937C-6F6B-4B25-8F9B-0ABE82978321}
		{7EE380BE-EAF5-4D58-A1CF-C93D2283B2BF} = {7D787B73-D44A-4B65-B83F-4AF4A752F26C}
	EndGlobalSection
	GlobalSection(ExtensibilityGlobals) = postSolution
		FileExplorer = |build\|docs\|LibrarySets\
		SolutionGuid = {366252DE-C2FB-4EAC-96EE-22210BD43DE2}
	EndGlobalSection
EndGlobal
