
Microsoft Visual Studio Solution File, Format Version 12.00
# Visual Studio Version 17
VisualStudioVersion = 17.5.33516.290
MinimumVisualStudioVersion = 10.0.40219.1
Project("{9A19103F-16F7-4668-BE54-9A1E7A4F7556}") = "Cql", "Cql\Cql.csproj", "{1C19BCFA-9965-49EC-952B-DBC753E219A2}"
EndProject
Project("{9A19103F-16F7-4668-BE54-9A1E7A4F7556}") = "Elm", "Elm\Elm.csproj", "{280C6857-E1CC-4B4A-9552-13B5AA5932E0}"
EndProject
Project("{9A19103F-16F7-4668-BE54-9A1E7A4F7556}") = "Measures", "Measures\Measures.csproj", "{A7111722-6C8F-42AA-8CDD-732D34FB678A}"
EndProject
Project("{9A19103F-16F7-4668-BE54-9A1E7A4F7556}") = "Test", "Test\Test.csproj", "{D275EAEC-6A14-48B4-A1DF-CC8620DE4EFA}"
EndProject
Project("{2150E333-8FDC-42A3-9474-1A3956D46DE8}") = "NuGet", "NuGet", "{B2DA3E3F-AD3D-4053-A4BE-CE4F0F094B40}"
EndProject
Project("{9A19103F-16F7-4668-BE54-9A1E7A4F7556}") = "Cql.Abstractions", "..\Cql\Cql.Abstractions\Cql.Abstractions.csproj", "{D1C18405-7558-4AA6-BB76-D590900D5F70}"
EndProject
Project("{9A19103F-16F7-4668-BE54-9A1E7A4F7556}") = "Cql.Runtime", "..\Cql\Cql.Runtime\Cql.Runtime.csproj", "{60D509B6-A0D9-4D33-B105-D43CE6F50123}"
EndProject
Project("{9A19103F-16F7-4668-BE54-9A1E7A4F7556}") = "Cql.Primitives", "..\Cql\Cql.Primitives\Cql.Primitives.csproj", "{41A07FC1-68A1-47E9-A668-ACD592FF9B63}"
EndProject
Project("{9A19103F-16F7-4668-BE54-9A1E7A4F7556}") = "CodeGeneration.NET", "..\Cql\CodeGeneration.NET\CodeGeneration.NET.csproj", "{07E2B5C2-65D9-4035-8728-7BF227D85338}"
EndProject
Project("{9A19103F-16F7-4668-BE54-9A1E7A4F7556}") = "Iso8601", "..\Cql\Iso8601\Iso8601.csproj", "{2B192B2A-B8F9-431C-AF02-A2A35C60E44E}"
EndProject
Project("{9A19103F-16F7-4668-BE54-9A1E7A4F7556}") = "CLI", "CLI\CLI.csproj", "{12BB22FD-E576-44A9-AE74-A5A673715870}"
EndProject
Project("{2150E333-8FDC-42A3-9474-1A3956D46DE8}") = "Samples", "Samples", "{7D787B73-D44A-4B65-B83F-4AF4A752F26C}"
EndProject
Project("{9A19103F-16F7-4668-BE54-9A1E7A4F7556}") = "Cql", "..\Cql\Cql\Cql.csproj", "{9B3D8C9B-BCAA-4148-8E7F-55E4A14C29DB}"
EndProject
Project("{9A19103F-16F7-4668-BE54-9A1E7A4F7556}") = "Cql.Firely", "..\Cql\Cql.Firely\Cql.Firely.csproj", "{8D31A72A-FCC4-4017-9AD6-B68019815A03}"
EndProject
Project("{9A19103F-16F7-4668-BE54-9A1E7A4F7556}") = "PackagerCLI", "..\Cql\PackagerCLI\PackagerCLI.csproj", "{5396025B-4EDF-4D9D-BDE6-1E4D4747B3FD}"
EndProject
Project("{9A19103F-16F7-4668-BE54-9A1E7A4F7556}") = "Cql.Packaging", "..\Cql\Cql.Packaging\Cql.Packaging.csproj", "{EF8C2BD9-4C91-45BC-9B07-AFD199418170}"
EndProject
Project("{9A19103F-16F7-4668-BE54-9A1E7A4F7556}") = "Elm", "..\Cql\Elm\Elm.csproj", "{270F53BE-283A-4CC4-88AC-99B773E4464B}"
EndProject
Project("{9A19103F-16F7-4668-BE54-9A1E7A4F7556}") = "Cql.Comparers", "..\Cql\Cql.Comparers\Cql.Comparers.csproj", "{22A09BA6-044D-4DEA-8354-0279E6021851}"
EndProject
Project("{9A19103F-16F7-4668-BE54-9A1E7A4F7556}") = "Cql.Compiler", "..\Cql\Cql.Compiler\Cql.Compiler.csproj", "{B961C0E3-FA7E-4922-8737-C337DFE7B2B0}"
EndProject
Project("{9A19103F-16F7-4668-BE54-9A1E7A4F7556}") = "Cql.Conversion", "..\Cql\Cql.Conversion\Cql.Conversion.csproj", "{453844EE-715E-45EB-B96F-B7A328899D2C}"
EndProject
Project("{9A19103F-16F7-4668-BE54-9A1E7A4F7556}") = "Cql.Logging", "..\Cql\Cql.Logging\Cql.Logging.csproj", "{FA5A3675-A2EA-489B-AEF3-290FE6DED4DA}"
EndProject
Project("{9A19103F-16F7-4668-BE54-9A1E7A4F7556}") = "Cql.Model", "..\Cql\Cql.Model\Cql.Model.csproj", "{B7D2DF5D-963F-47E9-8B3F-82EC4C35173A}"
EndProject
Project("{9A19103F-16F7-4668-BE54-9A1E7A4F7556}") = "Cql.Operators", "..\Cql\Cql.Operators\Cql.Operators.csproj", "{F670EEFC-7F1E-48CC-BCE4-AB4F91BC8B5E}"
EndProject
Project("{9A19103F-16F7-4668-BE54-9A1E7A4F7556}") = "Cql.ValueSets", "..\Cql\Cql.ValueSets\Cql.ValueSets.csproj", "{81D79718-914A-4586-9AB1-1A8B295B2517}"
EndProject
Project("{9A19103F-16F7-4668-BE54-9A1E7A4F7556}") = "Graph", "..\Cql\Graph\Graph.csproj", "{4BC97359-D570-4BB6-A837-FB8E082E149E}"
EndProject
Global
	GlobalSection(SolutionConfigurationPlatforms) = preSolution
		Debug|Any CPU = Debug|Any CPU
		FullDebug|Any CPU = FullDebug|Any CPU
		Release|Any CPU = Release|Any CPU
	EndGlobalSection
	GlobalSection(ProjectConfigurationPlatforms) = postSolution
		{1C19BCFA-9965-49EC-952B-DBC753E219A2}.Debug|Any CPU.ActiveCfg = Debug|Any CPU
		{1C19BCFA-9965-49EC-952B-DBC753E219A2}.Debug|Any CPU.Build.0 = Debug|Any CPU
		{1C19BCFA-9965-49EC-952B-DBC753E219A2}.FullDebug|Any CPU.ActiveCfg = Debug|Any CPU
		{1C19BCFA-9965-49EC-952B-DBC753E219A2}.FullDebug|Any CPU.Build.0 = Debug|Any CPU
		{1C19BCFA-9965-49EC-952B-DBC753E219A2}.Release|Any CPU.ActiveCfg = Release|Any CPU
		{1C19BCFA-9965-49EC-952B-DBC753E219A2}.Release|Any CPU.Build.0 = Release|Any CPU
		{280C6857-E1CC-4B4A-9552-13B5AA5932E0}.Debug|Any CPU.ActiveCfg = Debug|Any CPU
		{280C6857-E1CC-4B4A-9552-13B5AA5932E0}.Debug|Any CPU.Build.0 = Debug|Any CPU
		{280C6857-E1CC-4B4A-9552-13B5AA5932E0}.FullDebug|Any CPU.ActiveCfg = Debug|Any CPU
		{280C6857-E1CC-4B4A-9552-13B5AA5932E0}.FullDebug|Any CPU.Build.0 = Debug|Any CPU
		{280C6857-E1CC-4B4A-9552-13B5AA5932E0}.Release|Any CPU.ActiveCfg = Release|Any CPU
		{280C6857-E1CC-4B4A-9552-13B5AA5932E0}.Release|Any CPU.Build.0 = Release|Any CPU
		{A7111722-6C8F-42AA-8CDD-732D34FB678A}.Debug|Any CPU.ActiveCfg = Debug|Any CPU
		{A7111722-6C8F-42AA-8CDD-732D34FB678A}.Debug|Any CPU.Build.0 = Debug|Any CPU
		{A7111722-6C8F-42AA-8CDD-732D34FB678A}.FullDebug|Any CPU.ActiveCfg = Debug|Any CPU
		{A7111722-6C8F-42AA-8CDD-732D34FB678A}.FullDebug|Any CPU.Build.0 = Debug|Any CPU
		{A7111722-6C8F-42AA-8CDD-732D34FB678A}.Release|Any CPU.ActiveCfg = Release|Any CPU
		{A7111722-6C8F-42AA-8CDD-732D34FB678A}.Release|Any CPU.Build.0 = Release|Any CPU
		{D275EAEC-6A14-48B4-A1DF-CC8620DE4EFA}.Debug|Any CPU.ActiveCfg = Debug|Any CPU
		{D275EAEC-6A14-48B4-A1DF-CC8620DE4EFA}.Debug|Any CPU.Build.0 = Debug|Any CPU
		{D275EAEC-6A14-48B4-A1DF-CC8620DE4EFA}.FullDebug|Any CPU.ActiveCfg = Debug|Any CPU
		{D275EAEC-6A14-48B4-A1DF-CC8620DE4EFA}.FullDebug|Any CPU.Build.0 = Debug|Any CPU
		{D275EAEC-6A14-48B4-A1DF-CC8620DE4EFA}.Release|Any CPU.ActiveCfg = Release|Any CPU
		{D275EAEC-6A14-48B4-A1DF-CC8620DE4EFA}.Release|Any CPU.Build.0 = Release|Any CPU
		{D1C18405-7558-4AA6-BB76-D590900D5F70}.Debug|Any CPU.ActiveCfg = Debug|Any CPU
		{D1C18405-7558-4AA6-BB76-D590900D5F70}.Debug|Any CPU.Build.0 = Debug|Any CPU
		{D1C18405-7558-4AA6-BB76-D590900D5F70}.FullDebug|Any CPU.ActiveCfg = Debug|Any CPU
		{D1C18405-7558-4AA6-BB76-D590900D5F70}.FullDebug|Any CPU.Build.0 = Debug|Any CPU
		{D1C18405-7558-4AA6-BB76-D590900D5F70}.Release|Any CPU.ActiveCfg = Release|Any CPU
		{D1C18405-7558-4AA6-BB76-D590900D5F70}.Release|Any CPU.Build.0 = Release|Any CPU
		{60D509B6-A0D9-4D33-B105-D43CE6F50123}.Debug|Any CPU.ActiveCfg = Debug|Any CPU
		{60D509B6-A0D9-4D33-B105-D43CE6F50123}.Debug|Any CPU.Build.0 = Debug|Any CPU
		{60D509B6-A0D9-4D33-B105-D43CE6F50123}.FullDebug|Any CPU.ActiveCfg = Debug|Any CPU
		{60D509B6-A0D9-4D33-B105-D43CE6F50123}.FullDebug|Any CPU.Build.0 = Debug|Any CPU
		{60D509B6-A0D9-4D33-B105-D43CE6F50123}.Release|Any CPU.ActiveCfg = Release|Any CPU
		{60D509B6-A0D9-4D33-B105-D43CE6F50123}.Release|Any CPU.Build.0 = Release|Any CPU
		{41A07FC1-68A1-47E9-A668-ACD592FF9B63}.Debug|Any CPU.ActiveCfg = Debug|Any CPU
		{41A07FC1-68A1-47E9-A668-ACD592FF9B63}.Debug|Any CPU.Build.0 = Debug|Any CPU
		{41A07FC1-68A1-47E9-A668-ACD592FF9B63}.FullDebug|Any CPU.ActiveCfg = Debug|Any CPU
		{41A07FC1-68A1-47E9-A668-ACD592FF9B63}.FullDebug|Any CPU.Build.0 = Debug|Any CPU
		{41A07FC1-68A1-47E9-A668-ACD592FF9B63}.Release|Any CPU.ActiveCfg = Release|Any CPU
		{41A07FC1-68A1-47E9-A668-ACD592FF9B63}.Release|Any CPU.Build.0 = Release|Any CPU
		{07E2B5C2-65D9-4035-8728-7BF227D85338}.Debug|Any CPU.ActiveCfg = Debug|Any CPU
		{07E2B5C2-65D9-4035-8728-7BF227D85338}.Debug|Any CPU.Build.0 = Debug|Any CPU
		{07E2B5C2-65D9-4035-8728-7BF227D85338}.FullDebug|Any CPU.ActiveCfg = Debug|Any CPU
		{07E2B5C2-65D9-4035-8728-7BF227D85338}.FullDebug|Any CPU.Build.0 = Debug|Any CPU
		{07E2B5C2-65D9-4035-8728-7BF227D85338}.Release|Any CPU.ActiveCfg = Release|Any CPU
		{07E2B5C2-65D9-4035-8728-7BF227D85338}.Release|Any CPU.Build.0 = Release|Any CPU
		{2B192B2A-B8F9-431C-AF02-A2A35C60E44E}.Debug|Any CPU.ActiveCfg = Debug|Any CPU
		{2B192B2A-B8F9-431C-AF02-A2A35C60E44E}.Debug|Any CPU.Build.0 = Debug|Any CPU
		{2B192B2A-B8F9-431C-AF02-A2A35C60E44E}.FullDebug|Any CPU.ActiveCfg = Debug|Any CPU
		{2B192B2A-B8F9-431C-AF02-A2A35C60E44E}.FullDebug|Any CPU.Build.0 = Debug|Any CPU
		{2B192B2A-B8F9-431C-AF02-A2A35C60E44E}.Release|Any CPU.ActiveCfg = Release|Any CPU
		{2B192B2A-B8F9-431C-AF02-A2A35C60E44E}.Release|Any CPU.Build.0 = Release|Any CPU
		{12BB22FD-E576-44A9-AE74-A5A673715870}.Debug|Any CPU.ActiveCfg = Debug|Any CPU
		{12BB22FD-E576-44A9-AE74-A5A673715870}.Debug|Any CPU.Build.0 = Debug|Any CPU
		{12BB22FD-E576-44A9-AE74-A5A673715870}.FullDebug|Any CPU.ActiveCfg = Debug|Any CPU
		{12BB22FD-E576-44A9-AE74-A5A673715870}.Release|Any CPU.ActiveCfg = Release|Any CPU
		{12BB22FD-E576-44A9-AE74-A5A673715870}.Release|Any CPU.Build.0 = Release|Any CPU
		{9B3D8C9B-BCAA-4148-8E7F-55E4A14C29DB}.Debug|Any CPU.ActiveCfg = Debug|Any CPU
		{9B3D8C9B-BCAA-4148-8E7F-55E4A14C29DB}.Debug|Any CPU.Build.0 = Debug|Any CPU
		{9B3D8C9B-BCAA-4148-8E7F-55E4A14C29DB}.FullDebug|Any CPU.ActiveCfg = Debug|Any CPU
		{9B3D8C9B-BCAA-4148-8E7F-55E4A14C29DB}.FullDebug|Any CPU.Build.0 = Debug|Any CPU
		{9B3D8C9B-BCAA-4148-8E7F-55E4A14C29DB}.Release|Any CPU.ActiveCfg = Release|Any CPU
		{9B3D8C9B-BCAA-4148-8E7F-55E4A14C29DB}.Release|Any CPU.Build.0 = Release|Any CPU
		{8D31A72A-FCC4-4017-9AD6-B68019815A03}.Debug|Any CPU.ActiveCfg = Debug|Any CPU
		{8D31A72A-FCC4-4017-9AD6-B68019815A03}.Debug|Any CPU.Build.0 = Debug|Any CPU
		{8D31A72A-FCC4-4017-9AD6-B68019815A03}.FullDebug|Any CPU.ActiveCfg = Debug|Any CPU
		{8D31A72A-FCC4-4017-9AD6-B68019815A03}.FullDebug|Any CPU.Build.0 = Debug|Any CPU
		{8D31A72A-FCC4-4017-9AD6-B68019815A03}.Release|Any CPU.ActiveCfg = Release|Any CPU
		{8D31A72A-FCC4-4017-9AD6-B68019815A03}.Release|Any CPU.Build.0 = Release|Any CPU
		{5396025B-4EDF-4D9D-BDE6-1E4D4747B3FD}.Debug|Any CPU.ActiveCfg = Debug|Any CPU
		{5396025B-4EDF-4D9D-BDE6-1E4D4747B3FD}.Debug|Any CPU.Build.0 = Debug|Any CPU
		{5396025B-4EDF-4D9D-BDE6-1E4D4747B3FD}.FullDebug|Any CPU.ActiveCfg = Debug|Any CPU
		{5396025B-4EDF-4D9D-BDE6-1E4D4747B3FD}.FullDebug|Any CPU.Build.0 = Debug|Any CPU
		{5396025B-4EDF-4D9D-BDE6-1E4D4747B3FD}.Release|Any CPU.ActiveCfg = Release|Any CPU
		{5396025B-4EDF-4D9D-BDE6-1E4D4747B3FD}.Release|Any CPU.Build.0 = Release|Any CPU
		{EF8C2BD9-4C91-45BC-9B07-AFD199418170}.Debug|Any CPU.ActiveCfg = Debug|Any CPU
		{EF8C2BD9-4C91-45BC-9B07-AFD199418170}.Debug|Any CPU.Build.0 = Debug|Any CPU
		{EF8C2BD9-4C91-45BC-9B07-AFD199418170}.FullDebug|Any CPU.ActiveCfg = Debug|Any CPU
		{EF8C2BD9-4C91-45BC-9B07-AFD199418170}.FullDebug|Any CPU.Build.0 = Debug|Any CPU
		{EF8C2BD9-4C91-45BC-9B07-AFD199418170}.Release|Any CPU.ActiveCfg = Release|Any CPU
		{EF8C2BD9-4C91-45BC-9B07-AFD199418170}.Release|Any CPU.Build.0 = Release|Any CPU
		{270F53BE-283A-4CC4-88AC-99B773E4464B}.Debug|Any CPU.ActiveCfg = Debug|Any CPU
		{270F53BE-283A-4CC4-88AC-99B773E4464B}.Debug|Any CPU.Build.0 = Debug|Any CPU
		{270F53BE-283A-4CC4-88AC-99B773E4464B}.FullDebug|Any CPU.ActiveCfg = Debug|Any CPU
		{270F53BE-283A-4CC4-88AC-99B773E4464B}.FullDebug|Any CPU.Build.0 = Debug|Any CPU
		{270F53BE-283A-4CC4-88AC-99B773E4464B}.Release|Any CPU.ActiveCfg = Release|Any CPU
		{270F53BE-283A-4CC4-88AC-99B773E4464B}.Release|Any CPU.Build.0 = Release|Any CPU
		{22A09BA6-044D-4DEA-8354-0279E6021851}.Debug|Any CPU.ActiveCfg = Debug|Any CPU
		{22A09BA6-044D-4DEA-8354-0279E6021851}.Debug|Any CPU.Build.0 = Debug|Any CPU
		{22A09BA6-044D-4DEA-8354-0279E6021851}.FullDebug|Any CPU.ActiveCfg = FullDebug|Any CPU
		{22A09BA6-044D-4DEA-8354-0279E6021851}.FullDebug|Any CPU.Build.0 = FullDebug|Any CPU
		{22A09BA6-044D-4DEA-8354-0279E6021851}.Release|Any CPU.ActiveCfg = Release|Any CPU
		{22A09BA6-044D-4DEA-8354-0279E6021851}.Release|Any CPU.Build.0 = Release|Any CPU
		{B961C0E3-FA7E-4922-8737-C337DFE7B2B0}.Debug|Any CPU.ActiveCfg = Debug|Any CPU
		{B961C0E3-FA7E-4922-8737-C337DFE7B2B0}.Debug|Any CPU.Build.0 = Debug|Any CPU
		{B961C0E3-FA7E-4922-8737-C337DFE7B2B0}.FullDebug|Any CPU.ActiveCfg = FullDebug|Any CPU
		{B961C0E3-FA7E-4922-8737-C337DFE7B2B0}.FullDebug|Any CPU.Build.0 = FullDebug|Any CPU
		{B961C0E3-FA7E-4922-8737-C337DFE7B2B0}.Release|Any CPU.ActiveCfg = Release|Any CPU
		{B961C0E3-FA7E-4922-8737-C337DFE7B2B0}.Release|Any CPU.Build.0 = Release|Any CPU
		{453844EE-715E-45EB-B96F-B7A328899D2C}.Debug|Any CPU.ActiveCfg = Debug|Any CPU
		{453844EE-715E-45EB-B96F-B7A328899D2C}.Debug|Any CPU.Build.0 = Debug|Any CPU
		{453844EE-715E-45EB-B96F-B7A328899D2C}.FullDebug|Any CPU.ActiveCfg = FullDebug|Any CPU
		{453844EE-715E-45EB-B96F-B7A328899D2C}.FullDebug|Any CPU.Build.0 = FullDebug|Any CPU
		{453844EE-715E-45EB-B96F-B7A328899D2C}.Release|Any CPU.ActiveCfg = Release|Any CPU
		{453844EE-715E-45EB-B96F-B7A328899D2C}.Release|Any CPU.Build.0 = Release|Any CPU
		{FA5A3675-A2EA-489B-AEF3-290FE6DED4DA}.Debug|Any CPU.ActiveCfg = Debug|Any CPU
		{FA5A3675-A2EA-489B-AEF3-290FE6DED4DA}.Debug|Any CPU.Build.0 = Debug|Any CPU
		{FA5A3675-A2EA-489B-AEF3-290FE6DED4DA}.FullDebug|Any CPU.ActiveCfg = FullDebug|Any CPU
		{FA5A3675-A2EA-489B-AEF3-290FE6DED4DA}.FullDebug|Any CPU.Build.0 = FullDebug|Any CPU
		{FA5A3675-A2EA-489B-AEF3-290FE6DED4DA}.Release|Any CPU.ActiveCfg = Release|Any CPU
		{FA5A3675-A2EA-489B-AEF3-290FE6DED4DA}.Release|Any CPU.Build.0 = Release|Any CPU
		{B7D2DF5D-963F-47E9-8B3F-82EC4C35173A}.Debug|Any CPU.ActiveCfg = Debug|Any CPU
		{B7D2DF5D-963F-47E9-8B3F-82EC4C35173A}.Debug|Any CPU.Build.0 = Debug|Any CPU
		{B7D2DF5D-963F-47E9-8B3F-82EC4C35173A}.FullDebug|Any CPU.ActiveCfg = FullDebug|Any CPU
		{B7D2DF5D-963F-47E9-8B3F-82EC4C35173A}.FullDebug|Any CPU.Build.0 = FullDebug|Any CPU
		{B7D2DF5D-963F-47E9-8B3F-82EC4C35173A}.Release|Any CPU.ActiveCfg = Release|Any CPU
		{B7D2DF5D-963F-47E9-8B3F-82EC4C35173A}.Release|Any CPU.Build.0 = Release|Any CPU
		{F670EEFC-7F1E-48CC-BCE4-AB4F91BC8B5E}.Debug|Any CPU.ActiveCfg = Debug|Any CPU
		{F670EEFC-7F1E-48CC-BCE4-AB4F91BC8B5E}.Debug|Any CPU.Build.0 = Debug|Any CPU
		{F670EEFC-7F1E-48CC-BCE4-AB4F91BC8B5E}.FullDebug|Any CPU.ActiveCfg = FullDebug|Any CPU
		{F670EEFC-7F1E-48CC-BCE4-AB4F91BC8B5E}.FullDebug|Any CPU.Build.0 = FullDebug|Any CPU
		{F670EEFC-7F1E-48CC-BCE4-AB4F91BC8B5E}.Release|Any CPU.ActiveCfg = Release|Any CPU
		{F670EEFC-7F1E-48CC-BCE4-AB4F91BC8B5E}.Release|Any CPU.Build.0 = Release|Any CPU
		{81D79718-914A-4586-9AB1-1A8B295B2517}.Debug|Any CPU.ActiveCfg = Debug|Any CPU
		{81D79718-914A-4586-9AB1-1A8B295B2517}.Debug|Any CPU.Build.0 = Debug|Any CPU
		{81D79718-914A-4586-9AB1-1A8B295B2517}.FullDebug|Any CPU.ActiveCfg = FullDebug|Any CPU
		{81D79718-914A-4586-9AB1-1A8B295B2517}.FullDebug|Any CPU.Build.0 = FullDebug|Any CPU
		{81D79718-914A-4586-9AB1-1A8B295B2517}.Release|Any CPU.ActiveCfg = Release|Any CPU
		{81D79718-914A-4586-9AB1-1A8B295B2517}.Release|Any CPU.Build.0 = Release|Any CPU
		{4BC97359-D570-4BB6-A837-FB8E082E149E}.Debug|Any CPU.ActiveCfg = Debug|Any CPU
		{4BC97359-D570-4BB6-A837-FB8E082E149E}.Debug|Any CPU.Build.0 = Debug|Any CPU
		{4BC97359-D570-4BB6-A837-FB8E082E149E}.FullDebug|Any CPU.ActiveCfg = FullDebug|Any CPU
		{4BC97359-D570-4BB6-A837-FB8E082E149E}.FullDebug|Any CPU.Build.0 = FullDebug|Any CPU
		{4BC97359-D570-4BB6-A837-FB8E082E149E}.Release|Any CPU.ActiveCfg = Release|Any CPU
		{4BC97359-D570-4BB6-A837-FB8E082E149E}.Release|Any CPU.Build.0 = Release|Any CPU
	EndGlobalSection
	GlobalSection(SolutionProperties) = preSolution
		HideSolutionNode = FALSE
	EndGlobalSection
	GlobalSection(NestedProjects) = preSolution
		{D1C18405-7558-4AA6-BB76-D590900D5F70} = {B2DA3E3F-AD3D-4053-A4BE-CE4F0F094B40}
		{60D509B6-A0D9-4D33-B105-D43CE6F50123} = {B2DA3E3F-AD3D-4053-A4BE-CE4F0F094B40}
		{41A07FC1-68A1-47E9-A668-ACD592FF9B63} = {B2DA3E3F-AD3D-4053-A4BE-CE4F0F094B40}
		{07E2B5C2-65D9-4035-8728-7BF227D85338} = {B2DA3E3F-AD3D-4053-A4BE-CE4F0F094B40}
		{2B192B2A-B8F9-431C-AF02-A2A35C60E44E} = {B2DA3E3F-AD3D-4053-A4BE-CE4F0F094B40}
		{12BB22FD-E576-44A9-AE74-A5A673715870} = {7D787B73-D44A-4B65-B83F-4AF4A752F26C}
		{9B3D8C9B-BCAA-4148-8E7F-55E4A14C29DB} = {B2DA3E3F-AD3D-4053-A4BE-CE4F0F094B40}
		{8D31A72A-FCC4-4017-9AD6-B68019815A03} = {B2DA3E3F-AD3D-4053-A4BE-CE4F0F094B40}
		{5396025B-4EDF-4D9D-BDE6-1E4D4747B3FD} = {B2DA3E3F-AD3D-4053-A4BE-CE4F0F094B40}
		{EF8C2BD9-4C91-45BC-9B07-AFD199418170} = {B2DA3E3F-AD3D-4053-A4BE-CE4F0F094B40}
		{270F53BE-283A-4CC4-88AC-99B773E4464B} = {B2DA3E3F-AD3D-4053-A4BE-CE4F0F094B40}
		{22A09BA6-044D-4DEA-8354-0279E6021851} = {B2DA3E3F-AD3D-4053-A4BE-CE4F0F094B40}
		{B961C0E3-FA7E-4922-8737-C337DFE7B2B0} = {B2DA3E3F-AD3D-4053-A4BE-CE4F0F094B40}
		{453844EE-715E-45EB-B96F-B7A328899D2C} = {B2DA3E3F-AD3D-4053-A4BE-CE4F0F094B40}
		{FA5A3675-A2EA-489B-AEF3-290FE6DED4DA} = {B2DA3E3F-AD3D-4053-A4BE-CE4F0F094B40}
		{B7D2DF5D-963F-47E9-8B3F-82EC4C35173A} = {B2DA3E3F-AD3D-4053-A4BE-CE4F0F094B40}
		{F670EEFC-7F1E-48CC-BCE4-AB4F91BC8B5E} = {B2DA3E3F-AD3D-4053-A4BE-CE4F0F094B40}
		{81D79718-914A-4586-9AB1-1A8B295B2517} = {B2DA3E3F-AD3D-4053-A4BE-CE4F0F094B40}
		{4BC97359-D570-4BB6-A837-FB8E082E149E} = {B2DA3E3F-AD3D-4053-A4BE-CE4F0F094B40}
	EndGlobalSection
	GlobalSection(ExtensibilityGlobals) = postSolution
		SolutionGuid = {94A73CD1-7AAD-482E-9889-488F8195532A}
	EndGlobalSection
EndGlobal
